{
  "version": 4,
  "terraform_version": "1.5.3",
  "serial": 692,
  "lineage": "2f3c8b83-eafc-13a8-1c45-c33dd51ab717",
  "outputs": {
    "load_balancer_dns_name": {
      "value": "stack-lb-terraform-2045866540.us-east-1.elb.amazonaws.com",
      "type": "string"
    },
    "rds_endpoint": {
      "value": "restored-db-clixx.cdctvskkaib7.us-east-1.rds.amazonaws.com",
      "type": "string"
    }
  },
  "resources": [
    {
      "mode": "data",
      "type": "aws_ami",
      "name": "stack_ami",
      "provider": "provider[\"registry.terraform.io/hashicorp/aws\"]",
      "instances": [
        {
          "schema_version": 0,
          "attributes": {
            "architecture": "x86_64",
            "arn": "arn:aws:ec2:us-east-1::image/ami-09fa71c556874b946",
            "block_device_mappings": [
              {
                "device_name": "/dev/xvda",
                "ebs": {
                  "delete_on_termination": "true",
                  "encrypted": "false",
                  "iops": "0",
                  "snapshot_id": "snap-0b4d2a62a4545f4e0",
                  "throughput": "0",
                  "volume_size": "8",
                  "volume_type": "gp2"
                },
                "no_device": "",
                "virtual_name": ""
              }
            ],
            "boot_mode": "",
            "creation_date": "2024-04-03T11:14:54.000Z",
            "deprecation_time": "",
            "description": "",
            "ena_support": true,
            "executable_users": null,
            "filter": [
              {
                "name": "name",
                "values": [
                  "ami-stack-tja"
                ]
              }
            ],
            "hypervisor": "xen",
            "id": "ami-09fa71c556874b946",
            "image_id": "ami-09fa71c556874b946",
            "image_location": "721636561061/ami-stack-tja",
            "image_owner_alias": "",
            "image_type": "machine",
            "imds_support": "",
            "include_deprecated": false,
            "kernel_id": "",
            "most_recent": true,
            "name": "ami-stack-tja",
            "name_regex": null,
            "owner_id": "721636561061",
            "owners": [
              "self"
            ],
            "platform": "",
            "platform_details": "Linux/UNIX",
            "product_codes": [],
            "public": false,
            "ramdisk_id": "",
            "root_device_name": "/dev/xvda",
            "root_device_type": "ebs",
            "root_snapshot_id": "snap-0b4d2a62a4545f4e0",
            "sriov_net_support": "simple",
            "state": "available",
            "state_reason": {
              "code": "UNSET",
              "message": "UNSET"
            },
            "tags": {
              "Name": "ServerImage"
            },
            "timeouts": null,
            "tpm_support": "",
            "usage_operation": "RunInstances",
            "virtualization_type": "hvm"
          },
          "sensitive_attributes": []
        }
      ]
    },
    {
      "mode": "data",
      "type": "aws_subnets",
      "name": "selected",
      "provider": "provider[\"registry.terraform.io/hashicorp/aws\"]",
      "instances": [
        {
          "schema_version": 0,
          "attributes": {
            "filter": [
              {
                "name": "vpc-id",
                "values": [
                  "vpc-090100b2d116aa7ce"
                ]
              }
            ],
            "id": "us-east-1",
            "ids": [
              "subnet-0580b95333d44c7f1",
              "subnet-008b14bb83060415e",
              "subnet-0d5cc12847d0e2b85",
              "subnet-0e045efcd6dfd36b3",
              "subnet-0916718ca1e1b3638",
              "subnet-073d6ae5a8faec92f"
            ],
            "tags": null,
            "timeouts": null
          },
          "sensitive_attributes": []
        }
      ]
    },
    {
      "mode": "data",
      "type": "template_file",
      "name": "bootstrap",
      "provider": "provider[\"registry.terraform.io/hashicorp/template\"]",
      "instances": [
        {
          "schema_version": 0,
          "attributes": {
            "filename": null,
            "id": "3c51100c4fc7fa46fa9f9d2339b732fc777eb479c841888c9d933d548d154a30",
            "rendered": "#!/bin/bash\nsudo su -\nyum update -y\nyum install git -y\namazon-linux-extras install -y lamp-mariadb10.2-php7.2 php7.2\nyum install -y httpd mariadb-server\nyum install -y nfs-utils\nsystemctl start httpd\nsystemctl enable httpd\nsystemctl is-enabled httpd\n\n\n#EFS MOUNT\nmkdir -p /var/www/html\nchown ec2-user:ec2-user /var/www/html\nsudo echo fs-022194644ffc95bf7.efs.us-east-1.amazonaws.com:/ /var/www/html nfs4 nfsvers=4.1,rsize=1048576,wsize=1048576,hard,timeo=600,retrans=2,_netdev 0 0 \u003e\u003e /etc/fstab\nmount -a -t nfs4\n\n\n#EBS VOLUMES\nEBS_DEVICES=\"/dev/sdb /dev/sdc /dev/sdd /dev/sde /dev/sdg\"\n\n#Partitioning Disks\nfor device in ${EBS_DEVICES}; do\n    echo \"Partitioning ${device}...\"\n    echo -e \"\\np\\nn\\np\\n1\\n2048\\n16777215\\np\\nw\" | fdisk ${device}\n\n    #checking if newly partitioned disk exists before creating physical volume\n    if lsblk ${device}1; then\n        pvcreate ${device}1\n    else\n        echo \"Partition ${device}1 does not exist. Retrying...\"\n        sleep 5\n    fi\ndone\necho \"Disk Partitioning Complete!\"\n\n\n#creating volume group with Newly partitioned volumes\npv_part_string=\"/dev/sdb1 /dev/sdc1 /dev/sdd1 /dev/sde1 /dev/sdg1\"\n\nvgcreate stack_vg ${pv_part_string}\necho \"Volume group successfully created!\"\n\n#viewing newly created volume group\nvgs\n\n#Creating logical volumes\nlv_names=\"u01 u02 u03 u04 backup\"\n\nfor name in ${lv_names}; do\n\n    echo \"Creating Logical volume Lv_${name}!\"\n\n    lvcreate -L 5G -n Lv_${name} stack_vg\ndone\n\necho \"Logical volumes successfully created!\"\n\n#formatting Logical volume\nvolumes=\"Lv_u01 Lv_u02 Lv_u03 Lv_u04 Lv_backup\"\nfor disk in ${volumes}; do\n    echo \"Formatting /dev/stack_vg/${disk} with ext4\" \n    mkfs.ext4 \"/dev/stack_vg/${disk}\"\n    echo \"${disk} Successfully formatted\"\ndone\n\necho \"Logical volume formatting successfully completed!\"\n\n# Convert space-separated strings to arrays\nvolume=(\"Lv_u01\" \"Lv_u02\" \"Lv_u03\" \"Lv_u04\" \"Lv_backup\")\nmount=(\"/u01\" \"/u02\" \"/u03\" \"/u04\" \"/backup\")\n\n# Ensure both arrays have the same length\nif [ ${#volume[@]} -ne ${#mount[@]} ]; then\n    echo \"Volumes and mounts count do not match.\"\n    exit 1\nfi\n\n# Iterate over arrays by index\nfor i in \"${!volume[@]}\"; do\n    disk=${volume[${i}]}\n    mount_p=${mount[${i}]}\n    \n    # Create the mount point\n    mkdir -p \"${mount_p}\"\n    \n    # Mount the logical volume to the mount point\n    echo \"Mounting /dev/stack_vg/${disk} to ${mount_p}\"\n    mount \"/dev/stack_vg/${disk}\" \"${mount_p}\"\n\n    # Make the mount persistent across boots by adding it to /etc/fstab\n    echo \"/dev/stack_vg/${disk} ${mount_p} ext4 defaults 0 2\" \u003e\u003e /etc/fstab\ndone\n\n\necho \"Mount points created and Disks successfully mounted!\"\n\n#CLIXX\nusermod -a -G apache ec2-user\nchown -R ec2-user:apache /var/www\nchmod 2775 /var/www \u0026\u0026 find /var/www -type d -exec sudo chmod 2775 {} \\;\nfind /var/www -type f -exec sudo chmod 0664 {} \\;\ncd /var/www/html\nsudo chmod -R 755 /var/www/html\nif [ -d \"CliXX_Retail_Repository\" ]; then\n    echo \"CliXX_Retail_Repository exists, skipping copy and clone commands.\" \nelse\n    git clone https://github.com/stackitgit/CliXX_Retail_Repository.git\n    cp -r CliXX_Retail_Repository/* /var/www/html\nfi\n\n\n\n#variable declaration \nWP_CONFIG=/var/www/html/wp-config.php\n\n#Replacing DB Hostname in wp-config.php file to Correct \nsed -i \"s/'wordpress-db.cc5iigzknvxd.us-east-1.rds.amazonaws.com'/'restored-db-clixx.cdctvskkaib7.us-east-1.rds.amazonaws.com'/g\" $WP_CONFIG\n#sed -i \"s/'restored-db-clixx.cdctvskkaib7.us-east-1.rds.amazonaws.com'/'restored-db-clixx.cdctvskkaib7.us-east-1.rds.amazonaws.com'/g\" $WP_CONFIG\n\n\n##Grant file ownership of /var/www \u0026 its contents to apache user\nchown -R apache /var/www\n##Grant group ownership of /var/www \u0026 contents to apache group\nchgrp -R apache /var/www\n\n##Change directory permissions of /var/www \u0026 its subdir to add group write\nchmod 2775 /var/www\nfind /var/www -type d -exec sudo chmod 2775 {} \\;\n\n##Recursively change file permission of /var/www \u0026 subdir to add group write perm\nfind /var/www -type f -exec sudo chmod 0664 {} \\;\n\n\n##Restart Apache\nsystemctl restart httpd\n\n\n##Enable httpd\n/sbin/sysctl -w net.ipv4.tcp_keepalive_time=200 net.ipv4.tcp_keepalive_intvl=200 net.ipv4.tcp_keepalive_probes=5\n\n\n##Update domain name via option_name\nmysql -h \"restored-db-clixx.cdctvskkaib7.us-east-1.rds.amazonaws.com\" -u \"wordpressuser\" -p\"W3lcome123\" \"wordpressdb\" \u003c\u003cEOF\nUPDATE wp_options SET option_value = 'stack-lb-terraform-2045866540.us-east-1.elb.amazonaws.com' WHERE option_name = 'siteurl';\nEOF\n",
            "template": "#!/bin/bash\nsudo su -\nyum update -y\nyum install git -y\namazon-linux-extras install -y lamp-mariadb10.2-php7.2 php7.2\nyum install -y httpd mariadb-server\nyum install -y nfs-utils\nsystemctl start httpd\nsystemctl enable httpd\nsystemctl is-enabled httpd\n\n\n#EFS MOUNT\nmkdir -p ${MOUNT_POINT}\nchown ec2-user:ec2-user ${MOUNT_POINT}\nsudo echo ${EFS_DNS}:/ ${MOUNT_POINT} nfs4 nfsvers=4.1,rsize=1048576,wsize=1048576,hard,timeo=600,retrans=2,_netdev 0 0 \u003e\u003e /etc/fstab\nmount -a -t nfs4\n\n\n#EBS VOLUMES\nEBS_DEVICES=\"/dev/sdb /dev/sdc /dev/sdd /dev/sde /dev/sdg\"\n\n#Partitioning Disks\nfor device in $${EBS_DEVICES}; do\n    echo \"Partitioning $${device}...\"\n    echo -e \"\\np\\nn\\np\\n1\\n2048\\n16777215\\np\\nw\" | fdisk $${device}\n\n    #checking if newly partitioned disk exists before creating physical volume\n    if lsblk $${device}1; then\n        pvcreate $${device}1\n    else\n        echo \"Partition $${device}1 does not exist. Retrying...\"\n        sleep 5\n    fi\ndone\necho \"Disk Partitioning Complete!\"\n\n\n#creating volume group with Newly partitioned volumes\npv_part_string=\"/dev/sdb1 /dev/sdc1 /dev/sdd1 /dev/sde1 /dev/sdg1\"\n\nvgcreate stack_vg $${pv_part_string}\necho \"Volume group successfully created!\"\n\n#viewing newly created volume group\nvgs\n\n#Creating logical volumes\nlv_names=\"u01 u02 u03 u04 backup\"\n\nfor name in $${lv_names}; do\n\n    echo \"Creating Logical volume Lv_$${name}!\"\n\n    lvcreate -L 5G -n Lv_$${name} stack_vg\ndone\n\necho \"Logical volumes successfully created!\"\n\n#formatting Logical volume\nvolumes=\"Lv_u01 Lv_u02 Lv_u03 Lv_u04 Lv_backup\"\nfor disk in $${volumes}; do\n    echo \"Formatting /dev/stack_vg/$${disk} with ext4\" \n    mkfs.ext4 \"/dev/stack_vg/$${disk}\"\n    echo \"$${disk} Successfully formatted\"\ndone\n\necho \"Logical volume formatting successfully completed!\"\n\n# Convert space-separated strings to arrays\nvolume=(\"Lv_u01\" \"Lv_u02\" \"Lv_u03\" \"Lv_u04\" \"Lv_backup\")\nmount=(\"/u01\" \"/u02\" \"/u03\" \"/u04\" \"/backup\")\n\n# Ensure both arrays have the same length\nif [ $${#volume[@]} -ne $${#mount[@]} ]; then\n    echo \"Volumes and mounts count do not match.\"\n    exit 1\nfi\n\n# Iterate over arrays by index\nfor i in \"$${!volume[@]}\"; do\n    disk=$${volume[$${i}]}\n    mount_p=$${mount[$${i}]}\n    \n    # Create the mount point\n    mkdir -p \"$${mount_p}\"\n    \n    # Mount the logical volume to the mount point\n    echo \"Mounting /dev/stack_vg/$${disk} to $${mount_p}\"\n    mount \"/dev/stack_vg/$${disk}\" \"$${mount_p}\"\n\n    # Make the mount persistent across boots by adding it to /etc/fstab\n    echo \"/dev/stack_vg/$${disk} $${mount_p} ext4 defaults 0 2\" \u003e\u003e /etc/fstab\ndone\n\n\necho \"Mount points created and Disks successfully mounted!\"\n\n#CLIXX\nusermod -a -G apache ec2-user\nchown -R ec2-user:apache /var/www\nchmod 2775 /var/www \u0026\u0026 find /var/www -type d -exec sudo chmod 2775 {} \\;\nfind /var/www -type f -exec sudo chmod 0664 {} \\;\ncd ${MOUNT_POINT}\nsudo chmod -R 755 ${MOUNT_POINT}\nif [ -d \"CliXX_Retail_Repository\" ]; then\n    echo \"CliXX_Retail_Repository exists, skipping copy and clone commands.\" \nelse\n    git clone ${GIT_REPO}\n    cp -r CliXX_Retail_Repository/* ${MOUNT_POINT}\nfi\n\n\n\n#variable declaration \nWP_CONFIG=${MOUNT_POINT}/wp-config.php\n\n#Replacing DB Hostname in wp-config.php file to Correct \nsed -i \"s/'wordpress-db.cc5iigzknvxd.us-east-1.rds.amazonaws.com'/'${DB_HOST}'/g\" $WP_CONFIG\n#sed -i \"s/'restored-db-clixx.cdctvskkaib7.us-east-1.rds.amazonaws.com'/'${DB_HOST}'/g\" $WP_CONFIG\n\n\n##Grant file ownership of /var/www \u0026 its contents to apache user\nchown -R apache /var/www\n##Grant group ownership of /var/www \u0026 contents to apache group\nchgrp -R apache /var/www\n\n##Change directory permissions of /var/www \u0026 its subdir to add group write\nchmod 2775 /var/www\nfind /var/www -type d -exec sudo chmod 2775 {} \\;\n\n##Recursively change file permission of /var/www \u0026 subdir to add group write perm\nfind /var/www -type f -exec sudo chmod 0664 {} \\;\n\n\n##Restart Apache\nsystemctl restart httpd\n\n\n##Enable httpd\n/sbin/sysctl -w net.ipv4.tcp_keepalive_time=200 net.ipv4.tcp_keepalive_intvl=200 net.ipv4.tcp_keepalive_probes=5\n\n\n##Update domain name via option_name\nmysql -h \"${DB_HOST}\" -u \"${DB_USER_CLIXX}\" -p\"${DB_PASS_CLIXX}\" \"${DB_NAME_CLIXX}\" \u003c\u003cEOF\nUPDATE wp_options SET option_value = '${CLIXX_LB}' WHERE option_name = 'siteurl';\nEOF\n",
            "vars": {
              "CLIXX_LB": "stack-lb-terraform-2045866540.us-east-1.elb.amazonaws.com",
              "DB_HOST": "restored-db-clixx.cdctvskkaib7.us-east-1.rds.amazonaws.com",
              "DB_NAME_CLIXX": "wordpressdb",
              "DB_PASS_CLIXX": "W3lcome123",
              "DB_USER_CLIXX": "wordpressuser",
              "EFS_DNS": "fs-022194644ffc95bf7.efs.us-east-1.amazonaws.com",
              "GIT_REPO": "https://github.com/stackitgit/CliXX_Retail_Repository.git",
              "MOUNT_POINT": "/var/www/html"
            }
          },
          "sensitive_attributes": []
        }
      ]
    },
    {
      "mode": "managed",
      "type": "aws_autoscaling_group",
      "name": "terraform_asg",
      "provider": "provider[\"registry.terraform.io/hashicorp/aws\"]",
      "instances": [
        {
          "schema_version": 1,
          "attributes": {
            "arn": "arn:aws:autoscaling:us-east-1:721636561061:autoScalingGroup:0d3d13fa-8e8a-4d3c-9ea9-20ef265084e3:autoScalingGroupName/clixx-asg-terraform",
            "availability_zones": [
              "us-east-1a",
              "us-east-1b",
              "us-east-1c",
              "us-east-1d",
              "us-east-1e",
              "us-east-1f"
            ],
            "capacity_rebalance": false,
            "context": "",
            "default_cooldown": 300,
            "default_instance_warmup": 0,
            "desired_capacity": 4,
            "desired_capacity_type": "",
            "enabled_metrics": null,
            "force_delete": false,
            "force_delete_warm_pool": false,
            "health_check_grace_period": 300,
            "health_check_type": "EC2",
            "id": "clixx-asg-terraform",
            "ignore_failed_scaling_activities": false,
            "initial_lifecycle_hook": [],
            "instance_maintenance_policy": [],
            "instance_refresh": [],
            "launch_configuration": "",
            "launch_template": [
              {
                "id": "lt-084f2c0636a53909c",
                "name": "clixx-lt-terraform",
                "version": "$Latest"
              }
            ],
            "load_balancers": [],
            "max_instance_lifetime": 0,
            "max_size": 4,
            "metrics_granularity": "1Minute",
            "min_elb_capacity": null,
            "min_size": 2,
            "mixed_instances_policy": [],
            "name": "clixx-asg-terraform",
            "name_prefix": "",
            "placement_group": "",
            "predicted_capacity": 0,
            "protect_from_scale_in": false,
            "service_linked_role_arn": "arn:aws:iam::721636561061:role/aws-service-role/autoscaling.amazonaws.com/AWSServiceRoleForAutoScaling",
            "suspended_processes": null,
            "tag": [
              {
                "key": "Name",
                "propagate_at_launch": true,
                "value": "Stack-Dev-Server-TF"
              }
            ],
            "target_group_arns": [
              "arn:aws:elasticloadbalancing:us-east-1:721636561061:targetgroup/Stack-ClIXX/4cdc638c54f088c0"
            ],
            "termination_policies": null,
            "timeouts": null,
            "traffic_source": [
              {
                "identifier": "arn:aws:elasticloadbalancing:us-east-1:721636561061:targetgroup/Stack-ClIXX/4cdc638c54f088c0",
                "type": "elbv2"
              }
            ],
            "vpc_zone_identifier": [
              "subnet-008b14bb83060415e",
              "subnet-0580b95333d44c7f1",
              "subnet-073d6ae5a8faec92f",
              "subnet-0916718ca1e1b3638",
              "subnet-0d5cc12847d0e2b85",
              "subnet-0e045efcd6dfd36b3"
            ],
            "wait_for_capacity_timeout": "10m",
            "wait_for_elb_capacity": null,
            "warm_pool": [],
            "warm_pool_size": 0
          },
          "sensitive_attributes": [],
          "private": "eyJlMmJmYjczMC1lY2FhLTExZTYtOGY4OC0zNDM2M2JjN2M0YzAiOnsiZGVsZXRlIjo2MDAwMDAwMDAwMDAsInVwZGF0ZSI6NjAwMDAwMDAwMDAwfSwic2NoZW1hX3ZlcnNpb24iOiIxIn0=",
          "dependencies": [
            "aws_db_instance.restored_db",
            "aws_efs_file_system.terraform_efs",
            "aws_efs_mount_target.terraform_efs_mount",
            "aws_key_pair.Stack_KP",
            "aws_launch_template.terraform_lt",
            "aws_lb.stack-lb",
            "aws_lb_target_group.stack-clixx-tg",
            "aws_security_group.stack-sg-main",
            "data.aws_ami.stack_ami",
            "data.aws_subnets.selected",
            "data.template_file.bootstrap"
          ]
        }
      ]
    },
    {
      "mode": "managed",
      "type": "aws_db_instance",
      "name": "restored_db",
      "provider": "provider[\"registry.terraform.io/hashicorp/aws\"]",
      "instances": [
        {
          "schema_version": 2,
          "attributes": {
            "address": "restored-db-clixx.cdctvskkaib7.us-east-1.rds.amazonaws.com",
            "allocated_storage": 100,
            "allow_major_version_upgrade": null,
            "apply_immediately": false,
            "arn": "arn:aws:rds:us-east-1:721636561061:db:restored-db-clixx",
            "auto_minor_version_upgrade": true,
            "availability_zone": "us-east-1d",
            "backup_retention_period": 0,
            "backup_target": "region",
            "backup_window": "08:17-08:47",
            "blue_green_update": [],
            "ca_cert_identifier": "rds-ca-rsa2048-g1",
            "character_set_name": "",
            "copy_tags_to_snapshot": false,
            "custom_iam_instance_profile": "",
            "customer_owned_ip_enabled": false,
            "db_name": "wordpressdb",
            "db_subnet_group_name": "default",
            "delete_automated_backups": true,
            "deletion_protection": false,
            "domain": "",
            "domain_auth_secret_arn": "",
            "domain_dns_ips": null,
            "domain_fqdn": "",
            "domain_iam_role_name": "",
            "domain_ou": "",
            "enabled_cloudwatch_logs_exports": null,
            "endpoint": "restored-db-clixx.cdctvskkaib7.us-east-1.rds.amazonaws.com:3306",
            "engine": "mysql",
            "engine_version": "8.0.33",
            "engine_version_actual": "8.0.33",
            "final_snapshot_identifier": "restored-db-clixx-identifier",
            "hosted_zone_id": "Z2R2ITUGPM61AM",
            "iam_database_authentication_enabled": false,
            "id": "db-XGPT4HKLB5YCZIOCVQAZGVJE4U",
            "identifier": "restored-db-clixx",
            "identifier_prefix": "",
            "instance_class": "db.t2.micro",
            "iops": 0,
            "kms_key_id": "",
            "latest_restorable_time": "",
            "license_model": "general-public-license",
            "listener_endpoint": [],
            "maintenance_window": "sun:06:00-sun:06:30",
            "manage_master_user_password": null,
            "master_user_secret": [],
            "master_user_secret_kms_key_id": null,
            "max_allocated_storage": 0,
            "monitoring_interval": 0,
            "monitoring_role_arn": "",
            "multi_az": false,
            "nchar_character_set_name": "",
            "network_type": "IPV4",
            "option_group_name": "default:mysql-8-0",
            "parameter_group_name": "default.mysql8.0",
            "password": "W3lcome123",
            "performance_insights_enabled": false,
            "performance_insights_kms_key_id": "",
            "performance_insights_retention_period": 0,
            "port": 3306,
            "publicly_accessible": true,
            "replica_mode": "",
            "replicas": [],
            "replicate_source_db": "",
            "resource_id": "db-XGPT4HKLB5YCZIOCVQAZGVJE4U",
            "restore_to_point_in_time": [],
            "s3_import": [],
            "skip_final_snapshot": true,
            "snapshot_identifier": "arn:aws:rds:us-east-1:021011273353:snapshot:wordpressdbclixx-snapshot",
            "status": "available",
            "storage_encrypted": false,
            "storage_throughput": 0,
            "storage_type": "gp2",
            "tags": null,
            "tags_all": {
              "environment": "dev"
            },
            "timeouts": null,
            "timezone": "",
            "username": "wordpressuser",
            "vpc_security_group_ids": [
              "sg-0b29b543a336e0883"
            ]
          },
          "sensitive_attributes": [],
          "private": "eyJlMmJmYjczMC1lY2FhLTExZTYtOGY4OC0zNDM2M2JjN2M0YzAiOnsiY3JlYXRlIjoyNDAwMDAwMDAwMDAwLCJkZWxldGUiOjM2MDAwMDAwMDAwMDAsInVwZGF0ZSI6NDgwMDAwMDAwMDAwMH0sInNjaGVtYV92ZXJzaW9uIjoiMiJ9",
          "dependencies": [
            "aws_security_group.stack-sg-main"
          ]
        }
      ]
    },
    {
      "mode": "managed",
      "type": "aws_efs_file_system",
      "name": "terraform_efs",
      "provider": "provider[\"registry.terraform.io/hashicorp/aws\"]",
      "instances": [
        {
          "schema_version": 0,
          "attributes": {
            "arn": "arn:aws:elasticfilesystem:us-east-1:721636561061:file-system/fs-022194644ffc95bf7",
            "availability_zone_id": "",
            "availability_zone_name": "",
            "creation_token": "terraform-20240403194416033300000001",
            "dns_name": "fs-022194644ffc95bf7.efs.us-east-1.amazonaws.com",
            "encrypted": true,
            "id": "fs-022194644ffc95bf7",
            "kms_key_id": "arn:aws:kms:us-east-1:721636561061:key/e96a15b3-99e8-42a1-af11-05529c7ff39c",
            "lifecycle_policy": [
              {
                "transition_to_archive": "",
                "transition_to_ia": "AFTER_30_DAYS",
                "transition_to_primary_storage_class": ""
              }
            ],
            "name": "terraform_efs",
            "number_of_mount_targets": 0,
            "owner_id": "721636561061",
            "performance_mode": "generalPurpose",
            "protection": [
              {
                "replication_overwrite": "ENABLED"
              }
            ],
            "provisioned_throughput_in_mibps": 0,
            "size_in_bytes": [
              {
                "value": 6144,
                "value_in_ia": 0,
                "value_in_standard": 6144
              }
            ],
            "tags": {
              "Name": "terraform_efs"
            },
            "tags_all": {
              "Name": "terraform_efs",
              "environment": "dev"
            },
            "throughput_mode": "bursting"
          },
          "sensitive_attributes": [],
          "private": "bnVsbA=="
        }
      ]
    },
    {
      "mode": "managed",
      "type": "aws_efs_mount_target",
      "name": "terraform_efs_mount",
      "provider": "provider[\"registry.terraform.io/hashicorp/aws\"]",
      "instances": [
        {
          "index_key": 0,
          "schema_version": 0,
          "attributes": {
            "availability_zone_id": "use1-az5",
            "availability_zone_name": "us-east-1f",
            "dns_name": "fs-022194644ffc95bf7.efs.us-east-1.amazonaws.com",
            "file_system_arn": "arn:aws:elasticfilesystem:us-east-1:721636561061:file-system/fs-022194644ffc95bf7",
            "file_system_id": "fs-022194644ffc95bf7",
            "id": "fsmt-052268df3c8bb64ba",
            "ip_address": "172.31.71.36",
            "mount_target_dns_name": "us-east-1f.fs-022194644ffc95bf7.efs.us-east-1.amazonaws.com",
            "network_interface_id": "eni-00ae5c42e3dfa7704",
            "owner_id": "721636561061",
            "security_groups": [
              "sg-0b29b543a336e0883"
            ],
            "subnet_id": "subnet-008b14bb83060415e",
            "timeouts": null
          },
          "sensitive_attributes": [],
          "private": "eyJlMmJmYjczMC1lY2FhLTExZTYtOGY4OC0zNDM2M2JjN2M0YzAiOnsiY3JlYXRlIjoxODAwMDAwMDAwMDAwLCJkZWxldGUiOjYwMDAwMDAwMDAwMH19",
          "dependencies": [
            "aws_efs_file_system.terraform_efs",
            "aws_security_group.stack-sg-main"
          ]
        },
        {
          "index_key": 1,
          "schema_version": 0,
          "attributes": {
            "availability_zone_id": "use1-az4",
            "availability_zone_name": "us-east-1d",
            "dns_name": "fs-022194644ffc95bf7.efs.us-east-1.amazonaws.com",
            "file_system_arn": "arn:aws:elasticfilesystem:us-east-1:721636561061:file-system/fs-022194644ffc95bf7",
            "file_system_id": "fs-022194644ffc95bf7",
            "id": "fsmt-0b6bf1bb2e3486115",
            "ip_address": "172.31.30.51",
            "mount_target_dns_name": "us-east-1d.fs-022194644ffc95bf7.efs.us-east-1.amazonaws.com",
            "network_interface_id": "eni-04ff059743216cf14",
            "owner_id": "721636561061",
            "security_groups": [
              "sg-0b29b543a336e0883"
            ],
            "subnet_id": "subnet-0580b95333d44c7f1",
            "timeouts": null
          },
          "sensitive_attributes": [],
          "private": "eyJlMmJmYjczMC1lY2FhLTExZTYtOGY4OC0zNDM2M2JjN2M0YzAiOnsiY3JlYXRlIjoxODAwMDAwMDAwMDAwLCJkZWxldGUiOjYwMDAwMDAwMDAwMH19",
          "dependencies": [
            "aws_efs_file_system.terraform_efs",
            "aws_security_group.stack-sg-main"
          ]
        },
        {
          "index_key": 2,
          "schema_version": 0,
          "attributes": {
            "availability_zone_id": "use1-az2",
            "availability_zone_name": "us-east-1c",
            "dns_name": "fs-022194644ffc95bf7.efs.us-east-1.amazonaws.com",
            "file_system_arn": "arn:aws:elasticfilesystem:us-east-1:721636561061:file-system/fs-022194644ffc95bf7",
            "file_system_id": "fs-022194644ffc95bf7",
            "id": "fsmt-0a27cb2b2cb34b7da",
            "ip_address": "172.31.93.2",
            "mount_target_dns_name": "us-east-1c.fs-022194644ffc95bf7.efs.us-east-1.amazonaws.com",
            "network_interface_id": "eni-05a060a3c27ad9d05",
            "owner_id": "721636561061",
            "security_groups": [
              "sg-0b29b543a336e0883"
            ],
            "subnet_id": "subnet-073d6ae5a8faec92f",
            "timeouts": null
          },
          "sensitive_attributes": [],
          "private": "eyJlMmJmYjczMC1lY2FhLTExZTYtOGY4OC0zNDM2M2JjN2M0YzAiOnsiY3JlYXRlIjoxODAwMDAwMDAwMDAwLCJkZWxldGUiOjYwMDAwMDAwMDAwMH19",
          "dependencies": [
            "aws_efs_file_system.terraform_efs",
            "aws_security_group.stack-sg-main"
          ]
        },
        {
          "index_key": 3,
          "schema_version": 0,
          "attributes": {
            "availability_zone_id": "use1-az1",
            "availability_zone_name": "us-east-1b",
            "dns_name": "fs-022194644ffc95bf7.efs.us-east-1.amazonaws.com",
            "file_system_arn": "arn:aws:elasticfilesystem:us-east-1:721636561061:file-system/fs-022194644ffc95bf7",
            "file_system_id": "fs-022194644ffc95bf7",
            "id": "fsmt-0cfbcb8b05d9ccd22",
            "ip_address": "172.31.7.81",
            "mount_target_dns_name": "us-east-1b.fs-022194644ffc95bf7.efs.us-east-1.amazonaws.com",
            "network_interface_id": "eni-0185c5c07532c29ec",
            "owner_id": "721636561061",
            "security_groups": [
              "sg-0b29b543a336e0883"
            ],
            "subnet_id": "subnet-0916718ca1e1b3638",
            "timeouts": null
          },
          "sensitive_attributes": [],
          "private": "eyJlMmJmYjczMC1lY2FhLTExZTYtOGY4OC0zNDM2M2JjN2M0YzAiOnsiY3JlYXRlIjoxODAwMDAwMDAwMDAwLCJkZWxldGUiOjYwMDAwMDAwMDAwMH19",
          "dependencies": [
            "aws_efs_file_system.terraform_efs",
            "aws_security_group.stack-sg-main"
          ]
        },
        {
          "index_key": 4,
          "schema_version": 0,
          "attributes": {
            "availability_zone_id": "use1-az3",
            "availability_zone_name": "us-east-1e",
            "dns_name": "fs-022194644ffc95bf7.efs.us-east-1.amazonaws.com",
            "file_system_arn": "arn:aws:elasticfilesystem:us-east-1:721636561061:file-system/fs-022194644ffc95bf7",
            "file_system_id": "fs-022194644ffc95bf7",
            "id": "fsmt-02891d1db3e4df742",
            "ip_address": "172.31.52.32",
            "mount_target_dns_name": "us-east-1e.fs-022194644ffc95bf7.efs.us-east-1.amazonaws.com",
            "network_interface_id": "eni-0c4af0f4ced471c8d",
            "owner_id": "721636561061",
            "security_groups": [
              "sg-0b29b543a336e0883"
            ],
            "subnet_id": "subnet-0d5cc12847d0e2b85",
            "timeouts": null
          },
          "sensitive_attributes": [],
          "private": "eyJlMmJmYjczMC1lY2FhLTExZTYtOGY4OC0zNDM2M2JjN2M0YzAiOnsiY3JlYXRlIjoxODAwMDAwMDAwMDAwLCJkZWxldGUiOjYwMDAwMDAwMDAwMH19",
          "dependencies": [
            "aws_efs_file_system.terraform_efs",
            "aws_security_group.stack-sg-main"
          ]
        },
        {
          "index_key": 5,
          "schema_version": 0,
          "attributes": {
            "availability_zone_id": "use1-az6",
            "availability_zone_name": "us-east-1a",
            "dns_name": "fs-022194644ffc95bf7.efs.us-east-1.amazonaws.com",
            "file_system_arn": "arn:aws:elasticfilesystem:us-east-1:721636561061:file-system/fs-022194644ffc95bf7",
            "file_system_id": "fs-022194644ffc95bf7",
            "id": "fsmt-0ce1bef9a397cf43f",
            "ip_address": "172.31.33.160",
            "mount_target_dns_name": "us-east-1a.fs-022194644ffc95bf7.efs.us-east-1.amazonaws.com",
            "network_interface_id": "eni-007dcb712603cd373",
            "owner_id": "721636561061",
            "security_groups": [
              "sg-0b29b543a336e0883"
            ],
            "subnet_id": "subnet-0e045efcd6dfd36b3",
            "timeouts": null
          },
          "sensitive_attributes": [],
          "private": "eyJlMmJmYjczMC1lY2FhLTExZTYtOGY4OC0zNDM2M2JjN2M0YzAiOnsiY3JlYXRlIjoxODAwMDAwMDAwMDAwLCJkZWxldGUiOjYwMDAwMDAwMDAwMH19",
          "dependencies": [
            "aws_efs_file_system.terraform_efs",
            "aws_security_group.stack-sg-main"
          ]
        }
      ]
    },
    {
      "mode": "managed",
      "type": "aws_key_pair",
      "name": "Stack_KP",
      "provider": "provider[\"registry.terraform.io/hashicorp/aws\"]",
      "instances": [
        {
          "schema_version": 1,
          "attributes": {
            "arn": "arn:aws:ec2:us-east-1:721636561061:key-pair/stackkp",
            "fingerprint": "f7:bf:96:51:44:2f:fc:0d:8f:20:82:46:e4:c1:8b:a1",
            "id": "stackkp",
            "key_name": "stackkp",
            "key_name_prefix": "",
            "key_pair_id": "key-012540cd01e017ec7",
            "key_type": "rsa",
            "public_key": "ssh-rsa AAAAB3NzaC1yc2EAAAADAQABAAACAQDHO/4xgLjDaG8x7qob+0c57MweKb5AdVnlhTKroo5iV0eQ98An3et0s9OOEWF8i4nwuRSzvdErg8mAfPS+veP+lutGUslpuv1B34WTedgAp4NbgI/gf4WjdNNP/TtQ4S+6z3bzXclY21vBRfKP2koYb1RG2RIEn8KFIDuTCG3yTxrG4j6YEVSLLJG1xkz+JqfKeWvBI4NTyOIJ8p3P12zomXRcnhY1KTipcsvSbVLTLwNoVdUw83uLNA0PjhtEQMc2MupbeYsOeTMlgSDm9qip9v7vKGt5flapRLwOevWLK+TvmOaeaqNqndDhZrbpdqnh2dz/S4BifricctOxBDu3OEnA0AaUtR3ns4UJZ4UewsSZwkPS2+QAg8z15/5yiJ2FCphTY57tlACyCpS/QSwIYpEKfvhEyKISakbYlKOcdpDcCcxDw//6AAF7oPo/ZT1U3LrGbmpPAhyX2BeZiJw+eDx6arMj6h1kQY5XnK3kil24H/SL0jOJuK0JBrD7nQ9SwtE7KoC733oEhqgCBqJQGai0amsj+YR0G6u2zRtj+m+aYEPpTZyXP0br1h2szoejAdjJc1nk1MvPANVh+pNzQrdLm9rz4bxWDXd/Ray9xgOm3/aZm5pK+sfnoHOnIlrL314hjQnoAUSkbafY19flC2CGHMme1LwHYAqeBo3Hvw== teyoj@DESKTOP-L4G9VIR",
            "tags": null,
            "tags_all": {
              "environment": "dev"
            }
          },
          "sensitive_attributes": [],
          "private": "eyJzY2hlbWFfdmVyc2lvbiI6IjEifQ=="
        }
      ]
    },
    {
      "mode": "managed",
      "type": "aws_launch_template",
      "name": "terraform_lt",
      "provider": "provider[\"registry.terraform.io/hashicorp/aws\"]",
      "instances": [
        {
          "schema_version": 0,
          "attributes": {
            "arn": "arn:aws:ec2:us-east-1:721636561061:launch-template/lt-084f2c0636a53909c",
            "block_device_mappings": [
              {
                "device_name": "/dev/sdb",
                "ebs": [
                  {
                    "delete_on_termination": "true",
                    "encrypted": "",
                    "iops": 0,
                    "kms_key_id": "",
                    "snapshot_id": "",
                    "throughput": 0,
                    "volume_size": 8,
                    "volume_type": "gp2"
                  }
                ],
                "no_device": "",
                "virtual_name": ""
              },
              {
                "device_name": "/dev/sdc",
                "ebs": [
                  {
                    "delete_on_termination": "true",
                    "encrypted": "",
                    "iops": 0,
                    "kms_key_id": "",
                    "snapshot_id": "",
                    "throughput": 0,
                    "volume_size": 8,
                    "volume_type": "gp2"
                  }
                ],
                "no_device": "",
                "virtual_name": ""
              },
              {
                "device_name": "/dev/sdd",
                "ebs": [
                  {
                    "delete_on_termination": "true",
                    "encrypted": "",
                    "iops": 0,
                    "kms_key_id": "",
                    "snapshot_id": "",
                    "throughput": 0,
                    "volume_size": 8,
                    "volume_type": "gp2"
                  }
                ],
                "no_device": "",
                "virtual_name": ""
              },
              {
                "device_name": "/dev/sde",
                "ebs": [
                  {
                    "delete_on_termination": "true",
                    "encrypted": "",
                    "iops": 0,
                    "kms_key_id": "",
                    "snapshot_id": "",
                    "throughput": 0,
                    "volume_size": 8,
                    "volume_type": "gp2"
                  }
                ],
                "no_device": "",
                "virtual_name": ""
              },
              {
                "device_name": "/dev/sdg",
                "ebs": [
                  {
                    "delete_on_termination": "true",
                    "encrypted": "",
                    "iops": 0,
                    "kms_key_id": "",
                    "snapshot_id": "",
                    "throughput": 0,
                    "volume_size": 8,
                    "volume_type": "gp2"
                  }
                ],
                "no_device": "",
                "virtual_name": ""
              }
            ],
            "capacity_reservation_specification": [],
            "cpu_options": [],
            "credit_specification": [],
            "default_version": 1,
            "description": "",
            "disable_api_stop": false,
            "disable_api_termination": false,
            "ebs_optimized": "",
            "elastic_gpu_specifications": [],
            "elastic_inference_accelerator": [],
            "enclave_options": [],
            "hibernation_options": [],
            "iam_instance_profile": [],
            "id": "lt-084f2c0636a53909c",
            "image_id": "ami-09fa71c556874b946",
            "instance_initiated_shutdown_behavior": "",
            "instance_market_options": [],
            "instance_requirements": [],
            "instance_type": "t2.micro",
            "kernel_id": "",
            "key_name": "stackkp",
            "latest_version": 1,
            "license_specification": [],
            "maintenance_options": [],
            "metadata_options": [],
            "monitoring": [],
            "name": "clixx-lt-terraform",
            "name_prefix": "",
            "network_interfaces": [],
            "placement": [],
            "private_dns_name_options": [],
            "ram_disk_id": "",
            "security_group_names": null,
            "tag_specifications": [],
            "tags": {
              "Environment": "dev",
              "Name": "Stack-Dev-Template-TF",
              "OwnerEmail": "teyojessam.abam@gmail.com"
            },
            "tags_all": {
              "Environment": "dev",
              "Name": "Stack-Dev-Template-TF",
              "OwnerEmail": "teyojessam.abam@gmail.com",
              "environment": "dev"
            },
            "update_default_version": null,
            "user_data": "IyEvYmluL2Jhc2gKc3VkbyBzdSAtCnl1bSB1cGRhdGUgLXkKeXVtIGluc3RhbGwgZ2l0IC15CmFtYXpvbi1saW51eC1leHRyYXMgaW5zdGFsbCAteSBsYW1wLW1hcmlhZGIxMC4yLXBocDcuMiBwaHA3LjIKeXVtIGluc3RhbGwgLXkgaHR0cGQgbWFyaWFkYi1zZXJ2ZXIKeXVtIGluc3RhbGwgLXkgbmZzLXV0aWxzCnN5c3RlbWN0bCBzdGFydCBodHRwZApzeXN0ZW1jdGwgZW5hYmxlIGh0dHBkCnN5c3RlbWN0bCBpcy1lbmFibGVkIGh0dHBkCgoKI0VGUyBNT1VOVApta2RpciAtcCAvdmFyL3d3dy9odG1sCmNob3duIGVjMi11c2VyOmVjMi11c2VyIC92YXIvd3d3L2h0bWwKc3VkbyBlY2hvIGZzLTAyMjE5NDY0NGZmYzk1YmY3LmVmcy51cy1lYXN0LTEuYW1hem9uYXdzLmNvbTovIC92YXIvd3d3L2h0bWwgbmZzNCBuZnN2ZXJzPTQuMSxyc2l6ZT0xMDQ4NTc2LHdzaXplPTEwNDg1NzYsaGFyZCx0aW1lbz02MDAscmV0cmFucz0yLF9uZXRkZXYgMCAwID4+IC9ldGMvZnN0YWIKbW91bnQgLWEgLXQgbmZzNAoKCiNFQlMgVk9MVU1FUwpFQlNfREVWSUNFUz0iL2Rldi9zZGIgL2Rldi9zZGMgL2Rldi9zZGQgL2Rldi9zZGUgL2Rldi9zZGciCgojUGFydGl0aW9uaW5nIERpc2tzCmZvciBkZXZpY2UgaW4gJHtFQlNfREVWSUNFU307IGRvCiAgICBlY2hvICJQYXJ0aXRpb25pbmcgJHtkZXZpY2V9Li4uIgogICAgZWNobyAtZSAiXG5wXG5uXG5wXG4xXG4yMDQ4XG4xNjc3NzIxNVxucFxudyIgfCBmZGlzayAke2RldmljZX0KCiAgICAjY2hlY2tpbmcgaWYgbmV3bHkgcGFydGl0aW9uZWQgZGlzayBleGlzdHMgYmVmb3JlIGNyZWF0aW5nIHBoeXNpY2FsIHZvbHVtZQogICAgaWYgbHNibGsgJHtkZXZpY2V9MTsgdGhlbgogICAgICAgIHB2Y3JlYXRlICR7ZGV2aWNlfTEKICAgIGVsc2UKICAgICAgICBlY2hvICJQYXJ0aXRpb24gJHtkZXZpY2V9MSBkb2VzIG5vdCBleGlzdC4gUmV0cnlpbmcuLi4iCiAgICAgICAgc2xlZXAgNQogICAgZmkKZG9uZQplY2hvICJEaXNrIFBhcnRpdGlvbmluZyBDb21wbGV0ZSEiCgoKI2NyZWF0aW5nIHZvbHVtZSBncm91cCB3aXRoIE5ld2x5IHBhcnRpdGlvbmVkIHZvbHVtZXMKcHZfcGFydF9zdHJpbmc9Ii9kZXYvc2RiMSAvZGV2L3NkYzEgL2Rldi9zZGQxIC9kZXYvc2RlMSAvZGV2L3NkZzEiCgp2Z2NyZWF0ZSBzdGFja192ZyAke3B2X3BhcnRfc3RyaW5nfQplY2hvICJWb2x1bWUgZ3JvdXAgc3VjY2Vzc2Z1bGx5IGNyZWF0ZWQhIgoKI3ZpZXdpbmcgbmV3bHkgY3JlYXRlZCB2b2x1bWUgZ3JvdXAKdmdzCgojQ3JlYXRpbmcgbG9naWNhbCB2b2x1bWVzCmx2X25hbWVzPSJ1MDEgdTAyIHUwMyB1MDQgYmFja3VwIgoKZm9yIG5hbWUgaW4gJHtsdl9uYW1lc307IGRvCgogICAgZWNobyAiQ3JlYXRpbmcgTG9naWNhbCB2b2x1bWUgTHZfJHtuYW1lfSEiCgogICAgbHZjcmVhdGUgLUwgNUcgLW4gTHZfJHtuYW1lfSBzdGFja192Zwpkb25lCgplY2hvICJMb2dpY2FsIHZvbHVtZXMgc3VjY2Vzc2Z1bGx5IGNyZWF0ZWQhIgoKI2Zvcm1hdHRpbmcgTG9naWNhbCB2b2x1bWUKdm9sdW1lcz0iTHZfdTAxIEx2X3UwMiBMdl91MDMgTHZfdTA0IEx2X2JhY2t1cCIKZm9yIGRpc2sgaW4gJHt2b2x1bWVzfTsgZG8KICAgIGVjaG8gIkZvcm1hdHRpbmcgL2Rldi9zdGFja192Zy8ke2Rpc2t9IHdpdGggZXh0NCIgCiAgICBta2ZzLmV4dDQgIi9kZXYvc3RhY2tfdmcvJHtkaXNrfSIKICAgIGVjaG8gIiR7ZGlza30gU3VjY2Vzc2Z1bGx5IGZvcm1hdHRlZCIKZG9uZQoKZWNobyAiTG9naWNhbCB2b2x1bWUgZm9ybWF0dGluZyBzdWNjZXNzZnVsbHkgY29tcGxldGVkISIKCiMgQ29udmVydCBzcGFjZS1zZXBhcmF0ZWQgc3RyaW5ncyB0byBhcnJheXMKdm9sdW1lPSgiTHZfdTAxIiAiTHZfdTAyIiAiTHZfdTAzIiAiTHZfdTA0IiAiTHZfYmFja3VwIikKbW91bnQ9KCIvdTAxIiAiL3UwMiIgIi91MDMiICIvdTA0IiAiL2JhY2t1cCIpCgojIEVuc3VyZSBib3RoIGFycmF5cyBoYXZlIHRoZSBzYW1lIGxlbmd0aAppZiBbICR7I3ZvbHVtZVtAXX0gLW5lICR7I21vdW50W0BdfSBdOyB0aGVuCiAgICBlY2hvICJWb2x1bWVzIGFuZCBtb3VudHMgY291bnQgZG8gbm90IG1hdGNoLiIKICAgIGV4aXQgMQpmaQoKIyBJdGVyYXRlIG92ZXIgYXJyYXlzIGJ5IGluZGV4CmZvciBpIGluICIkeyF2b2x1bWVbQF19IjsgZG8KICAgIGRpc2s9JHt2b2x1bWVbJHtpfV19CiAgICBtb3VudF9wPSR7bW91bnRbJHtpfV19CiAgICAKICAgICMgQ3JlYXRlIHRoZSBtb3VudCBwb2ludAogICAgbWtkaXIgLXAgIiR7bW91bnRfcH0iCiAgICAKICAgICMgTW91bnQgdGhlIGxvZ2ljYWwgdm9sdW1lIHRvIHRoZSBtb3VudCBwb2ludAogICAgZWNobyAiTW91bnRpbmcgL2Rldi9zdGFja192Zy8ke2Rpc2t9IHRvICR7bW91bnRfcH0iCiAgICBtb3VudCAiL2Rldi9zdGFja192Zy8ke2Rpc2t9IiAiJHttb3VudF9wfSIKCiAgICAjIE1ha2UgdGhlIG1vdW50IHBlcnNpc3RlbnQgYWNyb3NzIGJvb3RzIGJ5IGFkZGluZyBpdCB0byAvZXRjL2ZzdGFiCiAgICBlY2hvICIvZGV2L3N0YWNrX3ZnLyR7ZGlza30gJHttb3VudF9wfSBleHQ0IGRlZmF1bHRzIDAgMiIgPj4gL2V0Yy9mc3RhYgpkb25lCgoKZWNobyAiTW91bnQgcG9pbnRzIGNyZWF0ZWQgYW5kIERpc2tzIHN1Y2Nlc3NmdWxseSBtb3VudGVkISIKCiNDTElYWAp1c2VybW9kIC1hIC1HIGFwYWNoZSBlYzItdXNlcgpjaG93biAtUiBlYzItdXNlcjphcGFjaGUgL3Zhci93d3cKY2htb2QgMjc3NSAvdmFyL3d3dyAmJiBmaW5kIC92YXIvd3d3IC10eXBlIGQgLWV4ZWMgc3VkbyBjaG1vZCAyNzc1IHt9IFw7CmZpbmQgL3Zhci93d3cgLXR5cGUgZiAtZXhlYyBzdWRvIGNobW9kIDA2NjQge30gXDsKY2QgL3Zhci93d3cvaHRtbApzdWRvIGNobW9kIC1SIDc1NSAvdmFyL3d3dy9odG1sCmlmIFsgLWQgIkNsaVhYX1JldGFpbF9SZXBvc2l0b3J5IiBdOyB0aGVuCiAgICBlY2hvICJDbGlYWF9SZXRhaWxfUmVwb3NpdG9yeSBleGlzdHMsIHNraXBwaW5nIGNvcHkgYW5kIGNsb25lIGNvbW1hbmRzLiIgCmVsc2UKICAgIGdpdCBjbG9uZSBodHRwczovL2dpdGh1Yi5jb20vc3RhY2tpdGdpdC9DbGlYWF9SZXRhaWxfUmVwb3NpdG9yeS5naXQKICAgIGNwIC1yIENsaVhYX1JldGFpbF9SZXBvc2l0b3J5LyogL3Zhci93d3cvaHRtbApmaQoKCgojdmFyaWFibGUgZGVjbGFyYXRpb24gCldQX0NPTkZJRz0vdmFyL3d3dy9odG1sL3dwLWNvbmZpZy5waHAKCiNSZXBsYWNpbmcgREIgSG9zdG5hbWUgaW4gd3AtY29uZmlnLnBocCBmaWxlIHRvIENvcnJlY3QgCnNlZCAtaSAicy8nd29yZHByZXNzLWRiLmNjNWlpZ3prbnZ4ZC51cy1lYXN0LTEucmRzLmFtYXpvbmF3cy5jb20nLydyZXN0b3JlZC1kYi1jbGl4eC5jZGN0dnNra2FpYjcudXMtZWFzdC0xLnJkcy5hbWF6b25hd3MuY29tJy9nIiAkV1BfQ09ORklHCiNzZWQgLWkgInMvJ3Jlc3RvcmVkLWRiLWNsaXh4LmNkY3R2c2trYWliNy51cy1lYXN0LTEucmRzLmFtYXpvbmF3cy5jb20nLydyZXN0b3JlZC1kYi1jbGl4eC5jZGN0dnNra2FpYjcudXMtZWFzdC0xLnJkcy5hbWF6b25hd3MuY29tJy9nIiAkV1BfQ09ORklHCgoKIyNHcmFudCBmaWxlIG93bmVyc2hpcCBvZiAvdmFyL3d3dyAmIGl0cyBjb250ZW50cyB0byBhcGFjaGUgdXNlcgpjaG93biAtUiBhcGFjaGUgL3Zhci93d3cKIyNHcmFudCBncm91cCBvd25lcnNoaXAgb2YgL3Zhci93d3cgJiBjb250ZW50cyB0byBhcGFjaGUgZ3JvdXAKY2hncnAgLVIgYXBhY2hlIC92YXIvd3d3CgojI0NoYW5nZSBkaXJlY3RvcnkgcGVybWlzc2lvbnMgb2YgL3Zhci93d3cgJiBpdHMgc3ViZGlyIHRvIGFkZCBncm91cCB3cml0ZQpjaG1vZCAyNzc1IC92YXIvd3d3CmZpbmQgL3Zhci93d3cgLXR5cGUgZCAtZXhlYyBzdWRvIGNobW9kIDI3NzUge30gXDsKCiMjUmVjdXJzaXZlbHkgY2hhbmdlIGZpbGUgcGVybWlzc2lvbiBvZiAvdmFyL3d3dyAmIHN1YmRpciB0byBhZGQgZ3JvdXAgd3JpdGUgcGVybQpmaW5kIC92YXIvd3d3IC10eXBlIGYgLWV4ZWMgc3VkbyBjaG1vZCAwNjY0IHt9IFw7CgoKIyNSZXN0YXJ0IEFwYWNoZQpzeXN0ZW1jdGwgcmVzdGFydCBodHRwZAoKCiMjRW5hYmxlIGh0dHBkCi9zYmluL3N5c2N0bCAtdyBuZXQuaXB2NC50Y3Bfa2VlcGFsaXZlX3RpbWU9MjAwIG5ldC5pcHY0LnRjcF9rZWVwYWxpdmVfaW50dmw9MjAwIG5ldC5pcHY0LnRjcF9rZWVwYWxpdmVfcHJvYmVzPTUKCgojI1VwZGF0ZSBkb21haW4gbmFtZSB2aWEgb3B0aW9uX25hbWUKbXlzcWwgLWggInJlc3RvcmVkLWRiLWNsaXh4LmNkY3R2c2trYWliNy51cy1lYXN0LTEucmRzLmFtYXpvbmF3cy5jb20iIC11ICJ3b3JkcHJlc3N1c2VyIiAtcCJXM2xjb21lMTIzIiAid29yZHByZXNzZGIiIDw8RU9GClVQREFURSB3cF9vcHRpb25zIFNFVCBvcHRpb25fdmFsdWUgPSAnc3RhY2stbGItdGVycmFmb3JtLTIwNDU4NjY1NDAudXMtZWFzdC0xLmVsYi5hbWF6b25hd3MuY29tJyBXSEVSRSBvcHRpb25fbmFtZSA9ICdzaXRldXJsJzsKRU9GCg==",
            "vpc_security_group_ids": [
              "sg-0b29b543a336e0883"
            ]
          },
          "sensitive_attributes": [],
          "private": "bnVsbA==",
          "dependencies": [
            "aws_db_instance.restored_db",
            "aws_efs_file_system.terraform_efs",
            "aws_key_pair.Stack_KP",
            "aws_lb.stack-lb",
            "aws_security_group.stack-sg-main",
            "data.aws_ami.stack_ami",
            "data.template_file.bootstrap"
          ]
        }
      ]
    },
    {
      "mode": "managed",
      "type": "aws_lb",
      "name": "stack-lb",
      "provider": "provider[\"registry.terraform.io/hashicorp/aws\"]",
      "instances": [
        {
          "schema_version": 0,
          "attributes": {
            "access_logs": [
              {
                "bucket": "",
                "enabled": false,
                "prefix": ""
              }
            ],
            "arn": "arn:aws:elasticloadbalancing:us-east-1:721636561061:loadbalancer/app/stack-lb-terraform/82ff69a85e0caa3e",
            "arn_suffix": "app/stack-lb-terraform/82ff69a85e0caa3e",
            "connection_logs": [
              {
                "bucket": "",
                "enabled": false,
                "prefix": ""
              }
            ],
            "customer_owned_ipv4_pool": "",
            "desync_mitigation_mode": "defensive",
            "dns_name": "stack-lb-terraform-2045866540.us-east-1.elb.amazonaws.com",
            "dns_record_client_routing_policy": null,
            "drop_invalid_header_fields": false,
            "enable_cross_zone_load_balancing": true,
            "enable_deletion_protection": false,
            "enable_http2": true,
            "enable_tls_version_and_cipher_suite_headers": false,
            "enable_waf_fail_open": false,
            "enable_xff_client_port": false,
            "enforce_security_group_inbound_rules_on_private_link_traffic": "",
            "id": "arn:aws:elasticloadbalancing:us-east-1:721636561061:loadbalancer/app/stack-lb-terraform/82ff69a85e0caa3e",
            "idle_timeout": 60,
            "internal": false,
            "ip_address_type": "ipv4",
            "load_balancer_type": "application",
            "name": "stack-lb-terraform",
            "name_prefix": "",
            "preserve_host_header": false,
            "security_groups": [
              "sg-0b29b543a336e0883"
            ],
            "subnet_mapping": [
              {
                "allocation_id": "",
                "ipv6_address": "",
                "outpost_id": "",
                "private_ipv4_address": "",
                "subnet_id": "subnet-008b14bb83060415e"
              },
              {
                "allocation_id": "",
                "ipv6_address": "",
                "outpost_id": "",
                "private_ipv4_address": "",
                "subnet_id": "subnet-0580b95333d44c7f1"
              },
              {
                "allocation_id": "",
                "ipv6_address": "",
                "outpost_id": "",
                "private_ipv4_address": "",
                "subnet_id": "subnet-073d6ae5a8faec92f"
              },
              {
                "allocation_id": "",
                "ipv6_address": "",
                "outpost_id": "",
                "private_ipv4_address": "",
                "subnet_id": "subnet-0916718ca1e1b3638"
              },
              {
                "allocation_id": "",
                "ipv6_address": "",
                "outpost_id": "",
                "private_ipv4_address": "",
                "subnet_id": "subnet-0d5cc12847d0e2b85"
              },
              {
                "allocation_id": "",
                "ipv6_address": "",
                "outpost_id": "",
                "private_ipv4_address": "",
                "subnet_id": "subnet-0e045efcd6dfd36b3"
              }
            ],
            "subnets": [
              "subnet-008b14bb83060415e",
              "subnet-0580b95333d44c7f1",
              "subnet-073d6ae5a8faec92f",
              "subnet-0916718ca1e1b3638",
              "subnet-0d5cc12847d0e2b85",
              "subnet-0e045efcd6dfd36b3"
            ],
            "tags": {
              "Environment": "dev",
              "OwnerEmail": "teyojessam.abam@gmail.com"
            },
            "tags_all": {
              "Environment": "dev",
              "OwnerEmail": "teyojessam.abam@gmail.com",
              "environment": "dev"
            },
            "timeouts": null,
            "vpc_id": "vpc-090100b2d116aa7ce",
            "xff_header_processing_mode": "append",
            "zone_id": "Z35SXDOTRQ7X7K"
          },
          "sensitive_attributes": [],
          "private": "eyJlMmJmYjczMC1lY2FhLTExZTYtOGY4OC0zNDM2M2JjN2M0YzAiOnsiY3JlYXRlIjo2MDAwMDAwMDAwMDAsImRlbGV0ZSI6NjAwMDAwMDAwMDAwLCJ1cGRhdGUiOjYwMDAwMDAwMDAwMH19",
          "dependencies": [
            "aws_security_group.stack-sg-main"
          ]
        }
      ]
    },
    {
      "mode": "managed",
      "type": "aws_lb_listener",
      "name": "clixx-listener",
      "provider": "provider[\"registry.terraform.io/hashicorp/aws\"]",
      "instances": [
        {
          "schema_version": 0,
          "attributes": {
            "alpn_policy": null,
            "arn": "arn:aws:elasticloadbalancing:us-east-1:721636561061:listener/app/stack-lb-terraform/82ff69a85e0caa3e/4f42b0703ef90c75",
            "certificate_arn": null,
            "default_action": [
              {
                "authenticate_cognito": [],
                "authenticate_oidc": [],
                "fixed_response": [],
                "forward": [],
                "order": 1,
                "redirect": [],
                "target_group_arn": "arn:aws:elasticloadbalancing:us-east-1:721636561061:targetgroup/Stack-ClIXX/4cdc638c54f088c0",
                "type": "forward"
              }
            ],
            "id": "arn:aws:elasticloadbalancing:us-east-1:721636561061:listener/app/stack-lb-terraform/82ff69a85e0caa3e/4f42b0703ef90c75",
            "load_balancer_arn": "arn:aws:elasticloadbalancing:us-east-1:721636561061:loadbalancer/app/stack-lb-terraform/82ff69a85e0caa3e",
            "mutual_authentication": [],
            "port": 80,
            "protocol": "HTTP",
            "ssl_policy": "",
            "tags": null,
            "tags_all": {
              "environment": "dev"
            },
            "timeouts": null
          },
          "sensitive_attributes": [],
          "private": "eyJlMmJmYjczMC1lY2FhLTExZTYtOGY4OC0zNDM2M2JjN2M0YzAiOnsiY3JlYXRlIjozMDAwMDAwMDAwMDAsInVwZGF0ZSI6MzAwMDAwMDAwMDAwfX0=",
          "dependencies": [
            "aws_lb.stack-lb",
            "aws_lb_target_group.stack-clixx-tg",
            "aws_security_group.stack-sg-main"
          ]
        }
      ]
    },
    {
      "mode": "managed",
      "type": "aws_lb_target_group",
      "name": "stack-clixx-tg",
      "provider": "provider[\"registry.terraform.io/hashicorp/aws\"]",
      "instances": [
        {
          "schema_version": 0,
          "attributes": {
            "arn": "arn:aws:elasticloadbalancing:us-east-1:721636561061:targetgroup/Stack-ClIXX/4cdc638c54f088c0",
            "arn_suffix": "targetgroup/Stack-ClIXX/4cdc638c54f088c0",
            "connection_termination": null,
            "deregistration_delay": "300",
            "health_check": [
              {
                "enabled": true,
                "healthy_threshold": 3,
                "interval": 10,
                "matcher": "200",
                "path": "/",
                "port": "traffic-port",
                "protocol": "HTTP",
                "timeout": 3,
                "unhealthy_threshold": 3
              }
            ],
            "id": "arn:aws:elasticloadbalancing:us-east-1:721636561061:targetgroup/Stack-ClIXX/4cdc638c54f088c0",
            "ip_address_type": "ipv4",
            "lambda_multi_value_headers_enabled": false,
            "load_balancer_arns": [],
            "load_balancing_algorithm_type": "round_robin",
            "load_balancing_anomaly_mitigation": "off",
            "load_balancing_cross_zone_enabled": "use_load_balancer_configuration",
            "name": "Stack-ClIXX",
            "name_prefix": "",
            "port": 80,
            "preserve_client_ip": null,
            "protocol": "HTTP",
            "protocol_version": "HTTP1",
            "proxy_protocol_v2": false,
            "slow_start": 0,
            "stickiness": [
              {
                "cookie_duration": 86400,
                "cookie_name": "",
                "enabled": false,
                "type": "lb_cookie"
              }
            ],
            "tags": null,
            "tags_all": {
              "environment": "dev"
            },
            "target_failover": [
              {
                "on_deregistration": null,
                "on_unhealthy": null
              }
            ],
            "target_health_state": [
              {
                "enable_unhealthy_connection_termination": null
              }
            ],
            "target_type": "instance",
            "vpc_id": "vpc-090100b2d116aa7ce"
          },
          "sensitive_attributes": [],
          "private": "bnVsbA=="
        }
      ]
    },
    {
      "mode": "managed",
      "type": "aws_security_group",
      "name": "stack-sg-main",
      "provider": "provider[\"registry.terraform.io/hashicorp/aws\"]",
      "instances": [
        {
          "schema_version": 1,
          "attributes": {
            "arn": "arn:aws:ec2:us-east-1:721636561061:security-group/sg-0b29b543a336e0883",
            "description": "Stack IT Security Group For CliXX System",
            "egress": [],
            "id": "sg-0b29b543a336e0883",
            "ingress": [],
            "name": "stack_web_dmz_terraform",
            "name_prefix": "",
            "owner_id": "721636561061",
            "revoke_rules_on_delete": false,
            "tags": {
              "Environment": "Production",
              "Name": "stack_web_dmz_terraform",
              "OwnerEmail": "teyojessam.abam@gmail.com",
              "Sessions": "StackCloud10"
            },
            "tags_all": {
              "Environment": "Production",
              "Name": "stack_web_dmz_terraform",
              "OwnerEmail": "teyojessam.abam@gmail.com",
              "Sessions": "StackCloud10",
              "environment": "dev"
            },
            "timeouts": null,
            "vpc_id": "vpc-090100b2d116aa7ce"
          },
          "sensitive_attributes": [],
          "private": "eyJlMmJmYjczMC1lY2FhLTExZTYtOGY4OC0zNDM2M2JjN2M0YzAiOnsiY3JlYXRlIjo2MDAwMDAwMDAwMDAsImRlbGV0ZSI6OTAwMDAwMDAwMDAwfSwic2NoZW1hX3ZlcnNpb24iOiIxIn0="
        }
      ]
    },
    {
      "mode": "managed",
      "type": "aws_security_group_rule",
      "name": "http",
      "provider": "provider[\"registry.terraform.io/hashicorp/aws\"]",
      "instances": [
        {
          "schema_version": 2,
          "attributes": {
            "cidr_blocks": [
              "0.0.0.0/0"
            ],
            "description": null,
            "from_port": 80,
            "id": "sgrule-3872222529",
            "ipv6_cidr_blocks": null,
            "prefix_list_ids": null,
            "protocol": "tcp",
            "security_group_id": "sg-0b29b543a336e0883",
            "security_group_rule_id": "sgr-001e535181f32b068",
            "self": false,
            "source_security_group_id": null,
            "timeouts": null,
            "to_port": 80,
            "type": "ingress"
          },
          "sensitive_attributes": [],
          "private": "eyJlMmJmYjczMC1lY2FhLTExZTYtOGY4OC0zNDM2M2JjN2M0YzAiOnsiY3JlYXRlIjozMDAwMDAwMDAwMDB9LCJzY2hlbWFfdmVyc2lvbiI6IjIifQ==",
          "dependencies": [
            "aws_security_group.stack-sg-main"
          ]
        }
      ]
    },
    {
      "mode": "managed",
      "type": "aws_security_group_rule",
      "name": "mySQL",
      "provider": "provider[\"registry.terraform.io/hashicorp/aws\"]",
      "instances": [
        {
          "schema_version": 2,
          "attributes": {
            "cidr_blocks": [
              "0.0.0.0/0"
            ],
            "description": null,
            "from_port": 3306,
            "id": "sgrule-249887143",
            "ipv6_cidr_blocks": null,
            "prefix_list_ids": null,
            "protocol": "tcp",
            "security_group_id": "sg-0b29b543a336e0883",
            "security_group_rule_id": "sgr-072dc0c73f38278d4",
            "self": false,
            "source_security_group_id": null,
            "timeouts": null,
            "to_port": 3306,
            "type": "ingress"
          },
          "sensitive_attributes": [],
          "private": "eyJlMmJmYjczMC1lY2FhLTExZTYtOGY4OC0zNDM2M2JjN2M0YzAiOnsiY3JlYXRlIjozMDAwMDAwMDAwMDB9LCJzY2hlbWFfdmVyc2lvbiI6IjIifQ==",
          "dependencies": [
            "aws_security_group.stack-sg-main"
          ]
        }
      ]
    },
    {
      "mode": "managed",
      "type": "aws_security_group_rule",
      "name": "nfs",
      "provider": "provider[\"registry.terraform.io/hashicorp/aws\"]",
      "instances": [
        {
          "schema_version": 2,
          "attributes": {
            "cidr_blocks": [
              "0.0.0.0/0"
            ],
            "description": null,
            "from_port": 2049,
            "id": "sgrule-3311153866",
            "ipv6_cidr_blocks": null,
            "prefix_list_ids": null,
            "protocol": "tcp",
            "security_group_id": "sg-0b29b543a336e0883",
            "security_group_rule_id": "sgr-0613730daa244a3e4",
            "self": false,
            "source_security_group_id": null,
            "timeouts": null,
            "to_port": 2049,
            "type": "ingress"
          },
          "sensitive_attributes": [],
          "private": "eyJlMmJmYjczMC1lY2FhLTExZTYtOGY4OC0zNDM2M2JjN2M0YzAiOnsiY3JlYXRlIjozMDAwMDAwMDAwMDB9LCJzY2hlbWFfdmVyc2lvbiI6IjIifQ==",
          "dependencies": [
            "aws_security_group.stack-sg-main"
          ]
        }
      ]
    },
    {
      "mode": "managed",
      "type": "aws_security_group_rule",
      "name": "outbound",
      "provider": "provider[\"registry.terraform.io/hashicorp/aws\"]",
      "instances": [
        {
          "schema_version": 2,
          "attributes": {
            "cidr_blocks": [
              "0.0.0.0/0"
            ],
            "description": null,
            "from_port": 0,
            "id": "sgrule-19818231",
            "ipv6_cidr_blocks": null,
            "prefix_list_ids": null,
            "protocol": "-1",
            "security_group_id": "sg-0b29b543a336e0883",
            "security_group_rule_id": "sgr-0612d55bd3d4aa0d5",
            "self": false,
            "source_security_group_id": null,
            "timeouts": null,
            "to_port": 0,
            "type": "egress"
          },
          "sensitive_attributes": [],
          "private": "eyJlMmJmYjczMC1lY2FhLTExZTYtOGY4OC0zNDM2M2JjN2M0YzAiOnsiY3JlYXRlIjozMDAwMDAwMDAwMDB9LCJzY2hlbWFfdmVyc2lvbiI6IjIifQ==",
          "dependencies": [
            "aws_security_group.stack-sg-main"
          ]
        }
      ]
    },
    {
      "mode": "managed",
      "type": "aws_security_group_rule",
      "name": "ssh",
      "provider": "provider[\"registry.terraform.io/hashicorp/aws\"]",
      "instances": [
        {
          "schema_version": 2,
          "attributes": {
            "cidr_blocks": [
              "0.0.0.0/0"
            ],
            "description": null,
            "from_port": 22,
            "id": "sgrule-1346842868",
            "ipv6_cidr_blocks": null,
            "prefix_list_ids": null,
            "protocol": "tcp",
            "security_group_id": "sg-0b29b543a336e0883",
            "security_group_rule_id": "sgr-06f2c69050a06ba64",
            "self": false,
            "source_security_group_id": null,
            "timeouts": null,
            "to_port": 22,
            "type": "ingress"
          },
          "sensitive_attributes": [],
          "private": "eyJlMmJmYjczMC1lY2FhLTExZTYtOGY4OC0zNDM2M2JjN2M0YzAiOnsiY3JlYXRlIjozMDAwMDAwMDAwMDB9LCJzY2hlbWFfdmVyc2lvbiI6IjIifQ==",
          "dependencies": [
            "aws_security_group.stack-sg-main"
          ]
        }
      ]
    }
  ],
  "check_results": null
}
