{
  "version": 4,
  "terraform_version": "1.5.3",
  "serial": 1232,
  "lineage": "f9f8e203-d915-b51b-5de3-4331575f93cd",
  "outputs": {
    "load_balancer_dns_name": {
      "value": "stack-lb-terraform-681758549.us-east-1.elb.amazonaws.com",
      "type": "string"
    }
  },
  "resources": [
    {
      "mode": "data",
      "type": "aws_ami",
      "name": "stack_ami",
      "provider": "provider[\"registry.terraform.io/hashicorp/aws\"]",
      "instances": [
        {
          "schema_version": 0,
          "attributes": {
            "architecture": "x86_64",
            "arn": "arn:aws:ec2:us-east-1::image/ami-09fa71c556874b946",
            "block_device_mappings": [
              {
                "device_name": "/dev/xvda",
                "ebs": {
                  "delete_on_termination": "true",
                  "encrypted": "false",
                  "iops": "0",
                  "snapshot_id": "snap-0b4d2a62a4545f4e0",
                  "throughput": "0",
                  "volume_size": "8",
                  "volume_type": "gp2"
                },
                "no_device": "",
                "virtual_name": ""
              }
            ],
            "boot_mode": "",
            "creation_date": "2024-04-03T11:14:54.000Z",
            "deprecation_time": "",
            "description": "",
            "ena_support": true,
            "executable_users": null,
            "filter": [
              {
                "name": "name",
                "values": [
                  "ami-stack-tja"
                ]
              }
            ],
            "hypervisor": "xen",
            "id": "ami-09fa71c556874b946",
            "image_id": "ami-09fa71c556874b946",
            "image_location": "721636561061/ami-stack-tja",
            "image_owner_alias": "",
            "image_type": "machine",
            "imds_support": "",
            "include_deprecated": false,
            "kernel_id": "",
            "most_recent": true,
            "name": "ami-stack-tja",
            "name_regex": null,
            "owner_id": "721636561061",
            "owners": [
              "self"
            ],
            "platform": "",
            "platform_details": "Linux/UNIX",
            "product_codes": [],
            "public": false,
            "ramdisk_id": "",
            "root_device_name": "/dev/xvda",
            "root_device_type": "ebs",
            "root_snapshot_id": "snap-0b4d2a62a4545f4e0",
            "sriov_net_support": "simple",
            "state": "available",
            "state_reason": {
              "code": "UNSET",
              "message": "UNSET"
            },
            "tags": {
              "Name": "ServerImage"
            },
            "timeouts": null,
            "tpm_support": "",
            "usage_operation": "RunInstances",
            "virtualization_type": "hvm"
          },
          "sensitive_attributes": []
        }
      ]
    },
    {
      "mode": "data",
      "type": "aws_secretsmanager_secret_version",
      "name": "creds",
      "provider": "provider[\"registry.terraform.io/hashicorp/aws\"]",
      "instances": [
        {
          "schema_version": 0,
          "attributes": {
            "arn": "arn:aws:secretsmanager:us-east-1:721636561061:secret:clixx_db_secrets-LnmQTO",
            "created_date": "2024-05-21T13:51:11Z",
            "id": "clixx_db_secrets|AWSCURRENT",
            "secret_binary": "",
            "secret_id": "clixx_db_secrets",
            "secret_string": "{\"DB_NAME\":\"wordpressdb\",\"DB_USER\":\"wordpressuser\",\"DB_PASSWORD\":\"W3lcome123\",\"SNAPSHOT_ID\":\"arn:aws:rds:us-east-1:021011273353:snapshot:wordpressdbclixx-snapshot\"}",
            "version_id": "290899a9-7c8f-42ee-9ea1-80bf1a172fd7",
            "version_stage": "AWSCURRENT",
            "version_stages": [
              "AWSCURRENT"
            ]
          },
          "sensitive_attributes": []
        }
      ]
    },
    {
      "mode": "data",
      "type": "template_file",
      "name": "bastion_bootstrap",
      "provider": "provider[\"registry.terraform.io/hashicorp/template\"]",
      "instances": [
        {
          "schema_version": 0,
          "attributes": {
            "filename": null,
            "id": "6828a0cf6f6957abea4e60ae5428f8c8cafd3b2626c27ee27a6d08db5b77fae1",
            "rendered": "#!/bin/bash \r\n\r\n#Downloading PEM Key from S3\r\naws s3 cp s3://keys-for-vpc-project/ec2_access.pem /home/ec2-user/ec2_access.pem\r\n\r\n#changing permission of pem key\r\nchmod 400 /home/ec2-user/ec2_access.pem\r\n\r\nChange directory to /opt/\r\ncd /opt/\r\n\r\nCreate a directory named 'oracle' under /opt\r\nsudo mkdir oracle \r\n\r\nChange directory to /opt/oracle/\r\ncd oracle\r\n\r\nDownload Oracle Instant Client basic RPM package from Oracle's website\r\nsudo wget https://download.oracle.com/otn_software/linux/instantclient/1922000/oracle-instantclient19.22-basic-19.22.0.0.0-1.x86_64.rpm\r\n\r\nInstall Oracle Instant Client basic package from the downloaded RPM package\r\nsudo rpm -ivh oracle-instantclient19.22-basic-19.22.0.0.0-1.x86_64.rpm\r\n\r\nDownload Oracle Instant Client SQL*Plus RPM package from Oracle's website\r\nsudo wget https://download.oracle.com/otn_software/linux/instantclient/1922000/oracle-instantclient19.22-sqlplus-19.22.0.0.0-1.x86_64.rpm\r\n\r\nInstall Oracle Instant Client SQL*Plus package from the downloaded RPM package\r\nsudo rpm -ivh oracle-instantclient19.22-sqlplus-19.22.0.0.0-1.x86_64.rpm\r\n\r\nChange directory to /home/ec2-user\r\ncd /home/ec2-user\r\n\r\n\r\n# Figure out how to add bootstrap code to log in Bastion as root user \r\n# #Go to root user (make sure to ssh into Bastion server as root user, not ec2-user, locally)\r\n# sudo su -\r\n\r\n# #Move to the directory where the PEM key lives (then, ssh into App server as ec2-user via Bastion server)\r\n# cd /home/ec2-user\r\n",
            "template": "#!/bin/bash \r\n\r\n#Downloading PEM Key from S3\r\naws s3 cp s3://${S3_BUCKET}/${PEM_KEY} /home/ec2-user/${PEM_KEY}\r\n\r\n#changing permission of pem key\r\nchmod 400 /home/ec2-user/${PEM_KEY}\r\n\r\nChange directory to /opt/\r\ncd /opt/\r\n\r\nCreate a directory named 'oracle' under /opt\r\nsudo mkdir oracle \r\n\r\nChange directory to /opt/oracle/\r\ncd oracle\r\n\r\nDownload Oracle Instant Client basic RPM package from Oracle's website\r\nsudo wget https://download.oracle.com/otn_software/linux/instantclient/1922000/oracle-instantclient19.22-basic-19.22.0.0.0-1.x86_64.rpm\r\n\r\nInstall Oracle Instant Client basic package from the downloaded RPM package\r\nsudo rpm -ivh oracle-instantclient19.22-basic-19.22.0.0.0-1.x86_64.rpm\r\n\r\nDownload Oracle Instant Client SQL*Plus RPM package from Oracle's website\r\nsudo wget https://download.oracle.com/otn_software/linux/instantclient/1922000/oracle-instantclient19.22-sqlplus-19.22.0.0.0-1.x86_64.rpm\r\n\r\nInstall Oracle Instant Client SQL*Plus package from the downloaded RPM package\r\nsudo rpm -ivh oracle-instantclient19.22-sqlplus-19.22.0.0.0-1.x86_64.rpm\r\n\r\nChange directory to /home/ec2-user\r\ncd /home/ec2-user\r\n\r\n\r\n# Figure out how to add bootstrap code to log in Bastion as root user \r\n# #Go to root user (make sure to ssh into Bastion server as root user, not ec2-user, locally)\r\n# sudo su -\r\n\r\n# #Move to the directory where the PEM key lives (then, ssh into App server as ec2-user via Bastion server)\r\n# cd /home/ec2-user\r\n",
            "vars": {
              "PEM_KEY": "ec2_access.pem",
              "S3_BUCKET": "keys-for-vpc-project"
            }
          },
          "sensitive_attributes": []
        }
      ]
    },
    {
      "mode": "data",
      "type": "template_file",
      "name": "clixx_bootstrap",
      "provider": "provider[\"registry.terraform.io/hashicorp/template\"]",
      "instances": [
        {
          "schema_version": 0,
          "attributes": {
            "filename": null,
            "id": "d6f1053cb2ec43e6eec0555bd92fe509b72dd56c595eb21b67d04a427746d594",
            "rendered": "#!/bin/bash\nsudo su -\nyum update -y\nyum install git -y\namazon-linux-extras install -y lamp-mariadb10.2-php7.2 php7.2\nyum install -y httpd mariadb-server\nyum install -y nfs-utils\nsystemctl start httpd\nsystemctl enable httpd\nsystemctl is-enabled httpd\n\n\n#EFS MOUNT\nmkdir -p /var/www/html\nchown ec2-user:ec2-user /var/www/html\nsudo echo fs-046e8537124382e57.efs.us-east-1.amazonaws.com:/ /var/www/html nfs4 nfsvers=4.1,rsize=1048576,wsize=1048576,hard,timeo=600,retrans=2,_netdev 0 0 \u003e\u003e /etc/fstab\nmount -a -t nfs4\n\n\n#EBS VOLUMES\n#Make this dynamically passed in later\n#EBS_DEVICES=\"/dev/sdb /dev/sdc /dev/sdd /dev/sde /dev/sdg\"\nEBS_DEVICES=/dev/sdb /dev/sdc /dev/sdd /dev/sde /dev/sdg\n\n#Partitioning Disks\nfor device in ${EBS_DEVICES}; do\n    echo \"Partitioning ${device}...\"\n    echo -e \"\\np\\nn\\np\\n1\\n2048\\n16777215\\np\\nw\" | fdisk ${device}\n\n    #checking if newly partitioned disk exists before creating physical volume\n    if lsblk ${device}1; then\n        pvcreate ${device}1\n    else\n        echo \"Partition ${device}1 does not exist. Retrying...\"\n        sleep 5\n    fi\ndone\necho \"Disk Partitioning Complete!\"\n\n\n#creating volume group with Newly partitioned volumes\n#Make this dynamically passed in later\n#pv_part_string=\"/dev/sdb1 /dev/sdc1 /dev/sdd1 /dev/sde1 /dev/sdg1\"\npv_part_string=/dev/sdb1 /dev/sdc1 /dev/sdd1 /dev/sde1 /dev/sdg1\n\nvgcreate stack_vg ${pv_part_string}\necho \"Volume group successfully created!\"\n\n#viewing newly created volume group\nvgs\n\n#Creating logical volumes\nlv_names=\"u01 u02 u03 u04 backup\"\n\nfor name in ${lv_names}; do\n\n    echo \"Creating Logical volume Lv_${name}!\"\n\n    lvcreate -L 5G -n Lv_${name} stack_vg\ndone\n\necho \"Logical volumes successfully created!\"\n\n#formatting Logical volume\nvolumes=\"Lv_u01 Lv_u02 Lv_u03 Lv_u04 Lv_backup\"\nfor disk in ${volumes}; do\n    echo \"Formatting /dev/stack_vg/${disk} with ext4\" \n    mkfs.ext4 \"/dev/stack_vg/${disk}\"\n    echo \"${disk} Successfully formatted\"\ndone\n\necho \"Logical volume formatting successfully completed!\"\n\n# Convert space-separated strings to arrays\nvolume=(\"Lv_u01\" \"Lv_u02\" \"Lv_u03\" \"Lv_u04\" \"Lv_backup\")\nmount=(\"/u01\" \"/u02\" \"/u03\" \"/u04\" \"/backup\")\n\n# Ensure both arrays have the same length\nif [ ${#volume[@]} -ne ${#mount[@]} ]; then\n    echo \"Volumes and mounts count do not match.\"\n    exit 1\nfi\n\n# Iterate over arrays by index\nfor i in \"${!volume[@]}\"; do\n    disk=${volume[${i}]}\n    mount_p=${mount[${i}]}\n    \n    # Create the mount point\n    mkdir -p \"${mount_p}\"\n    \n    # Mount the logical volume to the mount point\n    echo \"Mounting /dev/stack_vg/${disk} to ${mount_p}\"\n    mount \"/dev/stack_vg/${disk}\" \"${mount_p}\"\n\n    # Make the mount persistent across boots by adding it to /etc/fstab\n    echo \"/dev/stack_vg/${disk} ${mount_p} ext4 defaults 0 2\" \u003e\u003e /etc/fstab\ndone\n\n\necho \"Mount points created and Disks successfully mounted!\"\n\n#CLIXX\nusermod -a -G apache ec2-user\nchown -R ec2-user:apache /var/www\nchmod 2775 /var/www \u0026\u0026 find /var/www -type d -exec sudo chmod 2775 {} \\;\nfind /var/www -type f -exec sudo chmod 0664 {} \\;\ncd /var/www/html\nsudo chmod -R 755 /var/www/html\nif [ -d \"CliXX_Retail_Repository\" ]; then\n    echo \"CliXX_Retail_Repository exists, skipping copy and clone commands.\" \nelse\n    git clone https://github.com/stackitgit/CliXX_Retail_Repository.git\n    cp -r CliXX_Retail_Repository/* /var/www/html\nfi\n\n\n\n#variable declaration \nWP_CONFIG=/var/www/html/wp-config.php\n\n#Replacing DB Hostname in wp-config.php file to Correct \nsed -i \"s/'wordpress-db.cc5iigzknvxd.us-east-1.rds.amazonaws.com'/'restored-db-clixx.cdctvskkaib7.us-east-1.rds.amazonaws.com'/g\" $WP_CONFIG\n#sed -i \"s/'restored-db-clixx.cdctvskkaib7.us-east-1.rds.amazonaws.com'/'restored-db-clixx.cdctvskkaib7.us-east-1.rds.amazonaws.com'/g\" $WP_CONFIG\n\n\n##Grant file ownership of /var/www \u0026 its contents to apache user\nchown -R apache /var/www\n##Grant group ownership of /var/www \u0026 contents to apache group\nchgrp -R apache /var/www\n\n##Change directory permissions of /var/www \u0026 its subdir to add group write\nchmod 2775 /var/www\nfind /var/www -type d -exec sudo chmod 2775 {} \\;\n\n##Recursively change file permission of /var/www \u0026 subdir to add group write perm\nfind /var/www -type f -exec sudo chmod 0664 {} \\;\n\n\n##Restart Apache\nsystemctl restart httpd\n\n\n##Enable httpd\n/sbin/sysctl -w net.ipv4.tcp_keepalive_time=200 net.ipv4.tcp_keepalive_intvl=200 net.ipv4.tcp_keepalive_probes=5\n\n\nmysql -h \"restored-db-clixx.cdctvskkaib7.us-east-1.rds.amazonaws.com\" -u \"wordpressuser\" -p\"W3lcome123\" -D \"wordpressdb\" \u003c\u003cEOF\nUPDATE wp_options SET option_value = 'stack-lb-terraform-681758549.us-east-1.elb.amazonaws.com' WHERE option_name = 'siteurl';\nEOF\n",
            "template": "#!/bin/bash\nsudo su -\nyum update -y\nyum install git -y\namazon-linux-extras install -y lamp-mariadb10.2-php7.2 php7.2\nyum install -y httpd mariadb-server\nyum install -y nfs-utils\nsystemctl start httpd\nsystemctl enable httpd\nsystemctl is-enabled httpd\n\n\n#EFS MOUNT\nmkdir -p ${MOUNT_POINT}\nchown ec2-user:ec2-user ${MOUNT_POINT}\nsudo echo ${EFS_DNS}:/ ${MOUNT_POINT} nfs4 nfsvers=4.1,rsize=1048576,wsize=1048576,hard,timeo=600,retrans=2,_netdev 0 0 \u003e\u003e /etc/fstab\nmount -a -t nfs4\n\n\n#EBS VOLUMES\n#Make this dynamically passed in later\n#EBS_DEVICES=\"/dev/sdb /dev/sdc /dev/sdd /dev/sde /dev/sdg\"\nEBS_DEVICES=${EBS_DEVICES}\n\n#Partitioning Disks\nfor device in $${EBS_DEVICES}; do\n    echo \"Partitioning $${device}...\"\n    echo -e \"\\np\\nn\\np\\n1\\n2048\\n16777215\\np\\nw\" | fdisk $${device}\n\n    #checking if newly partitioned disk exists before creating physical volume\n    if lsblk $${device}1; then\n        pvcreate $${device}1\n    else\n        echo \"Partition $${device}1 does not exist. Retrying...\"\n        sleep 5\n    fi\ndone\necho \"Disk Partitioning Complete!\"\n\n\n#creating volume group with Newly partitioned volumes\n#Make this dynamically passed in later\n#pv_part_string=\"/dev/sdb1 /dev/sdc1 /dev/sdd1 /dev/sde1 /dev/sdg1\"\npv_part_string=${PV_PART_STRING}\n\nvgcreate stack_vg $${pv_part_string}\necho \"Volume group successfully created!\"\n\n#viewing newly created volume group\nvgs\n\n#Creating logical volumes\nlv_names=\"u01 u02 u03 u04 backup\"\n\nfor name in $${lv_names}; do\n\n    echo \"Creating Logical volume Lv_$${name}!\"\n\n    lvcreate -L 5G -n Lv_$${name} stack_vg\ndone\n\necho \"Logical volumes successfully created!\"\n\n#formatting Logical volume\nvolumes=\"Lv_u01 Lv_u02 Lv_u03 Lv_u04 Lv_backup\"\nfor disk in $${volumes}; do\n    echo \"Formatting /dev/stack_vg/$${disk} with ext4\" \n    mkfs.ext4 \"/dev/stack_vg/$${disk}\"\n    echo \"$${disk} Successfully formatted\"\ndone\n\necho \"Logical volume formatting successfully completed!\"\n\n# Convert space-separated strings to arrays\nvolume=(\"Lv_u01\" \"Lv_u02\" \"Lv_u03\" \"Lv_u04\" \"Lv_backup\")\nmount=(\"/u01\" \"/u02\" \"/u03\" \"/u04\" \"/backup\")\n\n# Ensure both arrays have the same length\nif [ $${#volume[@]} -ne $${#mount[@]} ]; then\n    echo \"Volumes and mounts count do not match.\"\n    exit 1\nfi\n\n# Iterate over arrays by index\nfor i in \"$${!volume[@]}\"; do\n    disk=$${volume[$${i}]}\n    mount_p=$${mount[$${i}]}\n    \n    # Create the mount point\n    mkdir -p \"$${mount_p}\"\n    \n    # Mount the logical volume to the mount point\n    echo \"Mounting /dev/stack_vg/$${disk} to $${mount_p}\"\n    mount \"/dev/stack_vg/$${disk}\" \"$${mount_p}\"\n\n    # Make the mount persistent across boots by adding it to /etc/fstab\n    echo \"/dev/stack_vg/$${disk} $${mount_p} ext4 defaults 0 2\" \u003e\u003e /etc/fstab\ndone\n\n\necho \"Mount points created and Disks successfully mounted!\"\n\n#CLIXX\nusermod -a -G apache ec2-user\nchown -R ec2-user:apache /var/www\nchmod 2775 /var/www \u0026\u0026 find /var/www -type d -exec sudo chmod 2775 {} \\;\nfind /var/www -type f -exec sudo chmod 0664 {} \\;\ncd ${MOUNT_POINT}\nsudo chmod -R 755 ${MOUNT_POINT}\nif [ -d \"CliXX_Retail_Repository\" ]; then\n    echo \"CliXX_Retail_Repository exists, skipping copy and clone commands.\" \nelse\n    git clone ${GIT_REPO}\n    cp -r CliXX_Retail_Repository/* ${MOUNT_POINT}\nfi\n\n\n\n#variable declaration \nWP_CONFIG=${MOUNT_POINT}/wp-config.php\n\n#Replacing DB Hostname in wp-config.php file to Correct \nsed -i \"s/'wordpress-db.cc5iigzknvxd.us-east-1.rds.amazonaws.com'/'${DB_HOST}'/g\" $WP_CONFIG\n#sed -i \"s/'restored-db-clixx.cdctvskkaib7.us-east-1.rds.amazonaws.com'/'${DB_HOST}'/g\" $WP_CONFIG\n\n\n##Grant file ownership of /var/www \u0026 its contents to apache user\nchown -R apache /var/www\n##Grant group ownership of /var/www \u0026 contents to apache group\nchgrp -R apache /var/www\n\n##Change directory permissions of /var/www \u0026 its subdir to add group write\nchmod 2775 /var/www\nfind /var/www -type d -exec sudo chmod 2775 {} \\;\n\n##Recursively change file permission of /var/www \u0026 subdir to add group write perm\nfind /var/www -type f -exec sudo chmod 0664 {} \\;\n\n\n##Restart Apache\nsystemctl restart httpd\n\n\n##Enable httpd\n/sbin/sysctl -w net.ipv4.tcp_keepalive_time=200 net.ipv4.tcp_keepalive_intvl=200 net.ipv4.tcp_keepalive_probes=5\n\n\nmysql -h \"${DB_HOST}\" -u \"${DB_USER_CLIXX}\" -p\"${DB_PASS_CLIXX}\" -D \"${DB_NAME_CLIXX}\" \u003c\u003cEOF\nUPDATE wp_options SET option_value = '${CLIXX_LB}' WHERE option_name = 'siteurl';\nEOF\n",
            "vars": {
              "CLIXX_LB": "stack-lb-terraform-681758549.us-east-1.elb.amazonaws.com",
              "DB_HOST": "restored-db-clixx.cdctvskkaib7.us-east-1.rds.amazonaws.com",
              "DB_NAME_CLIXX": "wordpressdb",
              "DB_PASS_CLIXX": "W3lcome123",
              "DB_USER_CLIXX": "wordpressuser",
              "EBS_DEVICES": "/dev/sdb /dev/sdc /dev/sdd /dev/sde /dev/sdg",
              "EFS_DNS": "fs-046e8537124382e57.efs.us-east-1.amazonaws.com",
              "GIT_REPO": "https://github.com/stackitgit/CliXX_Retail_Repository.git",
              "MOUNT_POINT": "/var/www/html",
              "PV_PART_STRING": "/dev/sdb1 /dev/sdc1 /dev/sdd1 /dev/sde1 /dev/sdg1"
            }
          },
          "sensitive_attributes": [
            [
              {
                "type": "get_attr",
                "value": "vars"
              },
              {
                "type": "index",
                "value": {
                  "value": "DB_NAME_CLIXX",
                  "type": "string"
                }
              }
            ],
            [
              {
                "type": "get_attr",
                "value": "vars"
              },
              {
                "type": "index",
                "value": {
                  "value": "DB_PASS_CLIXX",
                  "type": "string"
                }
              }
            ],
            [
              {
                "type": "get_attr",
                "value": "vars"
              },
              {
                "type": "index",
                "value": {
                  "value": "DB_USER_CLIXX",
                  "type": "string"
                }
              }
            ]
          ]
        }
      ]
    },
    {
      "mode": "managed",
      "type": "aws_security_group",
      "name": "vpc-db-sg",
      "provider": "provider[\"registry.terraform.io/hashicorp/aws\"]",
      "instances": [
        {
          "schema_version": 1,
          "attributes": {
            "arn": "arn:aws:ec2:us-east-1:721636561061:security-group/sg-061a4e5d15c751cba",
            "description": "Stack IT Security Group For DB ",
            "egress": [],
            "id": "sg-061a4e5d15c751cba",
            "ingress": [],
            "name": "vpc-db-sg-tf",
            "name_prefix": "",
            "owner_id": "721636561061",
            "revoke_rules_on_delete": false,
            "tags": {
              "Environment": "Production",
              "Name": "vpc-db-sg-tf",
              "OwnerEmail": "teyojessam.abam@gmail.com",
              "Sessions": "StackCloud10"
            },
            "tags_all": {
              "Environment": "Production",
              "Name": "vpc-db-sg-tf",
              "OwnerEmail": "teyojessam.abam@gmail.com",
              "Sessions": "StackCloud10",
              "environment": "dev"
            },
            "timeouts": null,
            "vpc_id": "vpc-06fdf4befa743ea11"
          },
          "sensitive_attributes": [],
          "private": "eyJlMmJmYjczMC1lY2FhLTExZTYtOGY4OC0zNDM2M2JjN2M0YzAiOnsiY3JlYXRlIjo2MDAwMDAwMDAwMDAsImRlbGV0ZSI6OTAwMDAwMDAwMDAwfSwic2NoZW1hX3ZlcnNpb24iOiIxIn0=",
          "dependencies": [
            "module.VPC-BASE.aws_vpc.my_vpc"
          ]
        }
      ]
    },
    {
      "mode": "managed",
      "type": "aws_security_group",
      "name": "vpc-public-sg",
      "provider": "provider[\"registry.terraform.io/hashicorp/aws\"]",
      "instances": [
        {
          "schema_version": 1,
          "attributes": {
            "arn": "arn:aws:ec2:us-east-1:721636561061:security-group/sg-0763cf29143c394fa",
            "description": "Stack IT Security Group For Bastion ",
            "egress": [],
            "id": "sg-0763cf29143c394fa",
            "ingress": [],
            "name": "vpc-pub-sg-tf",
            "name_prefix": "",
            "owner_id": "721636561061",
            "revoke_rules_on_delete": false,
            "tags": {
              "Environment": "Production",
              "Name": "vpc-pub-sg-tf",
              "OwnerEmail": "teyojessam.abam@gmail.com",
              "Sessions": "StackCloud10"
            },
            "tags_all": {
              "Environment": "Production",
              "Name": "vpc-pub-sg-tf",
              "OwnerEmail": "teyojessam.abam@gmail.com",
              "Sessions": "StackCloud10",
              "environment": "dev"
            },
            "timeouts": null,
            "vpc_id": "vpc-06fdf4befa743ea11"
          },
          "sensitive_attributes": [],
          "private": "eyJlMmJmYjczMC1lY2FhLTExZTYtOGY4OC0zNDM2M2JjN2M0YzAiOnsiY3JlYXRlIjo2MDAwMDAwMDAwMDAsImRlbGV0ZSI6OTAwMDAwMDAwMDAwfSwic2NoZW1hX3ZlcnNpb24iOiIxIn0=",
          "dependencies": [
            "module.VPC-BASE.aws_vpc.my_vpc"
          ]
        }
      ]
    },
    {
      "mode": "managed",
      "type": "aws_security_group",
      "name": "vpc-web-sg",
      "provider": "provider[\"registry.terraform.io/hashicorp/aws\"]",
      "instances": [
        {
          "schema_version": 1,
          "attributes": {
            "arn": "arn:aws:ec2:us-east-1:721636561061:security-group/sg-00e98d6e645cf0e20",
            "description": "Stack IT Security Group For App servers ",
            "egress": [],
            "id": "sg-00e98d6e645cf0e20",
            "ingress": [],
            "name": "vpc-web-sg-tf",
            "name_prefix": "",
            "owner_id": "721636561061",
            "revoke_rules_on_delete": false,
            "tags": {
              "Environment": "Production",
              "Name": "vpc-web-sg-tf",
              "OwnerEmail": "teyojessam.abam@gmail.com",
              "Sessions": "StackCloud10"
            },
            "tags_all": {
              "Environment": "Production",
              "Name": "vpc-web-sg-tf",
              "OwnerEmail": "teyojessam.abam@gmail.com",
              "Sessions": "StackCloud10",
              "environment": "dev"
            },
            "timeouts": null,
            "vpc_id": "vpc-06fdf4befa743ea11"
          },
          "sensitive_attributes": [],
          "private": "eyJlMmJmYjczMC1lY2FhLTExZTYtOGY4OC0zNDM2M2JjN2M0YzAiOnsiY3JlYXRlIjo2MDAwMDAwMDAwMDAsImRlbGV0ZSI6OTAwMDAwMDAwMDAwfSwic2NoZW1hX3ZlcnNpb24iOiIxIn0=",
          "dependencies": [
            "module.VPC-BASE.aws_vpc.my_vpc"
          ]
        }
      ]
    },
    {
      "mode": "managed",
      "type": "aws_security_group_rule",
      "name": "http-vpc-pub",
      "provider": "provider[\"registry.terraform.io/hashicorp/aws\"]",
      "instances": [
        {
          "schema_version": 2,
          "attributes": {
            "cidr_blocks": [
              "0.0.0.0/0"
            ],
            "description": null,
            "from_port": 80,
            "id": "sgrule-2765151472",
            "ipv6_cidr_blocks": null,
            "prefix_list_ids": null,
            "protocol": "tcp",
            "security_group_id": "sg-0763cf29143c394fa",
            "security_group_rule_id": "sgr-04b317a303f89881d",
            "self": false,
            "source_security_group_id": null,
            "timeouts": null,
            "to_port": 80,
            "type": "ingress"
          },
          "sensitive_attributes": [],
          "private": "eyJlMmJmYjczMC1lY2FhLTExZTYtOGY4OC0zNDM2M2JjN2M0YzAiOnsiY3JlYXRlIjozMDAwMDAwMDAwMDB9LCJzY2hlbWFfdmVyc2lvbiI6IjIifQ==",
          "dependencies": [
            "aws_security_group.vpc-public-sg",
            "module.VPC-BASE.aws_vpc.my_vpc"
          ]
        }
      ]
    },
    {
      "mode": "managed",
      "type": "aws_security_group_rule",
      "name": "http-web",
      "provider": "provider[\"registry.terraform.io/hashicorp/aws\"]",
      "instances": [
        {
          "schema_version": 2,
          "attributes": {
            "cidr_blocks": null,
            "description": null,
            "from_port": 80,
            "id": "sgrule-857026086",
            "ipv6_cidr_blocks": null,
            "prefix_list_ids": null,
            "protocol": "tcp",
            "security_group_id": "sg-00e98d6e645cf0e20",
            "security_group_rule_id": "sgr-0768fb059cb7da4a8",
            "self": false,
            "source_security_group_id": "sg-0763cf29143c394fa",
            "timeouts": null,
            "to_port": 80,
            "type": "ingress"
          },
          "sensitive_attributes": [],
          "private": "eyJlMmJmYjczMC1lY2FhLTExZTYtOGY4OC0zNDM2M2JjN2M0YzAiOnsiY3JlYXRlIjozMDAwMDAwMDAwMDB9LCJzY2hlbWFfdmVyc2lvbiI6IjIifQ==",
          "dependencies": [
            "aws_security_group.vpc-public-sg",
            "aws_security_group.vpc-web-sg",
            "module.VPC-BASE.aws_vpc.my_vpc"
          ]
        }
      ]
    },
    {
      "mode": "managed",
      "type": "aws_security_group_rule",
      "name": "https-vpc-pub",
      "provider": "provider[\"registry.terraform.io/hashicorp/aws\"]",
      "instances": [
        {
          "schema_version": 2,
          "attributes": {
            "cidr_blocks": [
              "0.0.0.0/0"
            ],
            "description": null,
            "from_port": 443,
            "id": "sgrule-1039841632",
            "ipv6_cidr_blocks": null,
            "prefix_list_ids": null,
            "protocol": "tcp",
            "security_group_id": "sg-0763cf29143c394fa",
            "security_group_rule_id": "sgr-0ed574642e000b125",
            "self": false,
            "source_security_group_id": null,
            "timeouts": null,
            "to_port": 443,
            "type": "ingress"
          },
          "sensitive_attributes": [],
          "private": "eyJlMmJmYjczMC1lY2FhLTExZTYtOGY4OC0zNDM2M2JjN2M0YzAiOnsiY3JlYXRlIjozMDAwMDAwMDAwMDB9LCJzY2hlbWFfdmVyc2lvbiI6IjIifQ==",
          "dependencies": [
            "aws_security_group.vpc-public-sg",
            "module.VPC-BASE.aws_vpc.my_vpc"
          ]
        }
      ]
    },
    {
      "mode": "managed",
      "type": "aws_security_group_rule",
      "name": "https-web",
      "provider": "provider[\"registry.terraform.io/hashicorp/aws\"]",
      "instances": [
        {
          "schema_version": 2,
          "attributes": {
            "cidr_blocks": null,
            "description": null,
            "from_port": 443,
            "id": "sgrule-2663541660",
            "ipv6_cidr_blocks": null,
            "prefix_list_ids": null,
            "protocol": "tcp",
            "security_group_id": "sg-00e98d6e645cf0e20",
            "security_group_rule_id": "sgr-08298bc207e86aca7",
            "self": false,
            "source_security_group_id": "sg-0763cf29143c394fa",
            "timeouts": null,
            "to_port": 443,
            "type": "ingress"
          },
          "sensitive_attributes": [],
          "private": "eyJlMmJmYjczMC1lY2FhLTExZTYtOGY4OC0zNDM2M2JjN2M0YzAiOnsiY3JlYXRlIjozMDAwMDAwMDAwMDB9LCJzY2hlbWFfdmVyc2lvbiI6IjIifQ==",
          "dependencies": [
            "aws_security_group.vpc-public-sg",
            "aws_security_group.vpc-web-sg",
            "module.VPC-BASE.aws_vpc.my_vpc"
          ]
        }
      ]
    },
    {
      "mode": "managed",
      "type": "aws_security_group_rule",
      "name": "mySQL-db",
      "provider": "provider[\"registry.terraform.io/hashicorp/aws\"]",
      "instances": [
        {
          "schema_version": 2,
          "attributes": {
            "cidr_blocks": null,
            "description": null,
            "from_port": 3306,
            "id": "sgrule-998030974",
            "ipv6_cidr_blocks": null,
            "prefix_list_ids": null,
            "protocol": "tcp",
            "security_group_id": "sg-061a4e5d15c751cba",
            "security_group_rule_id": "sgr-08f76b8373d2b88e8",
            "self": false,
            "source_security_group_id": "sg-00e98d6e645cf0e20",
            "timeouts": null,
            "to_port": 3306,
            "type": "ingress"
          },
          "sensitive_attributes": [],
          "private": "eyJlMmJmYjczMC1lY2FhLTExZTYtOGY4OC0zNDM2M2JjN2M0YzAiOnsiY3JlYXRlIjozMDAwMDAwMDAwMDB9LCJzY2hlbWFfdmVyc2lvbiI6IjIifQ==",
          "dependencies": [
            "aws_security_group.vpc-db-sg",
            "aws_security_group.vpc-web-sg",
            "module.VPC-BASE.aws_vpc.my_vpc"
          ]
        }
      ]
    },
    {
      "mode": "managed",
      "type": "aws_security_group_rule",
      "name": "mySQL-vpc-pub",
      "provider": "provider[\"registry.terraform.io/hashicorp/aws\"]",
      "instances": [
        {
          "schema_version": 2,
          "attributes": {
            "cidr_blocks": [
              "0.0.0.0/0"
            ],
            "description": null,
            "from_port": 3306,
            "id": "sgrule-134744287",
            "ipv6_cidr_blocks": null,
            "prefix_list_ids": null,
            "protocol": "tcp",
            "security_group_id": "sg-0763cf29143c394fa",
            "security_group_rule_id": "sgr-090e8ea1da4d4edd4",
            "self": false,
            "source_security_group_id": null,
            "timeouts": null,
            "to_port": 3306,
            "type": "ingress"
          },
          "sensitive_attributes": [],
          "private": "eyJlMmJmYjczMC1lY2FhLTExZTYtOGY4OC0zNDM2M2JjN2M0YzAiOnsiY3JlYXRlIjozMDAwMDAwMDAwMDB9LCJzY2hlbWFfdmVyc2lvbiI6IjIifQ==",
          "dependencies": [
            "aws_security_group.vpc-public-sg",
            "module.VPC-BASE.aws_vpc.my_vpc"
          ]
        }
      ]
    },
    {
      "mode": "managed",
      "type": "aws_security_group_rule",
      "name": "mySQL-web",
      "provider": "provider[\"registry.terraform.io/hashicorp/aws\"]",
      "instances": [
        {
          "schema_version": 2,
          "attributes": {
            "cidr_blocks": null,
            "description": null,
            "from_port": 3306,
            "id": "sgrule-943103305",
            "ipv6_cidr_blocks": null,
            "prefix_list_ids": null,
            "protocol": "tcp",
            "security_group_id": "sg-00e98d6e645cf0e20",
            "security_group_rule_id": "sgr-0566b768d1aaed2a5",
            "self": false,
            "source_security_group_id": "sg-061a4e5d15c751cba",
            "timeouts": null,
            "to_port": 3306,
            "type": "ingress"
          },
          "sensitive_attributes": [],
          "private": "eyJlMmJmYjczMC1lY2FhLTExZTYtOGY4OC0zNDM2M2JjN2M0YzAiOnsiY3JlYXRlIjozMDAwMDAwMDAwMDB9LCJzY2hlbWFfdmVyc2lvbiI6IjIifQ==",
          "dependencies": [
            "aws_security_group.vpc-db-sg",
            "aws_security_group.vpc-web-sg",
            "module.VPC-BASE.aws_vpc.my_vpc"
          ]
        }
      ]
    },
    {
      "mode": "managed",
      "type": "aws_security_group_rule",
      "name": "nfs-vpc-pub",
      "provider": "provider[\"registry.terraform.io/hashicorp/aws\"]",
      "instances": [
        {
          "schema_version": 2,
          "attributes": {
            "cidr_blocks": [
              "0.0.0.0/0"
            ],
            "description": null,
            "from_port": 2049,
            "id": "sgrule-3283141554",
            "ipv6_cidr_blocks": null,
            "prefix_list_ids": null,
            "protocol": "tcp",
            "security_group_id": "sg-0763cf29143c394fa",
            "security_group_rule_id": "sgr-0390717d8f748938e",
            "self": false,
            "source_security_group_id": null,
            "timeouts": null,
            "to_port": 2049,
            "type": "ingress"
          },
          "sensitive_attributes": [],
          "private": "eyJlMmJmYjczMC1lY2FhLTExZTYtOGY4OC0zNDM2M2JjN2M0YzAiOnsiY3JlYXRlIjozMDAwMDAwMDAwMDB9LCJzY2hlbWFfdmVyc2lvbiI6IjIifQ==",
          "dependencies": [
            "aws_security_group.vpc-public-sg",
            "module.VPC-BASE.aws_vpc.my_vpc"
          ]
        }
      ]
    },
    {
      "mode": "managed",
      "type": "aws_security_group_rule",
      "name": "nfs-web",
      "provider": "provider[\"registry.terraform.io/hashicorp/aws\"]",
      "instances": [
        {
          "schema_version": 2,
          "attributes": {
            "cidr_blocks": null,
            "description": null,
            "from_port": 2049,
            "id": "sgrule-1538874760",
            "ipv6_cidr_blocks": null,
            "prefix_list_ids": null,
            "protocol": "tcp",
            "security_group_id": "sg-00e98d6e645cf0e20",
            "security_group_rule_id": "sgr-064d65b574f6c22d8",
            "self": false,
            "source_security_group_id": "sg-0763cf29143c394fa",
            "timeouts": null,
            "to_port": 2049,
            "type": "ingress"
          },
          "sensitive_attributes": [],
          "private": "eyJlMmJmYjczMC1lY2FhLTExZTYtOGY4OC0zNDM2M2JjN2M0YzAiOnsiY3JlYXRlIjozMDAwMDAwMDAwMDB9LCJzY2hlbWFfdmVyc2lvbiI6IjIifQ==",
          "dependencies": [
            "aws_security_group.vpc-public-sg",
            "aws_security_group.vpc-web-sg",
            "module.VPC-BASE.aws_vpc.my_vpc"
          ]
        }
      ]
    },
    {
      "mode": "managed",
      "type": "aws_security_group_rule",
      "name": "oracle-db",
      "provider": "provider[\"registry.terraform.io/hashicorp/aws\"]",
      "instances": [
        {
          "schema_version": 2,
          "attributes": {
            "cidr_blocks": null,
            "description": null,
            "from_port": 1521,
            "id": "sgrule-3391165522",
            "ipv6_cidr_blocks": null,
            "prefix_list_ids": null,
            "protocol": "tcp",
            "security_group_id": "sg-061a4e5d15c751cba",
            "security_group_rule_id": "sgr-0fcf59b291f221a54",
            "self": false,
            "source_security_group_id": "sg-00e98d6e645cf0e20",
            "timeouts": null,
            "to_port": 1521,
            "type": "ingress"
          },
          "sensitive_attributes": [],
          "private": "eyJlMmJmYjczMC1lY2FhLTExZTYtOGY4OC0zNDM2M2JjN2M0YzAiOnsiY3JlYXRlIjozMDAwMDAwMDAwMDB9LCJzY2hlbWFfdmVyc2lvbiI6IjIifQ==",
          "dependencies": [
            "aws_security_group.vpc-db-sg",
            "aws_security_group.vpc-web-sg",
            "module.VPC-BASE.aws_vpc.my_vpc"
          ]
        }
      ]
    },
    {
      "mode": "managed",
      "type": "aws_security_group_rule",
      "name": "oracle-vpc-pub",
      "provider": "provider[\"registry.terraform.io/hashicorp/aws\"]",
      "instances": [
        {
          "schema_version": 2,
          "attributes": {
            "cidr_blocks": [
              "0.0.0.0/0"
            ],
            "description": null,
            "from_port": 1521,
            "id": "sgrule-3749855896",
            "ipv6_cidr_blocks": null,
            "prefix_list_ids": null,
            "protocol": "tcp",
            "security_group_id": "sg-0763cf29143c394fa",
            "security_group_rule_id": "sgr-00e4cb9ca415d7347",
            "self": false,
            "source_security_group_id": null,
            "timeouts": null,
            "to_port": 1521,
            "type": "ingress"
          },
          "sensitive_attributes": [],
          "private": "eyJlMmJmYjczMC1lY2FhLTExZTYtOGY4OC0zNDM2M2JjN2M0YzAiOnsiY3JlYXRlIjozMDAwMDAwMDAwMDB9LCJzY2hlbWFfdmVyc2lvbiI6IjIifQ==",
          "dependencies": [
            "aws_security_group.vpc-public-sg",
            "module.VPC-BASE.aws_vpc.my_vpc"
          ]
        }
      ]
    },
    {
      "mode": "managed",
      "type": "aws_security_group_rule",
      "name": "oracle-web",
      "provider": "provider[\"registry.terraform.io/hashicorp/aws\"]",
      "instances": [
        {
          "schema_version": 2,
          "attributes": {
            "cidr_blocks": null,
            "description": null,
            "from_port": 1521,
            "id": "sgrule-3379246949",
            "ipv6_cidr_blocks": null,
            "prefix_list_ids": null,
            "protocol": "tcp",
            "security_group_id": "sg-00e98d6e645cf0e20",
            "security_group_rule_id": "sgr-0668b830a18b43d83",
            "self": false,
            "source_security_group_id": "sg-061a4e5d15c751cba",
            "timeouts": null,
            "to_port": 1521,
            "type": "ingress"
          },
          "sensitive_attributes": [],
          "private": "eyJlMmJmYjczMC1lY2FhLTExZTYtOGY4OC0zNDM2M2JjN2M0YzAiOnsiY3JlYXRlIjozMDAwMDAwMDAwMDB9LCJzY2hlbWFfdmVyc2lvbiI6IjIifQ==",
          "dependencies": [
            "aws_security_group.vpc-db-sg",
            "aws_security_group.vpc-web-sg",
            "module.VPC-BASE.aws_vpc.my_vpc"
          ]
        }
      ]
    },
    {
      "mode": "managed",
      "type": "aws_security_group_rule",
      "name": "outbound-db",
      "provider": "provider[\"registry.terraform.io/hashicorp/aws\"]",
      "instances": [
        {
          "schema_version": 2,
          "attributes": {
            "cidr_blocks": [
              "0.0.0.0/0"
            ],
            "description": null,
            "from_port": 0,
            "id": "sgrule-1582475084",
            "ipv6_cidr_blocks": null,
            "prefix_list_ids": null,
            "protocol": "-1",
            "security_group_id": "sg-061a4e5d15c751cba",
            "security_group_rule_id": "sgr-0631d0fa7a856f501",
            "self": false,
            "source_security_group_id": null,
            "timeouts": null,
            "to_port": 0,
            "type": "egress"
          },
          "sensitive_attributes": [],
          "private": "eyJlMmJmYjczMC1lY2FhLTExZTYtOGY4OC0zNDM2M2JjN2M0YzAiOnsiY3JlYXRlIjozMDAwMDAwMDAwMDB9LCJzY2hlbWFfdmVyc2lvbiI6IjIifQ==",
          "dependencies": [
            "aws_security_group.vpc-db-sg",
            "module.VPC-BASE.aws_vpc.my_vpc"
          ]
        }
      ]
    },
    {
      "mode": "managed",
      "type": "aws_security_group_rule",
      "name": "outbound-db-mysql",
      "provider": "provider[\"registry.terraform.io/hashicorp/aws\"]",
      "instances": [
        {
          "schema_version": 2,
          "attributes": {
            "cidr_blocks": null,
            "description": null,
            "from_port": 3306,
            "id": "sgrule-4159171579",
            "ipv6_cidr_blocks": null,
            "prefix_list_ids": null,
            "protocol": "-1",
            "security_group_id": "sg-061a4e5d15c751cba",
            "security_group_rule_id": "sgr-0a78f47f137651b07",
            "self": false,
            "source_security_group_id": "sg-00e98d6e645cf0e20",
            "timeouts": null,
            "to_port": 3306,
            "type": "egress"
          },
          "sensitive_attributes": [],
          "private": "eyJlMmJmYjczMC1lY2FhLTExZTYtOGY4OC0zNDM2M2JjN2M0YzAiOnsiY3JlYXRlIjozMDAwMDAwMDAwMDB9LCJzY2hlbWFfdmVyc2lvbiI6IjIifQ==",
          "dependencies": [
            "aws_security_group.vpc-db-sg",
            "aws_security_group.vpc-web-sg",
            "module.VPC-BASE.aws_vpc.my_vpc"
          ]
        }
      ]
    },
    {
      "mode": "managed",
      "type": "aws_security_group_rule",
      "name": "outbound-vpc-pub",
      "provider": "provider[\"registry.terraform.io/hashicorp/aws\"]",
      "instances": [
        {
          "schema_version": 2,
          "attributes": {
            "cidr_blocks": [
              "0.0.0.0/0"
            ],
            "description": null,
            "from_port": 0,
            "id": "sgrule-2464695284",
            "ipv6_cidr_blocks": null,
            "prefix_list_ids": null,
            "protocol": "-1",
            "security_group_id": "sg-0763cf29143c394fa",
            "security_group_rule_id": "sgr-0ef8fd5ed4a0d5c19",
            "self": false,
            "source_security_group_id": null,
            "timeouts": null,
            "to_port": 0,
            "type": "egress"
          },
          "sensitive_attributes": [],
          "private": "eyJlMmJmYjczMC1lY2FhLTExZTYtOGY4OC0zNDM2M2JjN2M0YzAiOnsiY3JlYXRlIjozMDAwMDAwMDAwMDB9LCJzY2hlbWFfdmVyc2lvbiI6IjIifQ==",
          "dependencies": [
            "aws_security_group.vpc-public-sg",
            "module.VPC-BASE.aws_vpc.my_vpc"
          ]
        }
      ]
    },
    {
      "mode": "managed",
      "type": "aws_security_group_rule",
      "name": "outbound-web",
      "provider": "provider[\"registry.terraform.io/hashicorp/aws\"]",
      "instances": [
        {
          "schema_version": 2,
          "attributes": {
            "cidr_blocks": [
              "0.0.0.0/0"
            ],
            "description": null,
            "from_port": 0,
            "id": "sgrule-1011756322",
            "ipv6_cidr_blocks": null,
            "prefix_list_ids": null,
            "protocol": "-1",
            "security_group_id": "sg-00e98d6e645cf0e20",
            "security_group_rule_id": "sgr-03e8c070182b981ff",
            "self": false,
            "source_security_group_id": null,
            "timeouts": null,
            "to_port": 0,
            "type": "egress"
          },
          "sensitive_attributes": [],
          "private": "eyJlMmJmYjczMC1lY2FhLTExZTYtOGY4OC0zNDM2M2JjN2M0YzAiOnsiY3JlYXRlIjozMDAwMDAwMDAwMDB9LCJzY2hlbWFfdmVyc2lvbiI6IjIifQ==",
          "dependencies": [
            "aws_security_group.vpc-web-sg",
            "module.VPC-BASE.aws_vpc.my_vpc"
          ]
        }
      ]
    },
    {
      "mode": "managed",
      "type": "aws_security_group_rule",
      "name": "ssh-vpc-pub",
      "provider": "provider[\"registry.terraform.io/hashicorp/aws\"]",
      "instances": [
        {
          "schema_version": 2,
          "attributes": {
            "cidr_blocks": [
              "0.0.0.0/0"
            ],
            "description": null,
            "from_port": 22,
            "id": "sgrule-307921221",
            "ipv6_cidr_blocks": null,
            "prefix_list_ids": null,
            "protocol": "tcp",
            "security_group_id": "sg-0763cf29143c394fa",
            "security_group_rule_id": "sgr-08f351489ae2b9440",
            "self": false,
            "source_security_group_id": null,
            "timeouts": null,
            "to_port": 22,
            "type": "ingress"
          },
          "sensitive_attributes": [],
          "private": "eyJlMmJmYjczMC1lY2FhLTExZTYtOGY4OC0zNDM2M2JjN2M0YzAiOnsiY3JlYXRlIjozMDAwMDAwMDAwMDB9LCJzY2hlbWFfdmVyc2lvbiI6IjIifQ==",
          "dependencies": [
            "aws_security_group.vpc-public-sg",
            "module.VPC-BASE.aws_vpc.my_vpc"
          ]
        }
      ]
    },
    {
      "mode": "managed",
      "type": "aws_security_group_rule",
      "name": "ssh-web",
      "provider": "provider[\"registry.terraform.io/hashicorp/aws\"]",
      "instances": [
        {
          "schema_version": 2,
          "attributes": {
            "cidr_blocks": null,
            "description": null,
            "from_port": 22,
            "id": "sgrule-2787881006",
            "ipv6_cidr_blocks": null,
            "prefix_list_ids": null,
            "protocol": "tcp",
            "security_group_id": "sg-00e98d6e645cf0e20",
            "security_group_rule_id": "sgr-0e15fb7c267f81510",
            "self": false,
            "source_security_group_id": "sg-0763cf29143c394fa",
            "timeouts": null,
            "to_port": 22,
            "type": "ingress"
          },
          "sensitive_attributes": [],
          "private": "eyJlMmJmYjczMC1lY2FhLTExZTYtOGY4OC0zNDM2M2JjN2M0YzAiOnsiY3JlYXRlIjozMDAwMDAwMDAwMDB9LCJzY2hlbWFfdmVyc2lvbiI6IjIifQ==",
          "dependencies": [
            "aws_security_group.vpc-public-sg",
            "aws_security_group.vpc-web-sg",
            "module.VPC-BASE.aws_vpc.my_vpc"
          ]
        }
      ]
    },
    {
      "module": "module.ASG-LB-BASE[0]",
      "mode": "managed",
      "type": "aws_autoscaling_group",
      "name": "terraform_asg",
      "provider": "provider[\"registry.terraform.io/hashicorp/aws\"]",
      "instances": [
        {
          "schema_version": 1,
          "attributes": {
            "arn": "arn:aws:autoscaling:us-east-1:721636561061:autoScalingGroup:9575a65b-1e88-49ba-b87a-a5e768bed230:autoScalingGroupName/clixx-asg-terraform",
            "availability_zones": [
              "us-east-1a",
              "us-east-1b"
            ],
            "capacity_rebalance": false,
            "context": "",
            "default_cooldown": 300,
            "default_instance_warmup": 0,
            "desired_capacity": 4,
            "desired_capacity_type": "",
            "enabled_metrics": null,
            "force_delete": false,
            "force_delete_warm_pool": false,
            "health_check_grace_period": 300,
            "health_check_type": "EC2",
            "id": "clixx-asg-terraform",
            "ignore_failed_scaling_activities": false,
            "initial_lifecycle_hook": [],
            "instance_maintenance_policy": [],
            "instance_refresh": [],
            "launch_configuration": "",
            "launch_template": [
              {
                "id": "lt-0cee3a2b92892e516",
                "name": "clixx-lt-terraform",
                "version": "$Latest"
              }
            ],
            "load_balancers": [],
            "max_instance_lifetime": 0,
            "max_size": 4,
            "metrics_granularity": "1Minute",
            "min_elb_capacity": null,
            "min_size": 2,
            "mixed_instances_policy": [],
            "name": "clixx-asg-terraform",
            "name_prefix": "",
            "placement_group": "",
            "predicted_capacity": 0,
            "protect_from_scale_in": false,
            "service_linked_role_arn": "arn:aws:iam::721636561061:role/aws-service-role/autoscaling.amazonaws.com/AWSServiceRoleForAutoScaling",
            "suspended_processes": null,
            "tag": [
              {
                "key": "Name",
                "propagate_at_launch": true,
                "value": "Stack-Dev-Server-TF"
              }
            ],
            "target_group_arns": [
              "arn:aws:elasticloadbalancing:us-east-1:721636561061:targetgroup/Stack-ClIXX-TG/609038f524266582"
            ],
            "termination_policies": null,
            "timeouts": null,
            "traffic_source": [
              {
                "identifier": "arn:aws:elasticloadbalancing:us-east-1:721636561061:targetgroup/Stack-ClIXX-TG/609038f524266582",
                "type": "elbv2"
              }
            ],
            "vpc_zone_identifier": [
              "subnet-0c7fc5b209150fc36",
              "subnet-0d0f3d5b01123d254"
            ],
            "wait_for_capacity_timeout": "10m",
            "wait_for_elb_capacity": null,
            "warm_pool": [],
            "warm_pool_size": 0
          },
          "sensitive_attributes": [],
          "private": "eyJlMmJmYjczMC1lY2FhLTExZTYtOGY4OC0zNDM2M2JjN2M0YzAiOnsiZGVsZXRlIjo2MDAwMDAwMDAwMDAsInVwZGF0ZSI6NjAwMDAwMDAwMDAwfSwic2NoZW1hX3ZlcnNpb24iOiIxIn0=",
          "dependencies": [
            "aws_security_group.vpc-db-sg",
            "aws_security_group.vpc-public-sg",
            "aws_security_group.vpc-web-sg",
            "data.aws_ami.stack_ami",
            "data.aws_secretsmanager_secret_version.creds",
            "data.template_file.clixx_bootstrap",
            "module.ASG-LB-BASE.aws_lb.stack-lb",
            "module.ASG-LB-BASE.aws_lb_target_group.stack-clixx-tg",
            "module.EFS-BASE.aws_efs_file_system.terraform_efs",
            "module.EFS-BASE.aws_efs_mount_target.terraform_efs_mount",
            "module.LAUNCH-TEMP-BASE.aws_launch_template.terraform_lt",
            "module.RDS-BASE.aws_db_instance.restored_db",
            "module.RDS-BASE.aws_db_subnet_group.vpc-tf-dbgroup",
            "module.VPC-BASE.aws_subnet.private_subnets",
            "module.VPC-BASE.aws_subnet.public_subnets",
            "module.VPC-BASE.aws_vpc.my_vpc"
          ]
        }
      ]
    },
    {
      "module": "module.ASG-LB-BASE[0]",
      "mode": "managed",
      "type": "aws_lb",
      "name": "stack-lb",
      "provider": "provider[\"registry.terraform.io/hashicorp/aws\"]",
      "instances": [
        {
          "schema_version": 0,
          "attributes": {
            "access_logs": [
              {
                "bucket": "",
                "enabled": false,
                "prefix": ""
              }
            ],
            "arn": "arn:aws:elasticloadbalancing:us-east-1:721636561061:loadbalancer/app/stack-lb-terraform/fa7a91482a311546",
            "arn_suffix": "app/stack-lb-terraform/fa7a91482a311546",
            "connection_logs": [
              {
                "bucket": "",
                "enabled": false,
                "prefix": ""
              }
            ],
            "customer_owned_ipv4_pool": "",
            "desync_mitigation_mode": "defensive",
            "dns_name": "stack-lb-terraform-681758549.us-east-1.elb.amazonaws.com",
            "dns_record_client_routing_policy": null,
            "drop_invalid_header_fields": false,
            "enable_cross_zone_load_balancing": true,
            "enable_deletion_protection": false,
            "enable_http2": true,
            "enable_tls_version_and_cipher_suite_headers": false,
            "enable_waf_fail_open": false,
            "enable_xff_client_port": false,
            "enforce_security_group_inbound_rules_on_private_link_traffic": "",
            "id": "arn:aws:elasticloadbalancing:us-east-1:721636561061:loadbalancer/app/stack-lb-terraform/fa7a91482a311546",
            "idle_timeout": 60,
            "internal": false,
            "ip_address_type": "ipv4",
            "load_balancer_type": "application",
            "name": "stack-lb-terraform",
            "name_prefix": "",
            "preserve_host_header": false,
            "security_groups": [
              "sg-0763cf29143c394fa"
            ],
            "subnet_mapping": [
              {
                "allocation_id": "",
                "ipv6_address": "",
                "outpost_id": "",
                "private_ipv4_address": "",
                "subnet_id": "subnet-04670c832cbf41ac5"
              },
              {
                "allocation_id": "",
                "ipv6_address": "",
                "outpost_id": "",
                "private_ipv4_address": "",
                "subnet_id": "subnet-09be4246d366a5fb1"
              }
            ],
            "subnets": [
              "subnet-04670c832cbf41ac5",
              "subnet-09be4246d366a5fb1"
            ],
            "tags": null,
            "tags_all": {
              "environment": "dev"
            },
            "timeouts": null,
            "vpc_id": "vpc-06fdf4befa743ea11",
            "xff_header_processing_mode": "append",
            "zone_id": "Z35SXDOTRQ7X7K"
          },
          "sensitive_attributes": [],
          "private": "eyJlMmJmYjczMC1lY2FhLTExZTYtOGY4OC0zNDM2M2JjN2M0YzAiOnsiY3JlYXRlIjo2MDAwMDAwMDAwMDAsImRlbGV0ZSI6NjAwMDAwMDAwMDAwLCJ1cGRhdGUiOjYwMDAwMDAwMDAwMH19",
          "dependencies": [
            "aws_security_group.vpc-public-sg",
            "module.VPC-BASE.aws_subnet.public_subnets",
            "module.VPC-BASE.aws_vpc.my_vpc"
          ]
        }
      ]
    },
    {
      "module": "module.ASG-LB-BASE[0]",
      "mode": "managed",
      "type": "aws_lb_listener",
      "name": "clixx-listener",
      "provider": "provider[\"registry.terraform.io/hashicorp/aws\"]",
      "instances": [
        {
          "schema_version": 0,
          "attributes": {
            "alpn_policy": null,
            "arn": "arn:aws:elasticloadbalancing:us-east-1:721636561061:listener/app/stack-lb-terraform/fa7a91482a311546/892903d404141cda",
            "certificate_arn": null,
            "default_action": [
              {
                "authenticate_cognito": [],
                "authenticate_oidc": [],
                "fixed_response": [],
                "forward": [],
                "order": 1,
                "redirect": [],
                "target_group_arn": "arn:aws:elasticloadbalancing:us-east-1:721636561061:targetgroup/Stack-ClIXX-TG/609038f524266582",
                "type": "forward"
              }
            ],
            "id": "arn:aws:elasticloadbalancing:us-east-1:721636561061:listener/app/stack-lb-terraform/fa7a91482a311546/892903d404141cda",
            "load_balancer_arn": "arn:aws:elasticloadbalancing:us-east-1:721636561061:loadbalancer/app/stack-lb-terraform/fa7a91482a311546",
            "mutual_authentication": [],
            "port": 80,
            "protocol": "HTTP",
            "ssl_policy": "",
            "tags": null,
            "tags_all": {
              "environment": "dev"
            },
            "timeouts": null
          },
          "sensitive_attributes": [],
          "private": "eyJlMmJmYjczMC1lY2FhLTExZTYtOGY4OC0zNDM2M2JjN2M0YzAiOnsiY3JlYXRlIjozMDAwMDAwMDAwMDAsInVwZGF0ZSI6MzAwMDAwMDAwMDAwfX0=",
          "dependencies": [
            "aws_security_group.vpc-public-sg",
            "module.ASG-LB-BASE.aws_lb.stack-lb",
            "module.ASG-LB-BASE.aws_lb_target_group.stack-clixx-tg",
            "module.VPC-BASE.aws_subnet.public_subnets",
            "module.VPC-BASE.aws_vpc.my_vpc"
          ]
        }
      ]
    },
    {
      "module": "module.ASG-LB-BASE[0]",
      "mode": "managed",
      "type": "aws_lb_target_group",
      "name": "stack-clixx-tg",
      "provider": "provider[\"registry.terraform.io/hashicorp/aws\"]",
      "instances": [
        {
          "schema_version": 0,
          "attributes": {
            "arn": "arn:aws:elasticloadbalancing:us-east-1:721636561061:targetgroup/Stack-ClIXX-TG/609038f524266582",
            "arn_suffix": "targetgroup/Stack-ClIXX-TG/609038f524266582",
            "connection_termination": null,
            "deregistration_delay": "300",
            "health_check": [
              {
                "enabled": true,
                "healthy_threshold": 3,
                "interval": 10,
                "matcher": "200",
                "path": "/",
                "port": "traffic-port",
                "protocol": "HTTP",
                "timeout": 3,
                "unhealthy_threshold": 3
              }
            ],
            "id": "arn:aws:elasticloadbalancing:us-east-1:721636561061:targetgroup/Stack-ClIXX-TG/609038f524266582",
            "ip_address_type": "ipv4",
            "lambda_multi_value_headers_enabled": false,
            "load_balancer_arns": [],
            "load_balancing_algorithm_type": "round_robin",
            "load_balancing_anomaly_mitigation": "off",
            "load_balancing_cross_zone_enabled": "use_load_balancer_configuration",
            "name": "Stack-ClIXX-TG",
            "name_prefix": "",
            "port": 80,
            "preserve_client_ip": null,
            "protocol": "HTTP",
            "protocol_version": "HTTP1",
            "proxy_protocol_v2": false,
            "slow_start": 0,
            "stickiness": [
              {
                "cookie_duration": 86400,
                "cookie_name": "",
                "enabled": false,
                "type": "lb_cookie"
              }
            ],
            "tags": null,
            "tags_all": {
              "environment": "dev"
            },
            "target_failover": [
              {
                "on_deregistration": null,
                "on_unhealthy": null
              }
            ],
            "target_health_state": [
              {
                "enable_unhealthy_connection_termination": null
              }
            ],
            "target_type": "instance",
            "vpc_id": "vpc-06fdf4befa743ea11"
          },
          "sensitive_attributes": [],
          "private": "bnVsbA==",
          "dependencies": [
            "module.VPC-BASE.aws_vpc.my_vpc"
          ]
        }
      ]
    },
    {
      "module": "module.ASG-LB-BASE[0]",
      "mode": "managed",
      "type": "aws_route53_record",
      "name": "clixx_53_record",
      "provider": "provider[\"registry.terraform.io/hashicorp/aws\"]",
      "instances": [
        {
          "schema_version": 2,
          "attributes": {
            "alias": [
              {
                "evaluate_target_health": false,
                "name": "stack-lb-terraform-681758549.us-east-1.elb.amazonaws.com",
                "zone_id": "Z35SXDOTRQ7X7K"
              }
            ],
            "allow_overwrite": null,
            "cidr_routing_policy": [],
            "failover_routing_policy": [],
            "fqdn": "dev-clixx-stack-teejayabam.com",
            "geolocation_routing_policy": [],
            "geoproximity_routing_policy": [],
            "health_check_id": "",
            "id": "Z02780201JM7A6VMVXQ98_dev-clixx-stack-teejayabam.com_A",
            "latency_routing_policy": [],
            "multivalue_answer_routing_policy": false,
            "name": "dev-clixx-stack-teejayabam.com",
            "records": null,
            "set_identifier": "",
            "ttl": 0,
            "type": "A",
            "weighted_routing_policy": [],
            "zone_id": "Z02780201JM7A6VMVXQ98"
          },
          "sensitive_attributes": [],
          "private": "eyJzY2hlbWFfdmVyc2lvbiI6IjIifQ==",
          "dependencies": [
            "aws_security_group.vpc-public-sg",
            "module.ASG-LB-BASE.aws_lb.stack-lb",
            "module.VPC-BASE.aws_subnet.public_subnets",
            "module.VPC-BASE.aws_vpc.my_vpc"
          ]
        }
      ]
    },
    {
      "module": "module.EC2-BASTION-BASE[0]",
      "mode": "managed",
      "type": "aws_instance",
      "name": "bastion_hosts",
      "provider": "provider[\"registry.terraform.io/hashicorp/aws\"]",
      "instances": [
        {
          "index_key": 0,
          "schema_version": 1,
          "attributes": {
            "ami": "ami-09fa71c556874b946",
            "arn": "arn:aws:ec2:us-east-1:721636561061:instance/i-0766373c1c728bbee",
            "associate_public_ip_address": true,
            "availability_zone": "us-east-1a",
            "capacity_reservation_specification": [
              {
                "capacity_reservation_preference": "open",
                "capacity_reservation_target": []
              }
            ],
            "cpu_core_count": 1,
            "cpu_options": [
              {
                "amd_sev_snp": "",
                "core_count": 1,
                "threads_per_core": 1
              }
            ],
            "cpu_threads_per_core": 1,
            "credit_specification": [
              {
                "cpu_credits": "standard"
              }
            ],
            "disable_api_stop": false,
            "disable_api_termination": false,
            "ebs_block_device": [],
            "ebs_optimized": false,
            "enclave_options": [
              {
                "enabled": false
              }
            ],
            "ephemeral_block_device": [],
            "get_password_data": false,
            "hibernation": false,
            "host_id": "",
            "host_resource_group_arn": null,
            "iam_instance_profile": "S3_Admin_Access",
            "id": "i-0766373c1c728bbee",
            "instance_initiated_shutdown_behavior": "stop",
            "instance_lifecycle": "",
            "instance_market_options": [],
            "instance_state": "running",
            "instance_type": "t2.micro",
            "ipv6_address_count": 0,
            "ipv6_addresses": [],
            "key_name": "stackkp_vpc",
            "launch_template": [],
            "maintenance_options": [
              {
                "auto_recovery": "default"
              }
            ],
            "metadata_options": [
              {
                "http_endpoint": "enabled",
                "http_protocol_ipv6": "disabled",
                "http_put_response_hop_limit": 1,
                "http_tokens": "optional",
                "instance_metadata_tags": "disabled"
              }
            ],
            "monitoring": false,
            "network_interface": [],
            "outpost_arn": "",
            "password_data": "",
            "placement_group": "",
            "placement_partition_number": 0,
            "primary_network_interface_id": "eni-02be2a252922a44d8",
            "private_dns": "ip-10-0-4-167.ec2.internal",
            "private_dns_name_options": [
              {
                "enable_resource_name_dns_a_record": false,
                "enable_resource_name_dns_aaaa_record": false,
                "hostname_type": "ip-name"
              }
            ],
            "private_ip": "10.0.4.167",
            "public_dns": "ec2-3-84-146-151.compute-1.amazonaws.com",
            "public_ip": "3.84.146.151",
            "root_block_device": [
              {
                "delete_on_termination": false,
                "device_name": "/dev/xvda",
                "encrypted": false,
                "iops": 100,
                "kms_key_id": "",
                "tags": null,
                "tags_all": {
                  "environment": "dev"
                },
                "throughput": 0,
                "volume_id": "vol-083b3c35ff7361433",
                "volume_size": 30,
                "volume_type": "gp2"
              }
            ],
            "secondary_private_ips": [],
            "security_groups": [],
            "source_dest_check": true,
            "spot_instance_request_id": "",
            "subnet_id": "subnet-09be4246d366a5fb1",
            "tags": {
              "Name": "bastion-host1"
            },
            "tags_all": {
              "Name": "bastion-host1",
              "environment": "dev"
            },
            "tenancy": "default",
            "timeouts": null,
            "user_data": "fda1af3e1af35a856537ff0bb92623a203b0ff97",
            "user_data_base64": null,
            "user_data_replace_on_change": false,
            "volume_tags": null,
            "vpc_security_group_ids": [
              "sg-0763cf29143c394fa"
            ]
          },
          "sensitive_attributes": [],
          "private": "eyJlMmJmYjczMC1lY2FhLTExZTYtOGY4OC0zNDM2M2JjN2M0YzAiOnsiY3JlYXRlIjo2MDAwMDAwMDAwMDAsImRlbGV0ZSI6MTIwMDAwMDAwMDAwMCwicmVhZCI6OTAwMDAwMDAwMDAwLCJ1cGRhdGUiOjYwMDAwMDAwMDAwMH0sInNjaGVtYV92ZXJzaW9uIjoiMSJ9",
          "dependencies": [
            "aws_security_group.vpc-public-sg",
            "data.aws_ami.stack_ami",
            "data.template_file.bastion_bootstrap",
            "module.EC2-BASTION-BASE.aws_key_pair.Stack_KP",
            "module.VPC-BASE.aws_subnet.public_subnets",
            "module.VPC-BASE.aws_vpc.my_vpc"
          ]
        },
        {
          "index_key": 1,
          "schema_version": 1,
          "attributes": {
            "ami": "ami-09fa71c556874b946",
            "arn": "arn:aws:ec2:us-east-1:721636561061:instance/i-09a1db8e8fd43f729",
            "associate_public_ip_address": true,
            "availability_zone": "us-east-1b",
            "capacity_reservation_specification": [
              {
                "capacity_reservation_preference": "open",
                "capacity_reservation_target": []
              }
            ],
            "cpu_core_count": 1,
            "cpu_options": [
              {
                "amd_sev_snp": "",
                "core_count": 1,
                "threads_per_core": 1
              }
            ],
            "cpu_threads_per_core": 1,
            "credit_specification": [
              {
                "cpu_credits": "standard"
              }
            ],
            "disable_api_stop": false,
            "disable_api_termination": false,
            "ebs_block_device": [],
            "ebs_optimized": false,
            "enclave_options": [
              {
                "enabled": false
              }
            ],
            "ephemeral_block_device": [],
            "get_password_data": false,
            "hibernation": false,
            "host_id": "",
            "host_resource_group_arn": null,
            "iam_instance_profile": "S3_Admin_Access",
            "id": "i-09a1db8e8fd43f729",
            "instance_initiated_shutdown_behavior": "stop",
            "instance_lifecycle": "",
            "instance_market_options": [],
            "instance_state": "running",
            "instance_type": "t2.micro",
            "ipv6_address_count": 0,
            "ipv6_addresses": [],
            "key_name": "stackkp_vpc",
            "launch_template": [],
            "maintenance_options": [
              {
                "auto_recovery": "default"
              }
            ],
            "metadata_options": [
              {
                "http_endpoint": "enabled",
                "http_protocol_ipv6": "disabled",
                "http_put_response_hop_limit": 1,
                "http_tokens": "optional",
                "instance_metadata_tags": "disabled"
              }
            ],
            "monitoring": false,
            "network_interface": [],
            "outpost_arn": "",
            "password_data": "",
            "placement_group": "",
            "placement_partition_number": 0,
            "primary_network_interface_id": "eni-0081a75f66eee289c",
            "private_dns": "ip-10-0-23-120.ec2.internal",
            "private_dns_name_options": [
              {
                "enable_resource_name_dns_a_record": false,
                "enable_resource_name_dns_aaaa_record": false,
                "hostname_type": "ip-name"
              }
            ],
            "private_ip": "10.0.23.120",
            "public_dns": "ec2-44-204-110-158.compute-1.amazonaws.com",
            "public_ip": "44.204.110.158",
            "root_block_device": [
              {
                "delete_on_termination": false,
                "device_name": "/dev/xvda",
                "encrypted": false,
                "iops": 100,
                "kms_key_id": "",
                "tags": null,
                "tags_all": {
                  "environment": "dev"
                },
                "throughput": 0,
                "volume_id": "vol-0d3bed41deca97e5a",
                "volume_size": 30,
                "volume_type": "gp2"
              }
            ],
            "secondary_private_ips": [],
            "security_groups": [],
            "source_dest_check": true,
            "spot_instance_request_id": "",
            "subnet_id": "subnet-04670c832cbf41ac5",
            "tags": {
              "Name": "bastion-host2"
            },
            "tags_all": {
              "Name": "bastion-host2",
              "environment": "dev"
            },
            "tenancy": "default",
            "timeouts": null,
            "user_data": "fda1af3e1af35a856537ff0bb92623a203b0ff97",
            "user_data_base64": null,
            "user_data_replace_on_change": false,
            "volume_tags": null,
            "vpc_security_group_ids": [
              "sg-0763cf29143c394fa"
            ]
          },
          "sensitive_attributes": [],
          "private": "eyJlMmJmYjczMC1lY2FhLTExZTYtOGY4OC0zNDM2M2JjN2M0YzAiOnsiY3JlYXRlIjo2MDAwMDAwMDAwMDAsImRlbGV0ZSI6MTIwMDAwMDAwMDAwMCwicmVhZCI6OTAwMDAwMDAwMDAwLCJ1cGRhdGUiOjYwMDAwMDAwMDAwMH0sInNjaGVtYV92ZXJzaW9uIjoiMSJ9",
          "dependencies": [
            "aws_security_group.vpc-public-sg",
            "data.aws_ami.stack_ami",
            "data.template_file.bastion_bootstrap",
            "module.EC2-BASTION-BASE.aws_key_pair.Stack_KP",
            "module.VPC-BASE.aws_subnet.public_subnets",
            "module.VPC-BASE.aws_vpc.my_vpc"
          ]
        }
      ]
    },
    {
      "module": "module.EC2-BASTION-BASE[0]",
      "mode": "managed",
      "type": "aws_key_pair",
      "name": "Stack_KP",
      "provider": "provider[\"registry.terraform.io/hashicorp/aws\"]",
      "instances": [
        {
          "schema_version": 1,
          "attributes": {
            "arn": "arn:aws:ec2:us-east-1:721636561061:key-pair/stackkp_vpc",
            "fingerprint": "f7:bf:96:51:44:2f:fc:0d:8f:20:82:46:e4:c1:8b:a1",
            "id": "stackkp_vpc",
            "key_name": "stackkp_vpc",
            "key_name_prefix": "",
            "key_pair_id": "key-0acb6970952bb016e",
            "key_type": "rsa",
            "public_key": "ssh-rsa AAAAB3NzaC1yc2EAAAADAQABAAACAQDHO/4xgLjDaG8x7qob+0c57MweKb5AdVnlhTKroo5iV0eQ98An3et0s9OOEWF8i4nwuRSzvdErg8mAfPS+veP+lutGUslpuv1B34WTedgAp4NbgI/gf4WjdNNP/TtQ4S+6z3bzXclY21vBRfKP2koYb1RG2RIEn8KFIDuTCG3yTxrG4j6YEVSLLJG1xkz+JqfKeWvBI4NTyOIJ8p3P12zomXRcnhY1KTipcsvSbVLTLwNoVdUw83uLNA0PjhtEQMc2MupbeYsOeTMlgSDm9qip9v7vKGt5flapRLwOevWLK+TvmOaeaqNqndDhZrbpdqnh2dz/S4BifricctOxBDu3OEnA0AaUtR3ns4UJZ4UewsSZwkPS2+QAg8z15/5yiJ2FCphTY57tlACyCpS/QSwIYpEKfvhEyKISakbYlKOcdpDcCcxDw//6AAF7oPo/ZT1U3LrGbmpPAhyX2BeZiJw+eDx6arMj6h1kQY5XnK3kil24H/SL0jOJuK0JBrD7nQ9SwtE7KoC733oEhqgCBqJQGai0amsj+YR0G6u2zRtj+m+aYEPpTZyXP0br1h2szoejAdjJc1nk1MvPANVh+pNzQrdLm9rz4bxWDXd/Ray9xgOm3/aZm5pK+sfnoHOnIlrL314hjQnoAUSkbafY19flC2CGHMme1LwHYAqeBo3Hvw== teyoj@DESKTOP-L4G9VIR",
            "tags": null,
            "tags_all": {
              "environment": "dev"
            }
          },
          "sensitive_attributes": [],
          "private": "eyJzY2hlbWFfdmVyc2lvbiI6IjEifQ=="
        }
      ]
    },
    {
      "module": "module.EFS-BASE[0]",
      "mode": "managed",
      "type": "aws_efs_file_system",
      "name": "terraform_efs",
      "provider": "provider[\"registry.terraform.io/hashicorp/aws\"]",
      "instances": [
        {
          "schema_version": 0,
          "attributes": {
            "arn": "arn:aws:elasticfilesystem:us-east-1:721636561061:file-system/fs-046e8537124382e57",
            "availability_zone_id": "",
            "availability_zone_name": "",
            "creation_token": "terraform-20240521142536661700000001",
            "dns_name": "fs-046e8537124382e57.efs.us-east-1.amazonaws.com",
            "encrypted": true,
            "id": "fs-046e8537124382e57",
            "kms_key_id": "arn:aws:kms:us-east-1:721636561061:key/e96a15b3-99e8-42a1-af11-05529c7ff39c",
            "lifecycle_policy": [
              {
                "transition_to_archive": "",
                "transition_to_ia": "AFTER_30_DAYS",
                "transition_to_primary_storage_class": ""
              }
            ],
            "name": "terraform_efs",
            "number_of_mount_targets": 0,
            "owner_id": "721636561061",
            "performance_mode": "generalPurpose",
            "protection": [
              {
                "replication_overwrite": "ENABLED"
              }
            ],
            "provisioned_throughput_in_mibps": 0,
            "size_in_bytes": [
              {
                "value": 6144,
                "value_in_ia": 0,
                "value_in_standard": 6144
              }
            ],
            "tags": {
              "Name": "terraform_efs"
            },
            "tags_all": {
              "Name": "terraform_efs",
              "environment": "dev"
            },
            "throughput_mode": "bursting"
          },
          "sensitive_attributes": [],
          "private": "bnVsbA=="
        }
      ]
    },
    {
      "module": "module.EFS-BASE[0]",
      "mode": "managed",
      "type": "aws_efs_mount_target",
      "name": "terraform_efs_mount",
      "provider": "provider[\"registry.terraform.io/hashicorp/aws\"]",
      "instances": [
        {
          "index_key": 0,
          "schema_version": 0,
          "attributes": {
            "availability_zone_id": "use1-az6",
            "availability_zone_name": "us-east-1a",
            "dns_name": "fs-046e8537124382e57.efs.us-east-1.amazonaws.com",
            "file_system_arn": "arn:aws:elasticfilesystem:us-east-1:721636561061:file-system/fs-046e8537124382e57",
            "file_system_id": "fs-046e8537124382e57",
            "id": "fsmt-0f87ad7508a90d344",
            "ip_address": "10.0.15.182",
            "mount_target_dns_name": "us-east-1a.fs-046e8537124382e57.efs.us-east-1.amazonaws.com",
            "network_interface_id": "eni-033ae1fb039c196b5",
            "owner_id": "721636561061",
            "security_groups": [
              "sg-0763cf29143c394fa"
            ],
            "subnet_id": "subnet-08d7aa9bbde4fe92a",
            "timeouts": null
          },
          "sensitive_attributes": [],
          "private": "eyJlMmJmYjczMC1lY2FhLTExZTYtOGY4OC0zNDM2M2JjN2M0YzAiOnsiY3JlYXRlIjoxODAwMDAwMDAwMDAwLCJkZWxldGUiOjYwMDAwMDAwMDAwMH19",
          "dependencies": [
            "aws_security_group.vpc-public-sg",
            "module.EFS-BASE.aws_efs_file_system.terraform_efs",
            "module.VPC-BASE.aws_subnet.private_subnets",
            "module.VPC-BASE.aws_vpc.my_vpc"
          ]
        },
        {
          "index_key": 1,
          "schema_version": 0,
          "attributes": {
            "availability_zone_id": "use1-az1",
            "availability_zone_name": "us-east-1b",
            "dns_name": "fs-046e8537124382e57.efs.us-east-1.amazonaws.com",
            "file_system_arn": "arn:aws:elasticfilesystem:us-east-1:721636561061:file-system/fs-046e8537124382e57",
            "file_system_id": "fs-046e8537124382e57",
            "id": "fsmt-030b7c34d92c56640",
            "ip_address": "10.0.11.233",
            "mount_target_dns_name": "us-east-1b.fs-046e8537124382e57.efs.us-east-1.amazonaws.com",
            "network_interface_id": "eni-0e0d1d636f4532a73",
            "owner_id": "721636561061",
            "security_groups": [
              "sg-0763cf29143c394fa"
            ],
            "subnet_id": "subnet-0410a821e7bc4f585",
            "timeouts": null
          },
          "sensitive_attributes": [],
          "private": "eyJlMmJmYjczMC1lY2FhLTExZTYtOGY4OC0zNDM2M2JjN2M0YzAiOnsiY3JlYXRlIjoxODAwMDAwMDAwMDAwLCJkZWxldGUiOjYwMDAwMDAwMDAwMH19",
          "dependencies": [
            "aws_security_group.vpc-public-sg",
            "module.EFS-BASE.aws_efs_file_system.terraform_efs",
            "module.VPC-BASE.aws_subnet.private_subnets",
            "module.VPC-BASE.aws_vpc.my_vpc"
          ]
        }
      ]
    },
    {
      "module": "module.LAUNCH-TEMP-BASE[0]",
      "mode": "managed",
      "type": "aws_launch_template",
      "name": "terraform_lt",
      "provider": "provider[\"registry.terraform.io/hashicorp/aws\"]",
      "instances": [
        {
          "schema_version": 0,
          "attributes": {
            "arn": "arn:aws:ec2:us-east-1:721636561061:launch-template/lt-0cee3a2b92892e516",
            "block_device_mappings": [
              {
                "device_name": "/dev/sdb",
                "ebs": [
                  {
                    "delete_on_termination": "true",
                    "encrypted": "",
                    "iops": 0,
                    "kms_key_id": "",
                    "snapshot_id": "",
                    "throughput": 0,
                    "volume_size": 8,
                    "volume_type": "gp2"
                  }
                ],
                "no_device": "",
                "virtual_name": ""
              },
              {
                "device_name": "/dev/sdc",
                "ebs": [
                  {
                    "delete_on_termination": "true",
                    "encrypted": "",
                    "iops": 0,
                    "kms_key_id": "",
                    "snapshot_id": "",
                    "throughput": 0,
                    "volume_size": 8,
                    "volume_type": "gp2"
                  }
                ],
                "no_device": "",
                "virtual_name": ""
              },
              {
                "device_name": "/dev/sdd",
                "ebs": [
                  {
                    "delete_on_termination": "true",
                    "encrypted": "",
                    "iops": 0,
                    "kms_key_id": "",
                    "snapshot_id": "",
                    "throughput": 0,
                    "volume_size": 8,
                    "volume_type": "gp2"
                  }
                ],
                "no_device": "",
                "virtual_name": ""
              },
              {
                "device_name": "/dev/sde",
                "ebs": [
                  {
                    "delete_on_termination": "true",
                    "encrypted": "",
                    "iops": 0,
                    "kms_key_id": "",
                    "snapshot_id": "",
                    "throughput": 0,
                    "volume_size": 8,
                    "volume_type": "gp2"
                  }
                ],
                "no_device": "",
                "virtual_name": ""
              },
              {
                "device_name": "/dev/sdg",
                "ebs": [
                  {
                    "delete_on_termination": "true",
                    "encrypted": "",
                    "iops": 0,
                    "kms_key_id": "",
                    "snapshot_id": "",
                    "throughput": 0,
                    "volume_size": 8,
                    "volume_type": "gp2"
                  }
                ],
                "no_device": "",
                "virtual_name": ""
              }
            ],
            "capacity_reservation_specification": [],
            "cpu_options": [],
            "credit_specification": [],
            "default_version": 1,
            "description": "",
            "disable_api_stop": false,
            "disable_api_termination": false,
            "ebs_optimized": "",
            "elastic_gpu_specifications": [],
            "elastic_inference_accelerator": [],
            "enclave_options": [],
            "hibernation_options": [],
            "iam_instance_profile": [],
            "id": "lt-0cee3a2b92892e516",
            "image_id": "ami-09fa71c556874b946",
            "instance_initiated_shutdown_behavior": "",
            "instance_market_options": [],
            "instance_requirements": [],
            "instance_type": "t2.micro",
            "kernel_id": "",
            "key_name": "ec2_access",
            "latest_version": 1,
            "license_specification": [],
            "maintenance_options": [],
            "metadata_options": [],
            "monitoring": [],
            "name": "clixx-lt-terraform",
            "name_prefix": "",
            "network_interfaces": [],
            "placement": [],
            "private_dns_name_options": [],
            "ram_disk_id": "",
            "security_group_names": null,
            "tag_specifications": [],
            "tags": null,
            "tags_all": {
              "environment": "dev"
            },
            "update_default_version": null,
            "user_data": "IyEvYmluL2Jhc2gKc3VkbyBzdSAtCnl1bSB1cGRhdGUgLXkKeXVtIGluc3RhbGwgZ2l0IC15CmFtYXpvbi1saW51eC1leHRyYXMgaW5zdGFsbCAteSBsYW1wLW1hcmlhZGIxMC4yLXBocDcuMiBwaHA3LjIKeXVtIGluc3RhbGwgLXkgaHR0cGQgbWFyaWFkYi1zZXJ2ZXIKeXVtIGluc3RhbGwgLXkgbmZzLXV0aWxzCnN5c3RlbWN0bCBzdGFydCBodHRwZApzeXN0ZW1jdGwgZW5hYmxlIGh0dHBkCnN5c3RlbWN0bCBpcy1lbmFibGVkIGh0dHBkCgoKI0VGUyBNT1VOVApta2RpciAtcCAvdmFyL3d3dy9odG1sCmNob3duIGVjMi11c2VyOmVjMi11c2VyIC92YXIvd3d3L2h0bWwKc3VkbyBlY2hvIGZzLTA0NmU4NTM3MTI0MzgyZTU3LmVmcy51cy1lYXN0LTEuYW1hem9uYXdzLmNvbTovIC92YXIvd3d3L2h0bWwgbmZzNCBuZnN2ZXJzPTQuMSxyc2l6ZT0xMDQ4NTc2LHdzaXplPTEwNDg1NzYsaGFyZCx0aW1lbz02MDAscmV0cmFucz0yLF9uZXRkZXYgMCAwID4+IC9ldGMvZnN0YWIKbW91bnQgLWEgLXQgbmZzNAoKCiNFQlMgVk9MVU1FUwojTWFrZSB0aGlzIGR5bmFtaWNhbGx5IHBhc3NlZCBpbiBsYXRlcgojRUJTX0RFVklDRVM9Ii9kZXYvc2RiIC9kZXYvc2RjIC9kZXYvc2RkIC9kZXYvc2RlIC9kZXYvc2RnIgpFQlNfREVWSUNFUz0vZGV2L3NkYiAvZGV2L3NkYyAvZGV2L3NkZCAvZGV2L3NkZSAvZGV2L3NkZwoKI1BhcnRpdGlvbmluZyBEaXNrcwpmb3IgZGV2aWNlIGluICR7RUJTX0RFVklDRVN9OyBkbwogICAgZWNobyAiUGFydGl0aW9uaW5nICR7ZGV2aWNlfS4uLiIKICAgIGVjaG8gLWUgIlxucFxublxucFxuMVxuMjA0OFxuMTY3NzcyMTVcbnBcbnciIHwgZmRpc2sgJHtkZXZpY2V9CgogICAgI2NoZWNraW5nIGlmIG5ld2x5IHBhcnRpdGlvbmVkIGRpc2sgZXhpc3RzIGJlZm9yZSBjcmVhdGluZyBwaHlzaWNhbCB2b2x1bWUKICAgIGlmIGxzYmxrICR7ZGV2aWNlfTE7IHRoZW4KICAgICAgICBwdmNyZWF0ZSAke2RldmljZX0xCiAgICBlbHNlCiAgICAgICAgZWNobyAiUGFydGl0aW9uICR7ZGV2aWNlfTEgZG9lcyBub3QgZXhpc3QuIFJldHJ5aW5nLi4uIgogICAgICAgIHNsZWVwIDUKICAgIGZpCmRvbmUKZWNobyAiRGlzayBQYXJ0aXRpb25pbmcgQ29tcGxldGUhIgoKCiNjcmVhdGluZyB2b2x1bWUgZ3JvdXAgd2l0aCBOZXdseSBwYXJ0aXRpb25lZCB2b2x1bWVzCiNNYWtlIHRoaXMgZHluYW1pY2FsbHkgcGFzc2VkIGluIGxhdGVyCiNwdl9wYXJ0X3N0cmluZz0iL2Rldi9zZGIxIC9kZXYvc2RjMSAvZGV2L3NkZDEgL2Rldi9zZGUxIC9kZXYvc2RnMSIKcHZfcGFydF9zdHJpbmc9L2Rldi9zZGIxIC9kZXYvc2RjMSAvZGV2L3NkZDEgL2Rldi9zZGUxIC9kZXYvc2RnMQoKdmdjcmVhdGUgc3RhY2tfdmcgJHtwdl9wYXJ0X3N0cmluZ30KZWNobyAiVm9sdW1lIGdyb3VwIHN1Y2Nlc3NmdWxseSBjcmVhdGVkISIKCiN2aWV3aW5nIG5ld2x5IGNyZWF0ZWQgdm9sdW1lIGdyb3VwCnZncwoKI0NyZWF0aW5nIGxvZ2ljYWwgdm9sdW1lcwpsdl9uYW1lcz0idTAxIHUwMiB1MDMgdTA0IGJhY2t1cCIKCmZvciBuYW1lIGluICR7bHZfbmFtZXN9OyBkbwoKICAgIGVjaG8gIkNyZWF0aW5nIExvZ2ljYWwgdm9sdW1lIEx2XyR7bmFtZX0hIgoKICAgIGx2Y3JlYXRlIC1MIDVHIC1uIEx2XyR7bmFtZX0gc3RhY2tfdmcKZG9uZQoKZWNobyAiTG9naWNhbCB2b2x1bWVzIHN1Y2Nlc3NmdWxseSBjcmVhdGVkISIKCiNmb3JtYXR0aW5nIExvZ2ljYWwgdm9sdW1lCnZvbHVtZXM9Ikx2X3UwMSBMdl91MDIgTHZfdTAzIEx2X3UwNCBMdl9iYWNrdXAiCmZvciBkaXNrIGluICR7dm9sdW1lc307IGRvCiAgICBlY2hvICJGb3JtYXR0aW5nIC9kZXYvc3RhY2tfdmcvJHtkaXNrfSB3aXRoIGV4dDQiIAogICAgbWtmcy5leHQ0ICIvZGV2L3N0YWNrX3ZnLyR7ZGlza30iCiAgICBlY2hvICIke2Rpc2t9IFN1Y2Nlc3NmdWxseSBmb3JtYXR0ZWQiCmRvbmUKCmVjaG8gIkxvZ2ljYWwgdm9sdW1lIGZvcm1hdHRpbmcgc3VjY2Vzc2Z1bGx5IGNvbXBsZXRlZCEiCgojIENvbnZlcnQgc3BhY2Utc2VwYXJhdGVkIHN0cmluZ3MgdG8gYXJyYXlzCnZvbHVtZT0oIkx2X3UwMSIgIkx2X3UwMiIgIkx2X3UwMyIgIkx2X3UwNCIgIkx2X2JhY2t1cCIpCm1vdW50PSgiL3UwMSIgIi91MDIiICIvdTAzIiAiL3UwNCIgIi9iYWNrdXAiKQoKIyBFbnN1cmUgYm90aCBhcnJheXMgaGF2ZSB0aGUgc2FtZSBsZW5ndGgKaWYgWyAkeyN2b2x1bWVbQF19IC1uZSAkeyNtb3VudFtAXX0gXTsgdGhlbgogICAgZWNobyAiVm9sdW1lcyBhbmQgbW91bnRzIGNvdW50IGRvIG5vdCBtYXRjaC4iCiAgICBleGl0IDEKZmkKCiMgSXRlcmF0ZSBvdmVyIGFycmF5cyBieSBpbmRleApmb3IgaSBpbiAiJHshdm9sdW1lW0BdfSI7IGRvCiAgICBkaXNrPSR7dm9sdW1lWyR7aX1dfQogICAgbW91bnRfcD0ke21vdW50WyR7aX1dfQogICAgCiAgICAjIENyZWF0ZSB0aGUgbW91bnQgcG9pbnQKICAgIG1rZGlyIC1wICIke21vdW50X3B9IgogICAgCiAgICAjIE1vdW50IHRoZSBsb2dpY2FsIHZvbHVtZSB0byB0aGUgbW91bnQgcG9pbnQKICAgIGVjaG8gIk1vdW50aW5nIC9kZXYvc3RhY2tfdmcvJHtkaXNrfSB0byAke21vdW50X3B9IgogICAgbW91bnQgIi9kZXYvc3RhY2tfdmcvJHtkaXNrfSIgIiR7bW91bnRfcH0iCgogICAgIyBNYWtlIHRoZSBtb3VudCBwZXJzaXN0ZW50IGFjcm9zcyBib290cyBieSBhZGRpbmcgaXQgdG8gL2V0Yy9mc3RhYgogICAgZWNobyAiL2Rldi9zdGFja192Zy8ke2Rpc2t9ICR7bW91bnRfcH0gZXh0NCBkZWZhdWx0cyAwIDIiID4+IC9ldGMvZnN0YWIKZG9uZQoKCmVjaG8gIk1vdW50IHBvaW50cyBjcmVhdGVkIGFuZCBEaXNrcyBzdWNjZXNzZnVsbHkgbW91bnRlZCEiCgojQ0xJWFgKdXNlcm1vZCAtYSAtRyBhcGFjaGUgZWMyLXVzZXIKY2hvd24gLVIgZWMyLXVzZXI6YXBhY2hlIC92YXIvd3d3CmNobW9kIDI3NzUgL3Zhci93d3cgJiYgZmluZCAvdmFyL3d3dyAtdHlwZSBkIC1leGVjIHN1ZG8gY2htb2QgMjc3NSB7fSBcOwpmaW5kIC92YXIvd3d3IC10eXBlIGYgLWV4ZWMgc3VkbyBjaG1vZCAwNjY0IHt9IFw7CmNkIC92YXIvd3d3L2h0bWwKc3VkbyBjaG1vZCAtUiA3NTUgL3Zhci93d3cvaHRtbAppZiBbIC1kICJDbGlYWF9SZXRhaWxfUmVwb3NpdG9yeSIgXTsgdGhlbgogICAgZWNobyAiQ2xpWFhfUmV0YWlsX1JlcG9zaXRvcnkgZXhpc3RzLCBza2lwcGluZyBjb3B5IGFuZCBjbG9uZSBjb21tYW5kcy4iIAplbHNlCiAgICBnaXQgY2xvbmUgaHR0cHM6Ly9naXRodWIuY29tL3N0YWNraXRnaXQvQ2xpWFhfUmV0YWlsX1JlcG9zaXRvcnkuZ2l0CiAgICBjcCAtciBDbGlYWF9SZXRhaWxfUmVwb3NpdG9yeS8qIC92YXIvd3d3L2h0bWwKZmkKCgoKI3ZhcmlhYmxlIGRlY2xhcmF0aW9uIApXUF9DT05GSUc9L3Zhci93d3cvaHRtbC93cC1jb25maWcucGhwCgojUmVwbGFjaW5nIERCIEhvc3RuYW1lIGluIHdwLWNvbmZpZy5waHAgZmlsZSB0byBDb3JyZWN0IApzZWQgLWkgInMvJ3dvcmRwcmVzcy1kYi5jYzVpaWd6a252eGQudXMtZWFzdC0xLnJkcy5hbWF6b25hd3MuY29tJy8ncmVzdG9yZWQtZGItY2xpeHguY2RjdHZza2thaWI3LnVzLWVhc3QtMS5yZHMuYW1hem9uYXdzLmNvbScvZyIgJFdQX0NPTkZJRwojc2VkIC1pICJzLydyZXN0b3JlZC1kYi1jbGl4eC5jZGN0dnNra2FpYjcudXMtZWFzdC0xLnJkcy5hbWF6b25hd3MuY29tJy8ncmVzdG9yZWQtZGItY2xpeHguY2RjdHZza2thaWI3LnVzLWVhc3QtMS5yZHMuYW1hem9uYXdzLmNvbScvZyIgJFdQX0NPTkZJRwoKCiMjR3JhbnQgZmlsZSBvd25lcnNoaXAgb2YgL3Zhci93d3cgJiBpdHMgY29udGVudHMgdG8gYXBhY2hlIHVzZXIKY2hvd24gLVIgYXBhY2hlIC92YXIvd3d3CiMjR3JhbnQgZ3JvdXAgb3duZXJzaGlwIG9mIC92YXIvd3d3ICYgY29udGVudHMgdG8gYXBhY2hlIGdyb3VwCmNoZ3JwIC1SIGFwYWNoZSAvdmFyL3d3dwoKIyNDaGFuZ2UgZGlyZWN0b3J5IHBlcm1pc3Npb25zIG9mIC92YXIvd3d3ICYgaXRzIHN1YmRpciB0byBhZGQgZ3JvdXAgd3JpdGUKY2htb2QgMjc3NSAvdmFyL3d3dwpmaW5kIC92YXIvd3d3IC10eXBlIGQgLWV4ZWMgc3VkbyBjaG1vZCAyNzc1IHt9IFw7CgojI1JlY3Vyc2l2ZWx5IGNoYW5nZSBmaWxlIHBlcm1pc3Npb24gb2YgL3Zhci93d3cgJiBzdWJkaXIgdG8gYWRkIGdyb3VwIHdyaXRlIHBlcm0KZmluZCAvdmFyL3d3dyAtdHlwZSBmIC1leGVjIHN1ZG8gY2htb2QgMDY2NCB7fSBcOwoKCiMjUmVzdGFydCBBcGFjaGUKc3lzdGVtY3RsIHJlc3RhcnQgaHR0cGQKCgojI0VuYWJsZSBodHRwZAovc2Jpbi9zeXNjdGwgLXcgbmV0LmlwdjQudGNwX2tlZXBhbGl2ZV90aW1lPTIwMCBuZXQuaXB2NC50Y3Bfa2VlcGFsaXZlX2ludHZsPTIwMCBuZXQuaXB2NC50Y3Bfa2VlcGFsaXZlX3Byb2Jlcz01CgoKbXlzcWwgLWggInJlc3RvcmVkLWRiLWNsaXh4LmNkY3R2c2trYWliNy51cy1lYXN0LTEucmRzLmFtYXpvbmF3cy5jb20iIC11ICJ3b3JkcHJlc3N1c2VyIiAtcCJXM2xjb21lMTIzIiAtRCAid29yZHByZXNzZGIiIDw8RU9GClVQREFURSB3cF9vcHRpb25zIFNFVCBvcHRpb25fdmFsdWUgPSAnc3RhY2stbGItdGVycmFmb3JtLTY4MTc1ODU0OS51cy1lYXN0LTEuZWxiLmFtYXpvbmF3cy5jb20nIFdIRVJFIG9wdGlvbl9uYW1lID0gJ3NpdGV1cmwnOwpFT0YK",
            "vpc_security_group_ids": [
              "sg-00e98d6e645cf0e20"
            ]
          },
          "sensitive_attributes": [],
          "private": "bnVsbA==",
          "dependencies": [
            "aws_security_group.vpc-db-sg",
            "aws_security_group.vpc-public-sg",
            "aws_security_group.vpc-web-sg",
            "data.aws_ami.stack_ami",
            "data.aws_secretsmanager_secret_version.creds",
            "data.template_file.clixx_bootstrap",
            "module.ASG-LB-BASE.aws_lb.stack-lb",
            "module.EFS-BASE.aws_efs_file_system.terraform_efs",
            "module.RDS-BASE.aws_db_instance.restored_db",
            "module.RDS-BASE.aws_db_subnet_group.vpc-tf-dbgroup",
            "module.VPC-BASE.aws_subnet.private_subnets",
            "module.VPC-BASE.aws_subnet.public_subnets",
            "module.VPC-BASE.aws_vpc.my_vpc"
          ]
        }
      ]
    },
    {
      "module": "module.RDS-BASE[0]",
      "mode": "managed",
      "type": "aws_db_instance",
      "name": "restored_db",
      "provider": "provider[\"registry.terraform.io/hashicorp/aws\"]",
      "instances": [
        {
          "schema_version": 2,
          "attributes": {
            "address": "restored-db-clixx.cdctvskkaib7.us-east-1.rds.amazonaws.com",
            "allocated_storage": 100,
            "allow_major_version_upgrade": null,
            "apply_immediately": false,
            "arn": "arn:aws:rds:us-east-1:721636561061:db:restored-db-clixx",
            "auto_minor_version_upgrade": true,
            "availability_zone": "us-east-1a",
            "backup_retention_period": 0,
            "backup_target": "region",
            "backup_window": "08:17-08:47",
            "blue_green_update": [],
            "ca_cert_identifier": "rds-ca-rsa2048-g1",
            "character_set_name": "",
            "copy_tags_to_snapshot": false,
            "custom_iam_instance_profile": "",
            "customer_owned_ip_enabled": false,
            "db_name": "wordpressdb",
            "db_subnet_group_name": "my-db-subnet-group-tf",
            "delete_automated_backups": true,
            "deletion_protection": false,
            "domain": "",
            "domain_auth_secret_arn": "",
            "domain_dns_ips": null,
            "domain_fqdn": "",
            "domain_iam_role_name": "",
            "domain_ou": "",
            "enabled_cloudwatch_logs_exports": null,
            "endpoint": "restored-db-clixx.cdctvskkaib7.us-east-1.rds.amazonaws.com:3306",
            "engine": "mysql",
            "engine_version": "8.0.33",
            "engine_version_actual": "8.0.33",
            "final_snapshot_identifier": "restored-db-clixx-identifier",
            "hosted_zone_id": "Z2R2ITUGPM61AM",
            "iam_database_authentication_enabled": false,
            "id": "db-IUISN4YNRWRDISFI6IJTGNOSNU",
            "identifier": "restored-db-clixx",
            "identifier_prefix": "",
            "instance_class": "db.t2.micro",
            "iops": 0,
            "kms_key_id": "",
            "latest_restorable_time": "",
            "license_model": "general-public-license",
            "listener_endpoint": [],
            "maintenance_window": "sun:06:00-sun:06:30",
            "manage_master_user_password": null,
            "master_user_secret": [],
            "master_user_secret_kms_key_id": null,
            "max_allocated_storage": 0,
            "monitoring_interval": 0,
            "monitoring_role_arn": "",
            "multi_az": false,
            "nchar_character_set_name": "",
            "network_type": "IPV4",
            "option_group_name": "default:mysql-8-0",
            "parameter_group_name": "default.mysql8.0",
            "password": "W3lcome123",
            "performance_insights_enabled": false,
            "performance_insights_kms_key_id": "",
            "performance_insights_retention_period": 0,
            "port": 3306,
            "publicly_accessible": true,
            "replica_mode": "",
            "replicas": [],
            "replicate_source_db": "",
            "resource_id": "db-IUISN4YNRWRDISFI6IJTGNOSNU",
            "restore_to_point_in_time": [],
            "s3_import": [],
            "skip_final_snapshot": true,
            "snapshot_identifier": "arn:aws:rds:us-east-1:021011273353:snapshot:wordpressdbclixx-snapshot",
            "status": "available",
            "storage_encrypted": false,
            "storage_throughput": 0,
            "storage_type": "gp2",
            "tags": null,
            "tags_all": {
              "environment": "dev"
            },
            "timeouts": null,
            "timezone": "",
            "username": "wordpressuser",
            "vpc_security_group_ids": [
              "sg-061a4e5d15c751cba"
            ]
          },
          "sensitive_attributes": [
            [
              {
                "type": "get_attr",
                "value": "username"
              }
            ],
            [
              {
                "type": "get_attr",
                "value": "password"
              }
            ],
            [
              {
                "type": "get_attr",
                "value": "snapshot_identifier"
              }
            ]
          ],
          "private": "eyJlMmJmYjczMC1lY2FhLTExZTYtOGY4OC0zNDM2M2JjN2M0YzAiOnsiY3JlYXRlIjoyNDAwMDAwMDAwMDAwLCJkZWxldGUiOjM2MDAwMDAwMDAwMDAsInVwZGF0ZSI6NDgwMDAwMDAwMDAwMH0sInNjaGVtYV92ZXJzaW9uIjoiMiJ9",
          "dependencies": [
            "aws_security_group.vpc-db-sg",
            "data.aws_secretsmanager_secret_version.creds",
            "module.RDS-BASE.aws_db_subnet_group.vpc-tf-dbgroup",
            "module.VPC-BASE.aws_subnet.private_subnets",
            "module.VPC-BASE.aws_vpc.my_vpc"
          ]
        }
      ]
    },
    {
      "module": "module.RDS-BASE[0]",
      "mode": "managed",
      "type": "aws_db_subnet_group",
      "name": "vpc-tf-dbgroup",
      "provider": "provider[\"registry.terraform.io/hashicorp/aws\"]",
      "instances": [
        {
          "schema_version": 0,
          "attributes": {
            "arn": "arn:aws:rds:us-east-1:721636561061:subgrp:my-db-subnet-group-tf",
            "description": "Managed by Terraform",
            "id": "my-db-subnet-group-tf",
            "name": "my-db-subnet-group-tf",
            "name_prefix": "",
            "subnet_ids": [
              "subnet-0410a821e7bc4f585",
              "subnet-08d7aa9bbde4fe92a"
            ],
            "supported_network_types": [
              "IPV4"
            ],
            "tags": null,
            "tags_all": {
              "environment": "dev"
            },
            "vpc_id": "vpc-06fdf4befa743ea11"
          },
          "sensitive_attributes": [],
          "private": "bnVsbA==",
          "dependencies": [
            "module.VPC-BASE.aws_subnet.private_subnets",
            "module.VPC-BASE.aws_vpc.my_vpc"
          ]
        }
      ]
    },
    {
      "module": "module.VPC-BASE[0]",
      "mode": "managed",
      "type": "aws_eip",
      "name": "eip1",
      "provider": "provider[\"registry.terraform.io/hashicorp/aws\"]",
      "instances": [
        {
          "schema_version": 0,
          "attributes": {
            "address": null,
            "allocation_id": "eipalloc-08dc2ea8637d5a5b3",
            "associate_with_private_ip": null,
            "association_id": "",
            "carrier_ip": "",
            "customer_owned_ip": "",
            "customer_owned_ipv4_pool": "",
            "domain": "vpc",
            "id": "eipalloc-08dc2ea8637d5a5b3",
            "instance": "",
            "network_border_group": "us-east-1",
            "network_interface": "",
            "private_dns": null,
            "private_ip": "",
            "public_dns": "ec2-35-174-249-75.compute-1.amazonaws.com",
            "public_ip": "35.174.249.75",
            "public_ipv4_pool": "amazon",
            "tags": {
              "Name": "elastic_ip-tf_1"
            },
            "tags_all": {
              "Name": "elastic_ip-tf_1",
              "environment": "dev"
            },
            "timeouts": null,
            "vpc": true
          },
          "sensitive_attributes": [],
          "private": "eyJlMmJmYjczMC1lY2FhLTExZTYtOGY4OC0zNDM2M2JjN2M0YzAiOnsiZGVsZXRlIjoxODAwMDAwMDAwMDAsInJlYWQiOjkwMDAwMDAwMDAwMCwidXBkYXRlIjozMDAwMDAwMDAwMDB9fQ=="
        }
      ]
    },
    {
      "module": "module.VPC-BASE[0]",
      "mode": "managed",
      "type": "aws_eip",
      "name": "eip2",
      "provider": "provider[\"registry.terraform.io/hashicorp/aws\"]",
      "instances": [
        {
          "schema_version": 0,
          "attributes": {
            "address": null,
            "allocation_id": "eipalloc-096d49eecec295e1d",
            "associate_with_private_ip": null,
            "association_id": "",
            "carrier_ip": "",
            "customer_owned_ip": "",
            "customer_owned_ipv4_pool": "",
            "domain": "vpc",
            "id": "eipalloc-096d49eecec295e1d",
            "instance": "",
            "network_border_group": "us-east-1",
            "network_interface": "",
            "private_dns": null,
            "private_ip": "",
            "public_dns": "ec2-54-235-196-69.compute-1.amazonaws.com",
            "public_ip": "54.235.196.69",
            "public_ipv4_pool": "amazon",
            "tags": {
              "Name": "elastic_ip-tf_2"
            },
            "tags_all": {
              "Name": "elastic_ip-tf_2",
              "environment": "dev"
            },
            "timeouts": null,
            "vpc": true
          },
          "sensitive_attributes": [],
          "private": "eyJlMmJmYjczMC1lY2FhLTExZTYtOGY4OC0zNDM2M2JjN2M0YzAiOnsiZGVsZXRlIjoxODAwMDAwMDAwMDAsInJlYWQiOjkwMDAwMDAwMDAwMCwidXBkYXRlIjozMDAwMDAwMDAwMDB9fQ=="
        }
      ]
    },
    {
      "module": "module.VPC-BASE[0]",
      "mode": "managed",
      "type": "aws_internet_gateway",
      "name": "my_igw",
      "provider": "provider[\"registry.terraform.io/hashicorp/aws\"]",
      "instances": [
        {
          "schema_version": 0,
          "attributes": {
            "arn": "arn:aws:ec2:us-east-1:721636561061:internet-gateway/igw-0ad096d7629eb9ddf",
            "id": "igw-0ad096d7629eb9ddf",
            "owner_id": "721636561061",
            "tags": {
              "Name": "igw-tf"
            },
            "tags_all": {
              "Name": "igw-tf",
              "environment": "dev"
            },
            "timeouts": null,
            "vpc_id": "vpc-06fdf4befa743ea11"
          },
          "sensitive_attributes": [],
          "private": "eyJlMmJmYjczMC1lY2FhLTExZTYtOGY4OC0zNDM2M2JjN2M0YzAiOnsiY3JlYXRlIjoxMjAwMDAwMDAwMDAwLCJkZWxldGUiOjEyMDAwMDAwMDAwMDAsInVwZGF0ZSI6MTIwMDAwMDAwMDAwMH19",
          "dependencies": [
            "module.VPC-BASE.aws_vpc.my_vpc"
          ]
        }
      ]
    },
    {
      "module": "module.VPC-BASE[0]",
      "mode": "managed",
      "type": "aws_nat_gateway",
      "name": "nat_1a",
      "provider": "provider[\"registry.terraform.io/hashicorp/aws\"]",
      "instances": [
        {
          "schema_version": 0,
          "attributes": {
            "allocation_id": "eipalloc-08dc2ea8637d5a5b3",
            "association_id": "eipassoc-0899a4b8d975e80ea",
            "connectivity_type": "public",
            "id": "nat-0da66c92c104a4a76",
            "network_interface_id": "eni-05f326539f8da55d3",
            "private_ip": "10.0.5.36",
            "public_ip": "35.174.249.75",
            "secondary_allocation_ids": null,
            "secondary_private_ip_address_count": 0,
            "secondary_private_ip_addresses": [],
            "subnet_id": "subnet-09be4246d366a5fb1",
            "tags": {
              "Name": "nat_1a-tf"
            },
            "tags_all": {
              "Name": "nat_1a-tf",
              "environment": "dev"
            },
            "timeouts": null
          },
          "sensitive_attributes": [],
          "private": "eyJlMmJmYjczMC1lY2FhLTExZTYtOGY4OC0zNDM2M2JjN2M0YzAiOnsiY3JlYXRlIjo2MDAwMDAwMDAwMDAsImRlbGV0ZSI6MTgwMDAwMDAwMDAwMCwidXBkYXRlIjo2MDAwMDAwMDAwMDB9fQ==",
          "dependencies": [
            "module.VPC-BASE.aws_eip.eip1",
            "module.VPC-BASE.aws_subnet.public_subnets",
            "module.VPC-BASE.aws_vpc.my_vpc"
          ]
        }
      ]
    },
    {
      "module": "module.VPC-BASE[0]",
      "mode": "managed",
      "type": "aws_nat_gateway",
      "name": "nat_1b",
      "provider": "provider[\"registry.terraform.io/hashicorp/aws\"]",
      "instances": [
        {
          "schema_version": 0,
          "attributes": {
            "allocation_id": "eipalloc-096d49eecec295e1d",
            "association_id": "eipassoc-01bf36ecd6a753dea",
            "connectivity_type": "public",
            "id": "nat-0af8cfdbe102c2cf2",
            "network_interface_id": "eni-01c3d5f47a0e704da",
            "private_ip": "10.0.23.4",
            "public_ip": "54.235.196.69",
            "secondary_allocation_ids": null,
            "secondary_private_ip_address_count": 0,
            "secondary_private_ip_addresses": [],
            "subnet_id": "subnet-04670c832cbf41ac5",
            "tags": {
              "Name": "nat_1b-tf"
            },
            "tags_all": {
              "Name": "nat_1b-tf",
              "environment": "dev"
            },
            "timeouts": null
          },
          "sensitive_attributes": [],
          "private": "eyJlMmJmYjczMC1lY2FhLTExZTYtOGY4OC0zNDM2M2JjN2M0YzAiOnsiY3JlYXRlIjo2MDAwMDAwMDAwMDAsImRlbGV0ZSI6MTgwMDAwMDAwMDAwMCwidXBkYXRlIjo2MDAwMDAwMDAwMDB9fQ==",
          "dependencies": [
            "module.VPC-BASE.aws_eip.eip2",
            "module.VPC-BASE.aws_subnet.public_subnets",
            "module.VPC-BASE.aws_vpc.my_vpc"
          ]
        }
      ]
    },
    {
      "module": "module.VPC-BASE[0]",
      "mode": "managed",
      "type": "aws_route_table",
      "name": "private_route_table",
      "provider": "provider[\"registry.terraform.io/hashicorp/aws\"]",
      "instances": [
        {
          "schema_version": 0,
          "attributes": {
            "arn": "arn:aws:ec2:us-east-1:721636561061:route-table/rtb-0c785c85444d6c9b5",
            "id": "rtb-0c785c85444d6c9b5",
            "owner_id": "721636561061",
            "propagating_vgws": [],
            "route": [
              {
                "carrier_gateway_id": "",
                "cidr_block": "0.0.0.0/0",
                "core_network_arn": "",
                "destination_prefix_list_id": "",
                "egress_only_gateway_id": "",
                "gateway_id": "",
                "ipv6_cidr_block": "",
                "local_gateway_id": "",
                "nat_gateway_id": "nat-0da66c92c104a4a76",
                "network_interface_id": "",
                "transit_gateway_id": "",
                "vpc_endpoint_id": "",
                "vpc_peering_connection_id": ""
              },
              {
                "carrier_gateway_id": "",
                "cidr_block": "0.0.0.0/1",
                "core_network_arn": "",
                "destination_prefix_list_id": "",
                "egress_only_gateway_id": "",
                "gateway_id": "",
                "ipv6_cidr_block": "",
                "local_gateway_id": "",
                "nat_gateway_id": "nat-0af8cfdbe102c2cf2",
                "network_interface_id": "",
                "transit_gateway_id": "",
                "vpc_endpoint_id": "",
                "vpc_peering_connection_id": ""
              }
            ],
            "tags": {
              "Name": "private_route_table_tf"
            },
            "tags_all": {
              "Name": "private_route_table_tf",
              "environment": "dev"
            },
            "timeouts": null,
            "vpc_id": "vpc-06fdf4befa743ea11"
          },
          "sensitive_attributes": [],
          "private": "eyJlMmJmYjczMC1lY2FhLTExZTYtOGY4OC0zNDM2M2JjN2M0YzAiOnsiY3JlYXRlIjozMDAwMDAwMDAwMDAsImRlbGV0ZSI6MzAwMDAwMDAwMDAwLCJ1cGRhdGUiOjEyMDAwMDAwMDAwMH19",
          "dependencies": [
            "module.VPC-BASE.aws_eip.eip1",
            "module.VPC-BASE.aws_eip.eip2",
            "module.VPC-BASE.aws_nat_gateway.nat_1a",
            "module.VPC-BASE.aws_nat_gateway.nat_1b",
            "module.VPC-BASE.aws_subnet.public_subnets",
            "module.VPC-BASE.aws_vpc.my_vpc"
          ]
        }
      ]
    },
    {
      "module": "module.VPC-BASE[0]",
      "mode": "managed",
      "type": "aws_route_table",
      "name": "public_route_table",
      "provider": "provider[\"registry.terraform.io/hashicorp/aws\"]",
      "instances": [
        {
          "schema_version": 0,
          "attributes": {
            "arn": "arn:aws:ec2:us-east-1:721636561061:route-table/rtb-03c4bdcc87045f50e",
            "id": "rtb-03c4bdcc87045f50e",
            "owner_id": "721636561061",
            "propagating_vgws": [],
            "route": [
              {
                "carrier_gateway_id": "",
                "cidr_block": "0.0.0.0/0",
                "core_network_arn": "",
                "destination_prefix_list_id": "",
                "egress_only_gateway_id": "",
                "gateway_id": "igw-0ad096d7629eb9ddf",
                "ipv6_cidr_block": "",
                "local_gateway_id": "",
                "nat_gateway_id": "",
                "network_interface_id": "",
                "transit_gateway_id": "",
                "vpc_endpoint_id": "",
                "vpc_peering_connection_id": ""
              }
            ],
            "tags": {
              "Name": "public_route_table_tf"
            },
            "tags_all": {
              "Name": "public_route_table_tf",
              "environment": "dev"
            },
            "timeouts": null,
            "vpc_id": "vpc-06fdf4befa743ea11"
          },
          "sensitive_attributes": [],
          "private": "eyJlMmJmYjczMC1lY2FhLTExZTYtOGY4OC0zNDM2M2JjN2M0YzAiOnsiY3JlYXRlIjozMDAwMDAwMDAwMDAsImRlbGV0ZSI6MzAwMDAwMDAwMDAwLCJ1cGRhdGUiOjEyMDAwMDAwMDAwMH19",
          "dependencies": [
            "module.VPC-BASE.aws_internet_gateway.my_igw",
            "module.VPC-BASE.aws_vpc.my_vpc"
          ]
        }
      ]
    },
    {
      "module": "module.VPC-BASE[0]",
      "mode": "managed",
      "type": "aws_route_table_association",
      "name": "private_route_table_association",
      "provider": "provider[\"registry.terraform.io/hashicorp/aws\"]",
      "instances": [
        {
          "index_key": 0,
          "schema_version": 0,
          "attributes": {
            "gateway_id": "",
            "id": "rtbassoc-051921b0c5aaa8112",
            "route_table_id": "rtb-0c785c85444d6c9b5",
            "subnet_id": "subnet-08d7aa9bbde4fe92a",
            "timeouts": null
          },
          "sensitive_attributes": [],
          "private": "eyJlMmJmYjczMC1lY2FhLTExZTYtOGY4OC0zNDM2M2JjN2M0YzAiOnsiY3JlYXRlIjozMDAwMDAwMDAwMDAsImRlbGV0ZSI6MzAwMDAwMDAwMDAwLCJ1cGRhdGUiOjEyMDAwMDAwMDAwMH19",
          "dependencies": [
            "module.VPC-BASE.aws_eip.eip1",
            "module.VPC-BASE.aws_eip.eip2",
            "module.VPC-BASE.aws_nat_gateway.nat_1a",
            "module.VPC-BASE.aws_nat_gateway.nat_1b",
            "module.VPC-BASE.aws_route_table.private_route_table",
            "module.VPC-BASE.aws_subnet.private_subnets",
            "module.VPC-BASE.aws_subnet.public_subnets",
            "module.VPC-BASE.aws_vpc.my_vpc"
          ]
        },
        {
          "index_key": 1,
          "schema_version": 0,
          "attributes": {
            "gateway_id": "",
            "id": "rtbassoc-0b5aa160be701c3c8",
            "route_table_id": "rtb-0c785c85444d6c9b5",
            "subnet_id": "subnet-0410a821e7bc4f585",
            "timeouts": null
          },
          "sensitive_attributes": [],
          "private": "eyJlMmJmYjczMC1lY2FhLTExZTYtOGY4OC0zNDM2M2JjN2M0YzAiOnsiY3JlYXRlIjozMDAwMDAwMDAwMDAsImRlbGV0ZSI6MzAwMDAwMDAwMDAwLCJ1cGRhdGUiOjEyMDAwMDAwMDAwMH19",
          "dependencies": [
            "module.VPC-BASE.aws_eip.eip1",
            "module.VPC-BASE.aws_eip.eip2",
            "module.VPC-BASE.aws_nat_gateway.nat_1a",
            "module.VPC-BASE.aws_nat_gateway.nat_1b",
            "module.VPC-BASE.aws_route_table.private_route_table",
            "module.VPC-BASE.aws_subnet.private_subnets",
            "module.VPC-BASE.aws_subnet.public_subnets",
            "module.VPC-BASE.aws_vpc.my_vpc"
          ]
        },
        {
          "index_key": 2,
          "schema_version": 0,
          "attributes": {
            "gateway_id": "",
            "id": "rtbassoc-00ad2a628d78ab660",
            "route_table_id": "rtb-0c785c85444d6c9b5",
            "subnet_id": "subnet-0d0f3d5b01123d254",
            "timeouts": null
          },
          "sensitive_attributes": [],
          "private": "eyJlMmJmYjczMC1lY2FhLTExZTYtOGY4OC0zNDM2M2JjN2M0YzAiOnsiY3JlYXRlIjozMDAwMDAwMDAwMDAsImRlbGV0ZSI6MzAwMDAwMDAwMDAwLCJ1cGRhdGUiOjEyMDAwMDAwMDAwMH19",
          "dependencies": [
            "module.VPC-BASE.aws_eip.eip1",
            "module.VPC-BASE.aws_eip.eip2",
            "module.VPC-BASE.aws_nat_gateway.nat_1a",
            "module.VPC-BASE.aws_nat_gateway.nat_1b",
            "module.VPC-BASE.aws_route_table.private_route_table",
            "module.VPC-BASE.aws_subnet.private_subnets",
            "module.VPC-BASE.aws_subnet.public_subnets",
            "module.VPC-BASE.aws_vpc.my_vpc"
          ]
        },
        {
          "index_key": 3,
          "schema_version": 0,
          "attributes": {
            "gateway_id": "",
            "id": "rtbassoc-0ea2875069337a317",
            "route_table_id": "rtb-0c785c85444d6c9b5",
            "subnet_id": "subnet-0c7fc5b209150fc36",
            "timeouts": null
          },
          "sensitive_attributes": [],
          "private": "eyJlMmJmYjczMC1lY2FhLTExZTYtOGY4OC0zNDM2M2JjN2M0YzAiOnsiY3JlYXRlIjozMDAwMDAwMDAwMDAsImRlbGV0ZSI6MzAwMDAwMDAwMDAwLCJ1cGRhdGUiOjEyMDAwMDAwMDAwMH19",
          "dependencies": [
            "module.VPC-BASE.aws_eip.eip1",
            "module.VPC-BASE.aws_eip.eip2",
            "module.VPC-BASE.aws_nat_gateway.nat_1a",
            "module.VPC-BASE.aws_nat_gateway.nat_1b",
            "module.VPC-BASE.aws_route_table.private_route_table",
            "module.VPC-BASE.aws_subnet.private_subnets",
            "module.VPC-BASE.aws_subnet.public_subnets",
            "module.VPC-BASE.aws_vpc.my_vpc"
          ]
        },
        {
          "index_key": 4,
          "schema_version": 0,
          "attributes": {
            "gateway_id": "",
            "id": "rtbassoc-07be31b4203c5a54d",
            "route_table_id": "rtb-0c785c85444d6c9b5",
            "subnet_id": "subnet-0ad2472b1b6f712d2",
            "timeouts": null
          },
          "sensitive_attributes": [],
          "private": "eyJlMmJmYjczMC1lY2FhLTExZTYtOGY4OC0zNDM2M2JjN2M0YzAiOnsiY3JlYXRlIjozMDAwMDAwMDAwMDAsImRlbGV0ZSI6MzAwMDAwMDAwMDAwLCJ1cGRhdGUiOjEyMDAwMDAwMDAwMH19",
          "dependencies": [
            "module.VPC-BASE.aws_eip.eip1",
            "module.VPC-BASE.aws_eip.eip2",
            "module.VPC-BASE.aws_nat_gateway.nat_1a",
            "module.VPC-BASE.aws_nat_gateway.nat_1b",
            "module.VPC-BASE.aws_route_table.private_route_table",
            "module.VPC-BASE.aws_subnet.private_subnets",
            "module.VPC-BASE.aws_subnet.public_subnets",
            "module.VPC-BASE.aws_vpc.my_vpc"
          ]
        },
        {
          "index_key": 5,
          "schema_version": 0,
          "attributes": {
            "gateway_id": "",
            "id": "rtbassoc-0fe24555230dbe1cd",
            "route_table_id": "rtb-0c785c85444d6c9b5",
            "subnet_id": "subnet-082a36798a551a2fe",
            "timeouts": null
          },
          "sensitive_attributes": [],
          "private": "eyJlMmJmYjczMC1lY2FhLTExZTYtOGY4OC0zNDM2M2JjN2M0YzAiOnsiY3JlYXRlIjozMDAwMDAwMDAwMDAsImRlbGV0ZSI6MzAwMDAwMDAwMDAwLCJ1cGRhdGUiOjEyMDAwMDAwMDAwMH19",
          "dependencies": [
            "module.VPC-BASE.aws_eip.eip1",
            "module.VPC-BASE.aws_eip.eip2",
            "module.VPC-BASE.aws_nat_gateway.nat_1a",
            "module.VPC-BASE.aws_nat_gateway.nat_1b",
            "module.VPC-BASE.aws_route_table.private_route_table",
            "module.VPC-BASE.aws_subnet.private_subnets",
            "module.VPC-BASE.aws_subnet.public_subnets",
            "module.VPC-BASE.aws_vpc.my_vpc"
          ]
        },
        {
          "index_key": 6,
          "schema_version": 0,
          "attributes": {
            "gateway_id": "",
            "id": "rtbassoc-0f66a21e9498230e9",
            "route_table_id": "rtb-0c785c85444d6c9b5",
            "subnet_id": "subnet-03e334e6db1853b68",
            "timeouts": null
          },
          "sensitive_attributes": [],
          "private": "eyJlMmJmYjczMC1lY2FhLTExZTYtOGY4OC0zNDM2M2JjN2M0YzAiOnsiY3JlYXRlIjozMDAwMDAwMDAwMDAsImRlbGV0ZSI6MzAwMDAwMDAwMDAwLCJ1cGRhdGUiOjEyMDAwMDAwMDAwMH19",
          "dependencies": [
            "module.VPC-BASE.aws_eip.eip1",
            "module.VPC-BASE.aws_eip.eip2",
            "module.VPC-BASE.aws_nat_gateway.nat_1a",
            "module.VPC-BASE.aws_nat_gateway.nat_1b",
            "module.VPC-BASE.aws_route_table.private_route_table",
            "module.VPC-BASE.aws_subnet.private_subnets",
            "module.VPC-BASE.aws_subnet.public_subnets",
            "module.VPC-BASE.aws_vpc.my_vpc"
          ]
        },
        {
          "index_key": 7,
          "schema_version": 0,
          "attributes": {
            "gateway_id": "",
            "id": "rtbassoc-00c4c441af1e66afd",
            "route_table_id": "rtb-0c785c85444d6c9b5",
            "subnet_id": "subnet-0b954ea185ef71e0e",
            "timeouts": null
          },
          "sensitive_attributes": [],
          "private": "eyJlMmJmYjczMC1lY2FhLTExZTYtOGY4OC0zNDM2M2JjN2M0YzAiOnsiY3JlYXRlIjozMDAwMDAwMDAwMDAsImRlbGV0ZSI6MzAwMDAwMDAwMDAwLCJ1cGRhdGUiOjEyMDAwMDAwMDAwMH19",
          "dependencies": [
            "module.VPC-BASE.aws_eip.eip1",
            "module.VPC-BASE.aws_eip.eip2",
            "module.VPC-BASE.aws_nat_gateway.nat_1a",
            "module.VPC-BASE.aws_nat_gateway.nat_1b",
            "module.VPC-BASE.aws_route_table.private_route_table",
            "module.VPC-BASE.aws_subnet.private_subnets",
            "module.VPC-BASE.aws_subnet.public_subnets",
            "module.VPC-BASE.aws_vpc.my_vpc"
          ]
        },
        {
          "index_key": 8,
          "schema_version": 0,
          "attributes": {
            "gateway_id": "",
            "id": "rtbassoc-0c55e05472d0c9d32",
            "route_table_id": "rtb-0c785c85444d6c9b5",
            "subnet_id": "subnet-0b6d358c85b5bfd6d",
            "timeouts": null
          },
          "sensitive_attributes": [],
          "private": "eyJlMmJmYjczMC1lY2FhLTExZTYtOGY4OC0zNDM2M2JjN2M0YzAiOnsiY3JlYXRlIjozMDAwMDAwMDAwMDAsImRlbGV0ZSI6MzAwMDAwMDAwMDAwLCJ1cGRhdGUiOjEyMDAwMDAwMDAwMH19",
          "dependencies": [
            "module.VPC-BASE.aws_eip.eip1",
            "module.VPC-BASE.aws_eip.eip2",
            "module.VPC-BASE.aws_nat_gateway.nat_1a",
            "module.VPC-BASE.aws_nat_gateway.nat_1b",
            "module.VPC-BASE.aws_route_table.private_route_table",
            "module.VPC-BASE.aws_subnet.private_subnets",
            "module.VPC-BASE.aws_subnet.public_subnets",
            "module.VPC-BASE.aws_vpc.my_vpc"
          ]
        },
        {
          "index_key": 9,
          "schema_version": 0,
          "attributes": {
            "gateway_id": "",
            "id": "rtbassoc-0c5afdb37d5c8590e",
            "route_table_id": "rtb-0c785c85444d6c9b5",
            "subnet_id": "subnet-0723625f3f8ed6ec4",
            "timeouts": null
          },
          "sensitive_attributes": [],
          "private": "eyJlMmJmYjczMC1lY2FhLTExZTYtOGY4OC0zNDM2M2JjN2M0YzAiOnsiY3JlYXRlIjozMDAwMDAwMDAwMDAsImRlbGV0ZSI6MzAwMDAwMDAwMDAwLCJ1cGRhdGUiOjEyMDAwMDAwMDAwMH19",
          "dependencies": [
            "module.VPC-BASE.aws_eip.eip1",
            "module.VPC-BASE.aws_eip.eip2",
            "module.VPC-BASE.aws_nat_gateway.nat_1a",
            "module.VPC-BASE.aws_nat_gateway.nat_1b",
            "module.VPC-BASE.aws_route_table.private_route_table",
            "module.VPC-BASE.aws_subnet.private_subnets",
            "module.VPC-BASE.aws_subnet.public_subnets",
            "module.VPC-BASE.aws_vpc.my_vpc"
          ]
        }
      ]
    },
    {
      "module": "module.VPC-BASE[0]",
      "mode": "managed",
      "type": "aws_route_table_association",
      "name": "public_route_table_association",
      "provider": "provider[\"registry.terraform.io/hashicorp/aws\"]",
      "instances": [
        {
          "index_key": 0,
          "schema_version": 0,
          "attributes": {
            "gateway_id": "",
            "id": "rtbassoc-015b034d57157be9c",
            "route_table_id": "rtb-03c4bdcc87045f50e",
            "subnet_id": "subnet-09be4246d366a5fb1",
            "timeouts": null
          },
          "sensitive_attributes": [],
          "private": "eyJlMmJmYjczMC1lY2FhLTExZTYtOGY4OC0zNDM2M2JjN2M0YzAiOnsiY3JlYXRlIjozMDAwMDAwMDAwMDAsImRlbGV0ZSI6MzAwMDAwMDAwMDAwLCJ1cGRhdGUiOjEyMDAwMDAwMDAwMH19",
          "dependencies": [
            "module.VPC-BASE.aws_internet_gateway.my_igw",
            "module.VPC-BASE.aws_route_table.public_route_table",
            "module.VPC-BASE.aws_subnet.public_subnets",
            "module.VPC-BASE.aws_vpc.my_vpc"
          ]
        },
        {
          "index_key": 1,
          "schema_version": 0,
          "attributes": {
            "gateway_id": "",
            "id": "rtbassoc-0aa9fd9d45e6be194",
            "route_table_id": "rtb-03c4bdcc87045f50e",
            "subnet_id": "subnet-04670c832cbf41ac5",
            "timeouts": null
          },
          "sensitive_attributes": [],
          "private": "eyJlMmJmYjczMC1lY2FhLTExZTYtOGY4OC0zNDM2M2JjN2M0YzAiOnsiY3JlYXRlIjozMDAwMDAwMDAwMDAsImRlbGV0ZSI6MzAwMDAwMDAwMDAwLCJ1cGRhdGUiOjEyMDAwMDAwMDAwMH19",
          "dependencies": [
            "module.VPC-BASE.aws_internet_gateway.my_igw",
            "module.VPC-BASE.aws_route_table.public_route_table",
            "module.VPC-BASE.aws_subnet.public_subnets",
            "module.VPC-BASE.aws_vpc.my_vpc"
          ]
        }
      ]
    },
    {
      "module": "module.VPC-BASE[0]",
      "mode": "managed",
      "type": "aws_subnet",
      "name": "private_subnets",
      "provider": "provider[\"registry.terraform.io/hashicorp/aws\"]",
      "instances": [
        {
          "index_key": 0,
          "schema_version": 1,
          "attributes": {
            "arn": "arn:aws:ec2:us-east-1:721636561061:subnet/subnet-08d7aa9bbde4fe92a",
            "assign_ipv6_address_on_creation": false,
            "availability_zone": "us-east-1a",
            "availability_zone_id": "use1-az6",
            "cidr_block": "10.0.12.0/22",
            "customer_owned_ipv4_pool": "",
            "enable_dns64": false,
            "enable_lni_at_device_index": 0,
            "enable_resource_name_dns_a_record_on_launch": false,
            "enable_resource_name_dns_aaaa_record_on_launch": false,
            "id": "subnet-08d7aa9bbde4fe92a",
            "ipv6_cidr_block": "",
            "ipv6_cidr_block_association_id": "",
            "ipv6_native": false,
            "map_customer_owned_ip_on_launch": false,
            "map_public_ip_on_launch": false,
            "outpost_arn": "",
            "owner_id": "721636561061",
            "private_dns_hostname_type_on_launch": "ip-name",
            "tags": {
              "Name": "private_subnet_mysql_1a"
            },
            "tags_all": {
              "Name": "private_subnet_mysql_1a",
              "environment": "dev"
            },
            "timeouts": null,
            "vpc_id": "vpc-06fdf4befa743ea11"
          },
          "sensitive_attributes": [],
          "private": "eyJlMmJmYjczMC1lY2FhLTExZTYtOGY4OC0zNDM2M2JjN2M0YzAiOnsiY3JlYXRlIjo2MDAwMDAwMDAwMDAsImRlbGV0ZSI6MTIwMDAwMDAwMDAwMH0sInNjaGVtYV92ZXJzaW9uIjoiMSJ9",
          "dependencies": [
            "module.VPC-BASE.aws_vpc.my_vpc"
          ]
        },
        {
          "index_key": 1,
          "schema_version": 1,
          "attributes": {
            "arn": "arn:aws:ec2:us-east-1:721636561061:subnet/subnet-0410a821e7bc4f585",
            "assign_ipv6_address_on_creation": false,
            "availability_zone": "us-east-1b",
            "availability_zone_id": "use1-az1",
            "cidr_block": "10.0.8.0/22",
            "customer_owned_ipv4_pool": "",
            "enable_dns64": false,
            "enable_lni_at_device_index": 0,
            "enable_resource_name_dns_a_record_on_launch": false,
            "enable_resource_name_dns_aaaa_record_on_launch": false,
            "id": "subnet-0410a821e7bc4f585",
            "ipv6_cidr_block": "",
            "ipv6_cidr_block_association_id": "",
            "ipv6_native": false,
            "map_customer_owned_ip_on_launch": false,
            "map_public_ip_on_launch": false,
            "outpost_arn": "",
            "owner_id": "721636561061",
            "private_dns_hostname_type_on_launch": "ip-name",
            "tags": {
              "Name": "private_subnet_mysql_1b"
            },
            "tags_all": {
              "Name": "private_subnet_mysql_1b",
              "environment": "dev"
            },
            "timeouts": null,
            "vpc_id": "vpc-06fdf4befa743ea11"
          },
          "sensitive_attributes": [],
          "private": "eyJlMmJmYjczMC1lY2FhLTExZTYtOGY4OC0zNDM2M2JjN2M0YzAiOnsiY3JlYXRlIjo2MDAwMDAwMDAwMDAsImRlbGV0ZSI6MTIwMDAwMDAwMDAwMH0sInNjaGVtYV92ZXJzaW9uIjoiMSJ9",
          "dependencies": [
            "module.VPC-BASE.aws_vpc.my_vpc"
          ]
        },
        {
          "index_key": 2,
          "schema_version": 1,
          "attributes": {
            "arn": "arn:aws:ec2:us-east-1:721636561061:subnet/subnet-0d0f3d5b01123d254",
            "assign_ipv6_address_on_creation": false,
            "availability_zone": "us-east-1a",
            "availability_zone_id": "use1-az6",
            "cidr_block": "10.0.1.0/24",
            "customer_owned_ipv4_pool": "",
            "enable_dns64": false,
            "enable_lni_at_device_index": 0,
            "enable_resource_name_dns_a_record_on_launch": false,
            "enable_resource_name_dns_aaaa_record_on_launch": false,
            "id": "subnet-0d0f3d5b01123d254",
            "ipv6_cidr_block": "",
            "ipv6_cidr_block_association_id": "",
            "ipv6_native": false,
            "map_customer_owned_ip_on_launch": false,
            "map_public_ip_on_launch": false,
            "outpost_arn": "",
            "owner_id": "721636561061",
            "private_dns_hostname_type_on_launch": "ip-name",
            "tags": {
              "Name": "private_subnet_clixx_1a"
            },
            "tags_all": {
              "Name": "private_subnet_clixx_1a",
              "environment": "dev"
            },
            "timeouts": null,
            "vpc_id": "vpc-06fdf4befa743ea11"
          },
          "sensitive_attributes": [],
          "private": "eyJlMmJmYjczMC1lY2FhLTExZTYtOGY4OC0zNDM2M2JjN2M0YzAiOnsiY3JlYXRlIjo2MDAwMDAwMDAwMDAsImRlbGV0ZSI6MTIwMDAwMDAwMDAwMH0sInNjaGVtYV92ZXJzaW9uIjoiMSJ9",
          "dependencies": [
            "module.VPC-BASE.aws_vpc.my_vpc"
          ]
        },
        {
          "index_key": 3,
          "schema_version": 1,
          "attributes": {
            "arn": "arn:aws:ec2:us-east-1:721636561061:subnet/subnet-0c7fc5b209150fc36",
            "assign_ipv6_address_on_creation": false,
            "availability_zone": "us-east-1b",
            "availability_zone_id": "use1-az1",
            "cidr_block": "10.0.0.0/24",
            "customer_owned_ipv4_pool": "",
            "enable_dns64": false,
            "enable_lni_at_device_index": 0,
            "enable_resource_name_dns_a_record_on_launch": false,
            "enable_resource_name_dns_aaaa_record_on_launch": false,
            "id": "subnet-0c7fc5b209150fc36",
            "ipv6_cidr_block": "",
            "ipv6_cidr_block_association_id": "",
            "ipv6_native": false,
            "map_customer_owned_ip_on_launch": false,
            "map_public_ip_on_launch": false,
            "outpost_arn": "",
            "owner_id": "721636561061",
            "private_dns_hostname_type_on_launch": "ip-name",
            "tags": {
              "Name": "private_subnet_clixx_1b"
            },
            "tags_all": {
              "Name": "private_subnet_clixx_1b",
              "environment": "dev"
            },
            "timeouts": null,
            "vpc_id": "vpc-06fdf4befa743ea11"
          },
          "sensitive_attributes": [],
          "private": "eyJlMmJmYjczMC1lY2FhLTExZTYtOGY4OC0zNDM2M2JjN2M0YzAiOnsiY3JlYXRlIjo2MDAwMDAwMDAwMDAsImRlbGV0ZSI6MTIwMDAwMDAwMDAwMH0sInNjaGVtYV92ZXJzaW9uIjoiMSJ9",
          "dependencies": [
            "module.VPC-BASE.aws_vpc.my_vpc"
          ]
        },
        {
          "index_key": 4,
          "schema_version": 1,
          "attributes": {
            "arn": "arn:aws:ec2:us-east-1:721636561061:subnet/subnet-0ad2472b1b6f712d2",
            "assign_ipv6_address_on_creation": false,
            "availability_zone": "us-east-1a",
            "availability_zone_id": "use1-az6",
            "cidr_block": "10.0.24.0/26",
            "customer_owned_ipv4_pool": "",
            "enable_dns64": false,
            "enable_lni_at_device_index": 0,
            "enable_resource_name_dns_a_record_on_launch": false,
            "enable_resource_name_dns_aaaa_record_on_launch": false,
            "id": "subnet-0ad2472b1b6f712d2",
            "ipv6_cidr_block": "",
            "ipv6_cidr_block_association_id": "",
            "ipv6_native": false,
            "map_customer_owned_ip_on_launch": false,
            "map_public_ip_on_launch": false,
            "outpost_arn": "",
            "owner_id": "721636561061",
            "private_dns_hostname_type_on_launch": "ip-name",
            "tags": {
              "Name": "private_subnet_java_1a"
            },
            "tags_all": {
              "Name": "private_subnet_java_1a",
              "environment": "dev"
            },
            "timeouts": null,
            "vpc_id": "vpc-06fdf4befa743ea11"
          },
          "sensitive_attributes": [],
          "private": "eyJlMmJmYjczMC1lY2FhLTExZTYtOGY4OC0zNDM2M2JjN2M0YzAiOnsiY3JlYXRlIjo2MDAwMDAwMDAwMDAsImRlbGV0ZSI6MTIwMDAwMDAwMDAwMH0sInNjaGVtYV92ZXJzaW9uIjoiMSJ9",
          "dependencies": [
            "module.VPC-BASE.aws_vpc.my_vpc"
          ]
        },
        {
          "index_key": 5,
          "schema_version": 1,
          "attributes": {
            "arn": "arn:aws:ec2:us-east-1:721636561061:subnet/subnet-082a36798a551a2fe",
            "assign_ipv6_address_on_creation": false,
            "availability_zone": "us-east-1b",
            "availability_zone_id": "use1-az1",
            "cidr_block": "10.0.25.0/26",
            "customer_owned_ipv4_pool": "",
            "enable_dns64": false,
            "enable_lni_at_device_index": 0,
            "enable_resource_name_dns_a_record_on_launch": false,
            "enable_resource_name_dns_aaaa_record_on_launch": false,
            "id": "subnet-082a36798a551a2fe",
            "ipv6_cidr_block": "",
            "ipv6_cidr_block_association_id": "",
            "ipv6_native": false,
            "map_customer_owned_ip_on_launch": false,
            "map_public_ip_on_launch": false,
            "outpost_arn": "",
            "owner_id": "721636561061",
            "private_dns_hostname_type_on_launch": "ip-name",
            "tags": {
              "Name": "private_subnet_java_1b"
            },
            "tags_all": {
              "Name": "private_subnet_java_1b",
              "environment": "dev"
            },
            "timeouts": null,
            "vpc_id": "vpc-06fdf4befa743ea11"
          },
          "sensitive_attributes": [],
          "private": "eyJlMmJmYjczMC1lY2FhLTExZTYtOGY4OC0zNDM2M2JjN2M0YzAiOnsiY3JlYXRlIjo2MDAwMDAwMDAwMDAsImRlbGV0ZSI6MTIwMDAwMDAwMDAwMH0sInNjaGVtYV92ZXJzaW9uIjoiMSJ9",
          "dependencies": [
            "module.VPC-BASE.aws_vpc.my_vpc"
          ]
        },
        {
          "index_key": 6,
          "schema_version": 1,
          "attributes": {
            "arn": "arn:aws:ec2:us-east-1:721636561061:subnet/subnet-03e334e6db1853b68",
            "assign_ipv6_address_on_creation": false,
            "availability_zone": "us-east-1a",
            "availability_zone_id": "use1-az6",
            "cidr_block": "10.0.21.0/26",
            "customer_owned_ipv4_pool": "",
            "enable_dns64": false,
            "enable_lni_at_device_index": 0,
            "enable_resource_name_dns_a_record_on_launch": false,
            "enable_resource_name_dns_aaaa_record_on_launch": false,
            "id": "subnet-03e334e6db1853b68",
            "ipv6_cidr_block": "",
            "ipv6_cidr_block_association_id": "",
            "ipv6_native": false,
            "map_customer_owned_ip_on_launch": false,
            "map_public_ip_on_launch": false,
            "outpost_arn": "",
            "owner_id": "721636561061",
            "private_dns_hostname_type_on_launch": "ip-name",
            "tags": {
              "Name": "private_subnet_javadb_1a"
            },
            "tags_all": {
              "Name": "private_subnet_javadb_1a",
              "environment": "dev"
            },
            "timeouts": null,
            "vpc_id": "vpc-06fdf4befa743ea11"
          },
          "sensitive_attributes": [],
          "private": "eyJlMmJmYjczMC1lY2FhLTExZTYtOGY4OC0zNDM2M2JjN2M0YzAiOnsiY3JlYXRlIjo2MDAwMDAwMDAwMDAsImRlbGV0ZSI6MTIwMDAwMDAwMDAwMH0sInNjaGVtYV92ZXJzaW9uIjoiMSJ9",
          "dependencies": [
            "module.VPC-BASE.aws_vpc.my_vpc"
          ]
        },
        {
          "index_key": 7,
          "schema_version": 1,
          "attributes": {
            "arn": "arn:aws:ec2:us-east-1:721636561061:subnet/subnet-0b954ea185ef71e0e",
            "assign_ipv6_address_on_creation": false,
            "availability_zone": "us-east-1b",
            "availability_zone_id": "use1-az1",
            "cidr_block": "10.0.27.0/26",
            "customer_owned_ipv4_pool": "",
            "enable_dns64": false,
            "enable_lni_at_device_index": 0,
            "enable_resource_name_dns_a_record_on_launch": false,
            "enable_resource_name_dns_aaaa_record_on_launch": false,
            "id": "subnet-0b954ea185ef71e0e",
            "ipv6_cidr_block": "",
            "ipv6_cidr_block_association_id": "",
            "ipv6_native": false,
            "map_customer_owned_ip_on_launch": false,
            "map_public_ip_on_launch": false,
            "outpost_arn": "",
            "owner_id": "721636561061",
            "private_dns_hostname_type_on_launch": "ip-name",
            "tags": {
              "Name": "private_subnet_javadb_1a"
            },
            "tags_all": {
              "Name": "private_subnet_javadb_1a",
              "environment": "dev"
            },
            "timeouts": null,
            "vpc_id": "vpc-06fdf4befa743ea11"
          },
          "sensitive_attributes": [],
          "private": "eyJlMmJmYjczMC1lY2FhLTExZTYtOGY4OC0zNDM2M2JjN2M0YzAiOnsiY3JlYXRlIjo2MDAwMDAwMDAwMDAsImRlbGV0ZSI6MTIwMDAwMDAwMDAwMH0sInNjaGVtYV92ZXJzaW9uIjoiMSJ9",
          "dependencies": [
            "module.VPC-BASE.aws_vpc.my_vpc"
          ]
        },
        {
          "index_key": 8,
          "schema_version": 1,
          "attributes": {
            "arn": "arn:aws:ec2:us-east-1:721636561061:subnet/subnet-0b6d358c85b5bfd6d",
            "assign_ipv6_address_on_creation": false,
            "availability_zone": "us-east-1a",
            "availability_zone_id": "use1-az6",
            "cidr_block": "10.0.16.0/24",
            "customer_owned_ipv4_pool": "",
            "enable_dns64": false,
            "enable_lni_at_device_index": 0,
            "enable_resource_name_dns_a_record_on_launch": false,
            "enable_resource_name_dns_aaaa_record_on_launch": false,
            "id": "subnet-0b6d358c85b5bfd6d",
            "ipv6_cidr_block": "",
            "ipv6_cidr_block_association_id": "",
            "ipv6_native": false,
            "map_customer_owned_ip_on_launch": false,
            "map_public_ip_on_launch": false,
            "outpost_arn": "",
            "owner_id": "721636561061",
            "private_dns_hostname_type_on_launch": "ip-name",
            "tags": {
              "Name": "private_subnet_oracledb_1b"
            },
            "tags_all": {
              "Name": "private_subnet_oracledb_1b",
              "environment": "dev"
            },
            "timeouts": null,
            "vpc_id": "vpc-06fdf4befa743ea11"
          },
          "sensitive_attributes": [],
          "private": "eyJlMmJmYjczMC1lY2FhLTExZTYtOGY4OC0zNDM2M2JjN2M0YzAiOnsiY3JlYXRlIjo2MDAwMDAwMDAwMDAsImRlbGV0ZSI6MTIwMDAwMDAwMDAwMH0sInNjaGVtYV92ZXJzaW9uIjoiMSJ9",
          "dependencies": [
            "module.VPC-BASE.aws_vpc.my_vpc"
          ]
        },
        {
          "index_key": 9,
          "schema_version": 1,
          "attributes": {
            "arn": "arn:aws:ec2:us-east-1:721636561061:subnet/subnet-0723625f3f8ed6ec4",
            "assign_ipv6_address_on_creation": false,
            "availability_zone": "us-east-1b",
            "availability_zone_id": "use1-az1",
            "cidr_block": "10.0.17.0/24",
            "customer_owned_ipv4_pool": "",
            "enable_dns64": false,
            "enable_lni_at_device_index": 0,
            "enable_resource_name_dns_a_record_on_launch": false,
            "enable_resource_name_dns_aaaa_record_on_launch": false,
            "id": "subnet-0723625f3f8ed6ec4",
            "ipv6_cidr_block": "",
            "ipv6_cidr_block_association_id": "",
            "ipv6_native": false,
            "map_customer_owned_ip_on_launch": false,
            "map_public_ip_on_launch": false,
            "outpost_arn": "",
            "owner_id": "721636561061",
            "private_dns_hostname_type_on_launch": "ip-name",
            "tags": {
              "Name": "private_subnet_oracledb_1b"
            },
            "tags_all": {
              "Name": "private_subnet_oracledb_1b",
              "environment": "dev"
            },
            "timeouts": null,
            "vpc_id": "vpc-06fdf4befa743ea11"
          },
          "sensitive_attributes": [],
          "private": "eyJlMmJmYjczMC1lY2FhLTExZTYtOGY4OC0zNDM2M2JjN2M0YzAiOnsiY3JlYXRlIjo2MDAwMDAwMDAwMDAsImRlbGV0ZSI6MTIwMDAwMDAwMDAwMH0sInNjaGVtYV92ZXJzaW9uIjoiMSJ9",
          "dependencies": [
            "module.VPC-BASE.aws_vpc.my_vpc"
          ]
        }
      ]
    },
    {
      "module": "module.VPC-BASE[0]",
      "mode": "managed",
      "type": "aws_subnet",
      "name": "public_subnets",
      "provider": "provider[\"registry.terraform.io/hashicorp/aws\"]",
      "instances": [
        {
          "index_key": 0,
          "schema_version": 1,
          "attributes": {
            "arn": "arn:aws:ec2:us-east-1:721636561061:subnet/subnet-09be4246d366a5fb1",
            "assign_ipv6_address_on_creation": false,
            "availability_zone": "us-east-1a",
            "availability_zone_id": "use1-az6",
            "cidr_block": "10.0.4.0/23",
            "customer_owned_ipv4_pool": "",
            "enable_dns64": false,
            "enable_lni_at_device_index": 0,
            "enable_resource_name_dns_a_record_on_launch": false,
            "enable_resource_name_dns_aaaa_record_on_launch": false,
            "id": "subnet-09be4246d366a5fb1",
            "ipv6_cidr_block": "",
            "ipv6_cidr_block_association_id": "",
            "ipv6_native": false,
            "map_customer_owned_ip_on_launch": false,
            "map_public_ip_on_launch": false,
            "outpost_arn": "",
            "owner_id": "721636561061",
            "private_dns_hostname_type_on_launch": "ip-name",
            "tags": {
              "Name": "public_subnet_1a"
            },
            "tags_all": {
              "Name": "public_subnet_1a",
              "environment": "dev"
            },
            "timeouts": null,
            "vpc_id": "vpc-06fdf4befa743ea11"
          },
          "sensitive_attributes": [],
          "private": "eyJlMmJmYjczMC1lY2FhLTExZTYtOGY4OC0zNDM2M2JjN2M0YzAiOnsiY3JlYXRlIjo2MDAwMDAwMDAwMDAsImRlbGV0ZSI6MTIwMDAwMDAwMDAwMH0sInNjaGVtYV92ZXJzaW9uIjoiMSJ9",
          "dependencies": [
            "module.VPC-BASE.aws_vpc.my_vpc"
          ]
        },
        {
          "index_key": 1,
          "schema_version": 1,
          "attributes": {
            "arn": "arn:aws:ec2:us-east-1:721636561061:subnet/subnet-04670c832cbf41ac5",
            "assign_ipv6_address_on_creation": false,
            "availability_zone": "us-east-1b",
            "availability_zone_id": "use1-az1",
            "cidr_block": "10.0.22.0/23",
            "customer_owned_ipv4_pool": "",
            "enable_dns64": false,
            "enable_lni_at_device_index": 0,
            "enable_resource_name_dns_a_record_on_launch": false,
            "enable_resource_name_dns_aaaa_record_on_launch": false,
            "id": "subnet-04670c832cbf41ac5",
            "ipv6_cidr_block": "",
            "ipv6_cidr_block_association_id": "",
            "ipv6_native": false,
            "map_customer_owned_ip_on_launch": false,
            "map_public_ip_on_launch": false,
            "outpost_arn": "",
            "owner_id": "721636561061",
            "private_dns_hostname_type_on_launch": "ip-name",
            "tags": {
              "Name": "public_subnet_1b"
            },
            "tags_all": {
              "Name": "public_subnet_1b",
              "environment": "dev"
            },
            "timeouts": null,
            "vpc_id": "vpc-06fdf4befa743ea11"
          },
          "sensitive_attributes": [],
          "private": "eyJlMmJmYjczMC1lY2FhLTExZTYtOGY4OC0zNDM2M2JjN2M0YzAiOnsiY3JlYXRlIjo2MDAwMDAwMDAwMDAsImRlbGV0ZSI6MTIwMDAwMDAwMDAwMH0sInNjaGVtYV92ZXJzaW9uIjoiMSJ9",
          "dependencies": [
            "module.VPC-BASE.aws_vpc.my_vpc"
          ]
        }
      ]
    },
    {
      "module": "module.VPC-BASE[0]",
      "mode": "managed",
      "type": "aws_vpc",
      "name": "my_vpc",
      "provider": "provider[\"registry.terraform.io/hashicorp/aws\"]",
      "instances": [
        {
          "schema_version": 1,
          "attributes": {
            "arn": "arn:aws:ec2:us-east-1:721636561061:vpc/vpc-06fdf4befa743ea11",
            "assign_generated_ipv6_cidr_block": false,
            "cidr_block": "10.0.0.0/19",
            "default_network_acl_id": "acl-0b0aa3110780cbb83",
            "default_route_table_id": "rtb-0d81fa95d25e6fe79",
            "default_security_group_id": "sg-0a3e63bdb8b4393eb",
            "dhcp_options_id": "dopt-0e051014eead5e40b",
            "enable_dns_hostnames": true,
            "enable_dns_support": true,
            "enable_network_address_usage_metrics": false,
            "id": "vpc-06fdf4befa743ea11",
            "instance_tenancy": "default",
            "ipv4_ipam_pool_id": null,
            "ipv4_netmask_length": null,
            "ipv6_association_id": "",
            "ipv6_cidr_block": "",
            "ipv6_cidr_block_network_border_group": "",
            "ipv6_ipam_pool_id": "",
            "ipv6_netmask_length": 0,
            "main_route_table_id": "rtb-0d81fa95d25e6fe79",
            "owner_id": "721636561061",
            "tags": {
              "Name": "terra_VPC-infra"
            },
            "tags_all": {
              "Name": "terra_VPC-infra",
              "environment": "dev"
            }
          },
          "sensitive_attributes": [],
          "private": "eyJzY2hlbWFfdmVyc2lvbiI6IjEifQ=="
        }
      ]
    },
    {
      "module": "module.VPC-BASE[0]",
      "mode": "managed",
      "type": "aws_vpc_endpoint",
      "name": "s3_endpoint",
      "provider": "provider[\"registry.terraform.io/hashicorp/aws\"]",
      "instances": [
        {
          "schema_version": 0,
          "attributes": {
            "arn": "arn:aws:ec2:us-east-1:721636561061:vpc-endpoint/vpce-000abc19de7457372",
            "auto_accept": null,
            "cidr_blocks": [
              "16.182.0.0/16",
              "18.34.0.0/19",
              "52.216.0.0/15",
              "54.231.0.0/16",
              "3.5.0.0/19",
              "18.34.232.0/21"
            ],
            "dns_entry": [],
            "dns_options": [],
            "id": "vpce-000abc19de7457372",
            "ip_address_type": "",
            "network_interface_ids": [],
            "owner_id": "721636561061",
            "policy": "{\"Statement\":[{\"Action\":\"*\",\"Effect\":\"Allow\",\"Principal\":\"*\",\"Resource\":\"*\"}],\"Version\":\"2008-10-17\"}",
            "prefix_list_id": "pl-63a5400a",
            "private_dns_enabled": false,
            "requester_managed": false,
            "route_table_ids": [
              "rtb-0c785c85444d6c9b5"
            ],
            "security_group_ids": [],
            "service_name": "com.amazonaws.us-east-1.s3",
            "state": "available",
            "subnet_ids": [],
            "tags": {
              "Name": "stack-s3-endpoint-tf"
            },
            "tags_all": {
              "Name": "stack-s3-endpoint-tf",
              "environment": "dev"
            },
            "timeouts": null,
            "vpc_endpoint_type": "Gateway",
            "vpc_id": "vpc-06fdf4befa743ea11"
          },
          "sensitive_attributes": [],
          "private": "eyJlMmJmYjczMC1lY2FhLTExZTYtOGY4OC0zNDM2M2JjN2M0YzAiOnsiY3JlYXRlIjo2MDAwMDAwMDAwMDAsImRlbGV0ZSI6NjAwMDAwMDAwMDAwLCJ1cGRhdGUiOjYwMDAwMDAwMDAwMH19",
          "dependencies": [
            "module.VPC-BASE.aws_eip.eip1",
            "module.VPC-BASE.aws_eip.eip2",
            "module.VPC-BASE.aws_nat_gateway.nat_1a",
            "module.VPC-BASE.aws_nat_gateway.nat_1b",
            "module.VPC-BASE.aws_route_table.private_route_table",
            "module.VPC-BASE.aws_subnet.public_subnets",
            "module.VPC-BASE.aws_vpc.my_vpc"
          ]
        }
      ]
    }
  ],
  "check_results": null
}
