{
  "version": 4,
  "terraform_version": "1.5.3",
  "serial": 8,
  "lineage": "73686bdb-b581-6c0d-e4b7-4af8f9cb5680",
  "outputs": {},
  "resources": [
    {
      "mode": "data",
      "type": "terraform_remote_state",
      "name": "management",
      "provider": "provider[\"terraform.io/builtin/terraform\"]",
      "instances": [
        {
          "schema_version": 0,
          "attributes": {
            "backend": "local",
            "config": {
              "value": {
                "path": "../management/terraform.tfstate"
              },
              "type": [
                "object",
                {
                  "path": "string"
                }
              ]
            },
            "defaults": null,
            "outputs": {
              "value": {
                "dest_bucket_output": "tf-teejay-dest"
              },
              "type": [
                "object",
                {
                  "dest_bucket_output": "string"
                }
              ]
            },
            "workspace": null
          },
          "sensitive_attributes": []
        }
      ]
    },
    {
      "mode": "managed",
      "type": "aws_iam_policy",
      "name": "policy",
      "provider": "provider[\"registry.terraform.io/hashicorp/aws\"]",
      "instances": [
        {
          "schema_version": 0,
          "attributes": {
            "arn": "arn:aws:iam::721636561061:policy/s3_replication_permissions",
            "description": "S3 Permissions for Cross Replications",
            "id": "arn:aws:iam::721636561061:policy/s3_replication_permissions",
            "name": "s3_replication_permissions",
            "name_prefix": "",
            "path": "/",
            "policy": "{\"Statement\":[{\"Action\":[\"s3:GetObjectRetention\",\"s3:GetObjectVersionTagging\",\"s3:GetObjectVersionAcl\",\"s3:ListBucket\",\"s3:GetObjectVersionForReplication\",\"s3:GetObjectLegalHold\",\"s3:GetReplicationConfiguration\"],\"Effect\":\"Allow\",\"Resource\":[\"arn:aws:s3:::tf-teejay-source/*\",\"arn:aws:s3:::tf-teejay-source\"],\"Sid\":\"SourceBucketPermissions\"},{\"Action\":[\"s3:ReplicateObject\",\"s3:ObjectOwnerOverrideToBucketOwner\",\"s3:GetObjectVersionTagging\",\"s3:ReplicateTags\",\"s3:ReplicateDelete\"],\"Effect\":\"Allow\",\"Resource\":[\"arn:aws:s3:::tf-teejay-dest/*\"],\"Sid\":\"DestinationBucketPermissions\"}],\"Version\":\"2012-10-17\"}",
            "policy_id": "ANPA2QBHECCS6P2R75ORP",
            "tags": {},
            "tags_all": {}
          },
          "sensitive_attributes": [],
          "private": "bnVsbA==",
          "dependencies": [
            "data.terraform_remote_state.management"
          ]
        }
      ]
    },
    {
      "mode": "managed",
      "type": "aws_iam_policy_attachment",
      "name": "attach",
      "provider": "provider[\"registry.terraform.io/hashicorp/aws\"]",
      "instances": [
        {
          "schema_version": 0,
          "attributes": {
            "groups": [],
            "id": "attaching-S3-permissions-policy-to-Engineer-role",
            "name": "attaching-S3-permissions-policy-to-Engineer-role",
            "policy_arn": "arn:aws:iam::721636561061:policy/s3_replication_permissions",
            "roles": [
              "Engineer"
            ],
            "users": []
          },
          "sensitive_attributes": [],
          "private": "bnVsbA==",
          "dependencies": [
            "aws_iam_policy.policy",
            "data.terraform_remote_state.management"
          ]
        }
      ]
    },
    {
      "mode": "managed",
      "type": "aws_s3_bucket",
      "name": "source_bucket",
      "provider": "provider[\"registry.terraform.io/hashicorp/aws\"]",
      "instances": [
        {
          "schema_version": 0,
          "attributes": {
            "acceleration_status": "",
            "acl": null,
            "arn": "arn:aws:s3:::tf-teejay-source",
            "bucket": "tf-teejay-source",
            "bucket_domain_name": "tf-teejay-source.s3.amazonaws.com",
            "bucket_prefix": "",
            "bucket_regional_domain_name": "tf-teejay-source.s3.us-east-1.amazonaws.com",
            "cors_rule": [],
            "force_destroy": true,
            "grant": [
              {
                "id": "f3d43588e8b26323d0e5d5c12ae1b670911db432721f52cf24c15892a213a097",
                "permissions": [
                  "FULL_CONTROL"
                ],
                "type": "CanonicalUser",
                "uri": ""
              }
            ],
            "hosted_zone_id": "Z3AQBSTGFYJSTF",
            "id": "tf-teejay-source",
            "lifecycle_rule": [],
            "logging": [],
            "object_lock_configuration": [],
            "object_lock_enabled": false,
            "policy": "",
            "region": "us-east-1",
            "replication_configuration": [
              {
                "role": "arn:aws:iam::721636561061:role/Engineer",
                "rules": [
                  {
                    "delete_marker_replication_status": "",
                    "destination": [
                      {
                        "access_control_translation": [],
                        "account_id": "",
                        "bucket": "arn:aws:s3:::tf-teejay-dest",
                        "metrics": [],
                        "replica_kms_key_id": "",
                        "replication_time": [],
                        "storage_class": ""
                      }
                    ],
                    "filter": [
                      {
                        "prefix": "",
                        "tags": {}
                      }
                    ],
                    "id": "rule-1",
                    "prefix": "",
                    "priority": 10,
                    "source_selection_criteria": [],
                    "status": "Enabled"
                  }
                ]
              }
            ],
            "request_payer": "BucketOwner",
            "server_side_encryption_configuration": [
              {
                "rule": [
                  {
                    "apply_server_side_encryption_by_default": [
                      {
                        "kms_master_key_id": "",
                        "sse_algorithm": "AES256"
                      }
                    ],
                    "bucket_key_enabled": false
                  }
                ]
              }
            ],
            "tags": {
              "Environment": "Dev",
              "Name": "TF Source Bucket"
            },
            "tags_all": {
              "Environment": "Dev",
              "Name": "TF Source Bucket"
            },
            "timeouts": null,
            "versioning": [
              {
                "enabled": true,
                "mfa_delete": false
              }
            ],
            "website": [],
            "website_domain": null,
            "website_endpoint": null
          },
          "sensitive_attributes": [],
          "private": "eyJlMmJmYjczMC1lY2FhLTExZTYtOGY4OC0zNDM2M2JjN2M0YzAiOnsiY3JlYXRlIjoxMjAwMDAwMDAwMDAwLCJkZWxldGUiOjM2MDAwMDAwMDAwMDAsInJlYWQiOjEyMDAwMDAwMDAwMDAsInVwZGF0ZSI6MTIwMDAwMDAwMDAwMH19"
        }
      ]
    },
    {
      "mode": "managed",
      "type": "aws_s3_bucket_replication_configuration",
      "name": "s3_replication_rule",
      "provider": "provider[\"registry.terraform.io/hashicorp/aws\"]",
      "instances": [
        {
          "schema_version": 0,
          "attributes": {
            "bucket": "tf-teejay-source",
            "id": "tf-teejay-source",
            "role": "arn:aws:iam::721636561061:role/Engineer",
            "rule": [
              {
                "delete_marker_replication": [
                  {
                    "status": "Disabled"
                  }
                ],
                "destination": [
                  {
                    "access_control_translation": [],
                    "account": "",
                    "bucket": "arn:aws:s3:::tf-teejay-dest",
                    "encryption_configuration": [],
                    "metrics": [],
                    "replication_time": [],
                    "storage_class": ""
                  }
                ],
                "existing_object_replication": [],
                "filter": [
                  {
                    "and": [],
                    "prefix": "",
                    "tag": []
                  }
                ],
                "id": "rule-1",
                "prefix": "",
                "priority": 10,
                "source_selection_criteria": [],
                "status": "Enabled"
              }
            ],
            "token": null
          },
          "sensitive_attributes": [],
          "private": "bnVsbA==",
          "dependencies": [
            "aws_s3_bucket.source_bucket",
            "data.terraform_remote_state.management"
          ]
        }
      ]
    },
    {
      "mode": "managed",
      "type": "aws_s3_bucket_versioning",
      "name": "versioning_example",
      "provider": "provider[\"registry.terraform.io/hashicorp/aws\"]",
      "instances": [
        {
          "schema_version": 0,
          "attributes": {
            "bucket": "tf-teejay-source",
            "expected_bucket_owner": "",
            "id": "tf-teejay-source",
            "mfa": null,
            "versioning_configuration": [
              {
                "mfa_delete": "",
                "status": "Enabled"
              }
            ]
          },
          "sensitive_attributes": [],
          "private": "bnVsbA==",
          "dependencies": [
            "aws_s3_bucket.source_bucket"
          ]
        }
      ]
    },
    {
      "mode": "managed",
      "type": "aws_s3_object",
      "name": "s3_file",
      "provider": "provider[\"registry.terraform.io/hashicorp/aws\"]",
      "instances": [
        {
          "schema_version": 0,
          "attributes": {
            "acl": null,
            "arn": "arn:aws:s3:::tf-teejay-source/index.html",
            "bucket": "tf-teejay-source",
            "bucket_key_enabled": false,
            "cache_control": "",
            "checksum_algorithm": null,
            "checksum_crc32": "",
            "checksum_crc32c": "",
            "checksum_sha1": "",
            "checksum_sha256": "",
            "content": null,
            "content_base64": null,
            "content_disposition": "",
            "content_encoding": "",
            "content_language": "",
            "content_type": "application/octet-stream",
            "etag": "af3a74810faabd099da509e9959a8763",
            "force_destroy": false,
            "id": "index.html",
            "key": "index.html",
            "kms_key_id": null,
            "metadata": null,
            "object_lock_legal_hold_status": "",
            "object_lock_mode": "",
            "object_lock_retain_until_date": "",
            "override_provider": [],
            "server_side_encryption": "AES256",
            "source": "../../s3_static_files/index.html",
            "source_hash": null,
            "storage_class": "STANDARD",
            "tags": null,
            "tags_all": {},
            "version_id": "3eBzO1kNb5NYBerewHEzRxIIcRZqCw0g",
            "website_redirect": ""
          },
          "sensitive_attributes": [],
          "private": "bnVsbA==",
          "dependencies": [
            "aws_s3_bucket.source_bucket"
          ]
        }
      ]
    }
  ],
  "check_results": null
}
